// !$*UTF8*$!
{
	archiveVersion = 1;
	classes = {
	};
	objectVersion = 46;
	objects = {

/* Begin PBXBuildFile section */
		031AFF2A1314187F000D11C2 /* raster_3.png in Resources */ = {isa = PBXBuildFile; fileRef = 031AFF291314187F000D11C2 /* raster_3.png */; };
		031AFF2D131418DE000D11C2 /* raster_4.png in Resources */ = {isa = PBXBuildFile; fileRef = 031AFF2C131418DE000D11C2 /* raster_4.png */; };
		031AFF2F13141DAF000D11C2 /* rahmen.png in Resources */ = {isa = PBXBuildFile; fileRef = 031AFF2E13141DAF000D11C2 /* rahmen.png */; };
		031AFF3113141DE9000D11C2 /* lower.png in Resources */ = {isa = PBXBuildFile; fileRef = 031AFF3013141DE9000D11C2 /* lower.png */; };
		031AFF3313141E69000D11C2 /* upper.png in Resources */ = {isa = PBXBuildFile; fileRef = 031AFF3213141E69000D11C2 /* upper.png */; };
		0331C08B1313F0A7006937CA /* psycho_bg_system.cpp in Sources */ = {isa = PBXBuildFile; fileRef = 0331C0891313F0A7006937CA /* psycho_bg_system.cpp */; };
		0331C0951313FC31006937CA /* background.png in Resources */ = {isa = PBXBuildFile; fileRef = 0331C0941313FC31006937CA /* background.png */; };
		0331C0971313FC76006937CA /* sunburst_1.png in Resources */ = {isa = PBXBuildFile; fileRef = 0331C0961313FC76006937CA /* sunburst_1.png */; };
		0331C0991313FCEB006937CA /* sunburst_2.png in Resources */ = {isa = PBXBuildFile; fileRef = 0331C0981313FCEB006937CA /* sunburst_2.png */; };
		0331C09B1313FD89006937CA /* background_noraster.png in Resources */ = {isa = PBXBuildFile; fileRef = 0331C09A1313FD89006937CA /* background_noraster.png */; };
		0331C09E1313FDE5006937CA /* raster_1.png in Resources */ = {isa = PBXBuildFile; fileRef = 0331C09C1313FDE5006937CA /* raster_1.png */; };
		0331C09F1313FDE5006937CA /* raster_2.png in Resources */ = {isa = PBXBuildFile; fileRef = 0331C09D1313FDE5006937CA /* raster_2.png */; };
		03440B6F130E76D20097D9DA /* UIKit.framework in Frameworks */ = {isa = PBXBuildFile; fileRef = 03440B6E130E76D20097D9DA /* UIKit.framework */; };
		03440B71130E76D20097D9DA /* Foundation.framework in Frameworks */ = {isa = PBXBuildFile; fileRef = 03440B70130E76D20097D9DA /* Foundation.framework */; };
		03440B73130E76D20097D9DA /* CoreGraphics.framework in Frameworks */ = {isa = PBXBuildFile; fileRef = 03440B72130E76D20097D9DA /* CoreGraphics.framework */; };
		03440B75130E76D20097D9DA /* QuartzCore.framework in Frameworks */ = {isa = PBXBuildFile; fileRef = 03440B74130E76D20097D9DA /* QuartzCore.framework */; };
		03440B77130E76D20097D9DA /* OpenGLES.framework in Frameworks */ = {isa = PBXBuildFile; fileRef = 03440B76130E76D20097D9DA /* OpenGLES.framework */; };
		03440B80130E76D20097D9DA /* main.m in Sources */ = {isa = PBXBuildFile; fileRef = 03440B7F130E76D20097D9DA /* main.m */; };
		03440B83130E76D20097D9DA /* hellstormAppDelegate.mm in Sources */ = {isa = PBXBuildFile; fileRef = 03440B82130E76D20097D9DA /* hellstormAppDelegate.mm */; };
		03440B8D130E76D20097D9DA /* EAGLView.mm in Sources */ = {isa = PBXBuildFile; fileRef = 03440B8C130E76D20097D9DA /* EAGLView.mm */; };
		03440B90130E76D20097D9DA /* hellstormViewController.mm in Sources */ = {isa = PBXBuildFile; fileRef = 03440B8F130E76D20097D9DA /* hellstormViewController.mm */; };
		03440C10130EB6860097D9DA /* libz.dylib in Frameworks */ = {isa = PBXBuildFile; fileRef = 03440C0F130EB6810097D9DA /* libz.dylib */; };
		034609C8130FEC9B0086DFDD /* AVFoundation.framework in Frameworks */ = {isa = PBXBuildFile; fileRef = 034609C7130FEC980086DFDD /* AVFoundation.framework */; };
		034609CA130FECA50086DFDD /* OpenAL.framework in Frameworks */ = {isa = PBXBuildFile; fileRef = 034609C9130FECA20086DFDD /* OpenAL.framework */; };
		034609CC130FECAD0086DFDD /* AudioToolbox.framework in Frameworks */ = {isa = PBXBuildFile; fileRef = 034609CB130FECAA0086DFDD /* AudioToolbox.framework */; };
		0372A7AF131446E400D1A840 /* game_factory.cpp in Sources */ = {isa = PBXBuildFile; fileRef = 0372A7AD131446E400D1A840 /* game_factory.cpp */; };
		0374E1C61313E1ED00BD1FDA /* hellstormViewController.xib in Resources */ = {isa = PBXBuildFile; fileRef = 0374E1C01313E1ED00BD1FDA /* hellstormViewController.xib */; };
		0374E1C71313E1ED00BD1FDA /* InfoPlist.strings in Resources */ = {isa = PBXBuildFile; fileRef = 0374E1C21313E1ED00BD1FDA /* InfoPlist.strings */; };
		0374E1C81313E1ED00BD1FDA /* MainWindow.xib in Resources */ = {isa = PBXBuildFile; fileRef = 0374E1C41313E1ED00BD1FDA /* MainWindow.xib */; };
		0374E1D71313E1FE00BD1FDA /* click.mp3 in Resources */ = {isa = PBXBuildFile; fileRef = 0374E1CB1313E1FE00BD1FDA /* click.mp3 */; };
		0374E1D81313E1FE00BD1FDA /* clocks.png in Resources */ = {isa = PBXBuildFile; fileRef = 0374E1CC1313E1FE00BD1FDA /* clocks.png */; };
		0374E1D91313E1FE00BD1FDA /* cool.pex in Resources */ = {isa = PBXBuildFile; fileRef = 0374E1CD1313E1FE00BD1FDA /* cool.pex */; };
		0374E1DA1313E1FE00BD1FDA /* hellstorm.cfg in Resources */ = {isa = PBXBuildFile; fileRef = 0374E1CE1313E1FE00BD1FDA /* hellstorm.cfg */; };
		0374E1DB1313E1FE00BD1FDA /* impact20.fnt in Resources */ = {isa = PBXBuildFile; fileRef = 0374E1CF1313E1FE00BD1FDA /* impact20.fnt */; };
		0374E1DC1313E1FE00BD1FDA /* impact20_0.png in Resources */ = {isa = PBXBuildFile; fileRef = 0374E1D01313E1FE00BD1FDA /* impact20_0.png */; };
		0374E1DD1313E1FE00BD1FDA /* music.mp3 in Resources */ = {isa = PBXBuildFile; fileRef = 0374E1D11313E1FE00BD1FDA /* music.mp3 */; };
		0374E1DE1313E1FE00BD1FDA /* stars.pex in Resources */ = {isa = PBXBuildFile; fileRef = 0374E1D21313E1FE00BD1FDA /* stars.pex */; };
		0374E1DF1313E1FE00BD1FDA /* tss.pex in Resources */ = {isa = PBXBuildFile; fileRef = 0374E1D31313E1FE00BD1FDA /* tss.pex */; };
		0374E1E01313E1FE00BD1FDA /* menu_scene.cpp in Sources */ = {isa = PBXBuildFile; fileRef = 0374E1D51313E1FE00BD1FDA /* menu_scene.cpp */; };
		03BAA4501313E7E100AAA735 /* audio_system.mm in Sources */ = {isa = PBXBuildFile; fileRef = 03BAA3DE1313E7E100AAA735 /* audio_system.mm */; };
		03BAA4511313E7E100AAA735 /* CDAudioManager.m in Sources */ = {isa = PBXBuildFile; fileRef = 03BAA3E21313E7E100AAA735 /* CDAudioManager.m */; };
		03BAA4521313E7E100AAA735 /* CDOpenALSupport.m in Sources */ = {isa = PBXBuildFile; fileRef = 03BAA3E51313E7E100AAA735 /* CDOpenALSupport.m */; };
		03BAA4531313E7E100AAA735 /* CocosDenshion.m in Sources */ = {isa = PBXBuildFile; fileRef = 03BAA3E71313E7E100AAA735 /* CocosDenshion.m */; };
		03BAA4541313E7E100AAA735 /* SimpleAudioEngine.m in Sources */ = {isa = PBXBuildFile; fileRef = 03BAA3E91313E7E100AAA735 /* SimpleAudioEngine.m */; };
		03BAA4551313E7E100AAA735 /* components.cpp in Sources */ = {isa = PBXBuildFile; fileRef = 03BAA3EC1313E7E100AAA735 /* components.cpp */; };
		03BAA4561313E7E100AAA735 /* entity_manager.cpp in Sources */ = {isa = PBXBuildFile; fileRef = 03BAA3EF1313E7E100AAA735 /* entity_manager.cpp */; };
		03BAA4571313E7E100AAA735 /* sprite_factory.cpp in Sources */ = {isa = PBXBuildFile; fileRef = 03BAA3F21313E7E100AAA735 /* sprite_factory.cpp */; };
		03BAA4581313E7E100AAA735 /* action_system.cpp in Sources */ = {isa = PBXBuildFile; fileRef = 03BAA3F61313E7E100AAA735 /* action_system.cpp */; };
		03BAA4591313E7E100AAA735 /* actions.cpp in Sources */ = {isa = PBXBuildFile; fileRef = 03BAA3F81313E7E100AAA735 /* actions.cpp */; };
		03BAA45A1313E7E100AAA735 /* animation_system.cpp in Sources */ = {isa = PBXBuildFile; fileRef = 03BAA3FB1313E7E100AAA735 /* animation_system.cpp */; };
		03BAA45B1313E7E100AAA735 /* corpse_retrieval_system.cpp in Sources */ = {isa = PBXBuildFile; fileRef = 03BAA3FE1313E7E100AAA735 /* corpse_retrieval_system.cpp */; };
		03BAA45C1313E7E100AAA735 /* particle_system.cpp in Sources */ = {isa = PBXBuildFile; fileRef = 03BAA4011313E7E100AAA735 /* particle_system.cpp */; };
		03BAA45D1313E7E100AAA735 /* render_system.cpp in Sources */ = {isa = PBXBuildFile; fileRef = 03BAA4041313E7E100AAA735 /* render_system.cpp */; };
		03BAA45E1313E7E100AAA735 /* game.cpp in Sources */ = {isa = PBXBuildFile; fileRef = 03BAA4071313E7E100AAA735 /* game.cpp */; };
		03BAA45F1313E7E100AAA735 /* scene.cpp in Sources */ = {isa = PBXBuildFile; fileRef = 03BAA4091313E7E100AAA735 /* scene.cpp */; };
		03BAA4601313E7E100AAA735 /* bm_font.c in Sources */ = {isa = PBXBuildFile; fileRef = 03BAA40D1313E7E100AAA735 /* bm_font.c */; };
		03BAA4611313E7E100AAA735 /* OBJCTexture2D.mm in Sources */ = {isa = PBXBuildFile; fileRef = 03BAA4121313E7E100AAA735 /* OBJCTexture2D.mm */; };
		03BAA4621313E7E100AAA735 /* ParticleEmitter.mm in Sources */ = {isa = PBXBuildFile; fileRef = 03BAA4141313E7E100AAA735 /* ParticleEmitter.mm */; };
		03BAA4631313E7E100AAA735 /* NSDataAdditions.m in Sources */ = {isa = PBXBuildFile; fileRef = 03BAA4181313E7E100AAA735 /* NSDataAdditions.m */; };
		03BAA4641313E7E100AAA735 /* TBXML.m in Sources */ = {isa = PBXBuildFile; fileRef = 03BAA41A1313E7E100AAA735 /* TBXML.m */; };
		03BAA4651313E7E100AAA735 /* TBXMLParticleAdditions.m in Sources */ = {isa = PBXBuildFile; fileRef = 03BAA41C1313E7E100AAA735 /* TBXMLParticleAdditions.m */; };
		03BAA4661313E7E100AAA735 /* WHATS_THIS in Resources */ = {isa = PBXBuildFile; fileRef = 03BAA41D1313E7E100AAA735 /* WHATS_THIS */; };
		03BAA4671313E7E100AAA735 /* image_DXT.cpp in Sources */ = {isa = PBXBuildFile; fileRef = 03BAA41F1313E7E100AAA735 /* image_DXT.cpp */; };
		03BAA4681313E7E100AAA735 /* image_helper.cpp in Sources */ = {isa = PBXBuildFile; fileRef = 03BAA4211313E7E100AAA735 /* image_helper.cpp */; };
		03BAA4691313E7E100AAA735 /* SOIL.cpp in Sources */ = {isa = PBXBuildFile; fileRef = 03BAA4231313E7E100AAA735 /* SOIL.cpp */; };
		03BAA46A1313E7E100AAA735 /* stb_image_aug.cpp in Sources */ = {isa = PBXBuildFile; fileRef = 03BAA4251313E7E100AAA735 /* stb_image_aug.cpp */; };
		03BAA46B1313E7E100AAA735 /* renderable_manager.cpp in Sources */ = {isa = PBXBuildFile; fileRef = 03BAA42B1313E7E100AAA735 /* renderable_manager.cpp */; };
		03BAA46C1313E7E100AAA735 /* texture_manager.cpp in Sources */ = {isa = PBXBuildFile; fileRef = 03BAA42D1313E7E100AAA735 /* texture_manager.cpp */; };
		03BAA46D1313E7E100AAA735 /* atlas_quad.cpp in Sources */ = {isa = PBXBuildFile; fileRef = 03BAA4301313E7E100AAA735 /* atlas_quad.cpp */; };
		03BAA46E1313E7E100AAA735 /* bitmap_font.cpp in Sources */ = {isa = PBXBuildFile; fileRef = 03BAA4321313E7E100AAA735 /* bitmap_font.cpp */; };
		03BAA46F1313E7E100AAA735 /* particle_emitter.mm in Sources */ = {isa = PBXBuildFile; fileRef = 03BAA4351313E7E100AAA735 /* particle_emitter.mm */; };
		03BAA4701313E7E100AAA735 /* quad.cpp in Sources */ = {isa = PBXBuildFile; fileRef = 03BAA4361313E7E100AAA735 /* quad.cpp */; };
		03BAA4711313E7E100AAA735 /* renderable.cpp in Sources */ = {isa = PBXBuildFile; fileRef = 03BAA4381313E7E100AAA735 /* renderable.cpp */; };
		03BAA4721313E7E100AAA735 /* renderer.cpp in Sources */ = {isa = PBXBuildFile; fileRef = 03BAA43A1313E7E100AAA735 /* renderer.cpp */; };
		03BAA4731313E7E100AAA735 /* texture_2d.cpp in Sources */ = {isa = PBXBuildFile; fileRef = 03BAA43C1313E7E100AAA735 /* texture_2d.cpp */; };
		03BAA4741313E7E100AAA735 /* hs_wrapper.cpp in Sources */ = {isa = PBXBuildFile; fileRef = 03BAA4401313E7E100AAA735 /* hs_wrapper.cpp */; };
		03BAA4751313E7E100AAA735 /* input_device.cpp in Sources */ = {isa = PBXBuildFile; fileRef = 03BAA4431313E7E100AAA735 /* input_device.cpp */; };
		03BAA4761313E7E100AAA735 /* ConfigFile.cpp in Sources */ = {isa = PBXBuildFile; fileRef = 03BAA4461313E7E100AAA735 /* ConfigFile.cpp */; };
		03BAA4771313E7E100AAA735 /* file_util.mm in Sources */ = {isa = PBXBuildFile; fileRef = 03BAA4491313E7E100AAA735 /* file_util.mm */; };
		03BAA4781313E7E100AAA735 /* hellstorm_config.cpp in Sources */ = {isa = PBXBuildFile; fileRef = 03BAA44A1313E7E100AAA735 /* hellstorm_config.cpp */; };
		03BAA4791313E7E100AAA735 /* timer.cpp in Sources */ = {isa = PBXBuildFile; fileRef = 03BAA44C1313E7E100AAA735 /* timer.cpp */; };
		03BAA47A1313E7E100AAA735 /* vec_2d.cpp in Sources */ = {isa = PBXBuildFile; fileRef = 03BAA44E1313E7E100AAA735 /* vec_2d.cpp */; };
/* End PBXBuildFile section */

/* Begin PBXFileReference section */
		031AFF291314187F000D11C2 /* raster_3.png */ = {isa = PBXFileReference; lastKnownFileType = image.png; path = raster_3.png; sourceTree = "<group>"; };
		031AFF2C131418DE000D11C2 /* raster_4.png */ = {isa = PBXFileReference; lastKnownFileType = image.png; path = raster_4.png; sourceTree = "<group>"; };
		031AFF2E13141DAF000D11C2 /* rahmen.png */ = {isa = PBXFileReference; lastKnownFileType = image.png; path = rahmen.png; sourceTree = "<group>"; };
		031AFF3013141DE9000D11C2 /* lower.png */ = {isa = PBXFileReference; lastKnownFileType = image.png; path = lower.png; sourceTree = "<group>"; };
		031AFF3213141E69000D11C2 /* upper.png */ = {isa = PBXFileReference; lastKnownFileType = image.png; path = upper.png; sourceTree = "<group>"; };
		0331C0891313F0A7006937CA /* psycho_bg_system.cpp */ = {isa = PBXFileReference; fileEncoding = 4; lastKnownFileType = sourcecode.cpp.cpp; path = psycho_bg_system.cpp; sourceTree = "<group>"; };
		0331C08A1313F0A7006937CA /* psycho_bg_system.h */ = {isa = PBXFileReference; fileEncoding = 4; lastKnownFileType = sourcecode.c.h; path = psycho_bg_system.h; sourceTree = "<group>"; };
		0331C0941313FC31006937CA /* background.png */ = {isa = PBXFileReference; lastKnownFileType = image.png; path = background.png; sourceTree = "<group>"; };
		0331C0961313FC76006937CA /* sunburst_1.png */ = {isa = PBXFileReference; lastKnownFileType = image.png; path = sunburst_1.png; sourceTree = "<group>"; };
		0331C0981313FCEB006937CA /* sunburst_2.png */ = {isa = PBXFileReference; lastKnownFileType = image.png; path = sunburst_2.png; sourceTree = "<group>"; };
		0331C09A1313FD89006937CA /* background_noraster.png */ = {isa = PBXFileReference; lastKnownFileType = image.png; path = background_noraster.png; sourceTree = "<group>"; };
		0331C09C1313FDE5006937CA /* raster_1.png */ = {isa = PBXFileReference; lastKnownFileType = image.png; path = raster_1.png; sourceTree = "<group>"; };
		0331C09D1313FDE5006937CA /* raster_2.png */ = {isa = PBXFileReference; lastKnownFileType = image.png; path = raster_2.png; sourceTree = "<group>"; };
		03440B6A130E76D20097D9DA /* hellstorm.app */ = {isa = PBXFileReference; explicitFileType = wrapper.application; includeInIndex = 0; path = hellstorm.app; sourceTree = BUILT_PRODUCTS_DIR; };
		03440B6E130E76D20097D9DA /* UIKit.framework */ = {isa = PBXFileReference; lastKnownFileType = wrapper.framework; name = UIKit.framework; path = System/Library/Frameworks/UIKit.framework; sourceTree = SDKROOT; };
		03440B70130E76D20097D9DA /* Foundation.framework */ = {isa = PBXFileReference; lastKnownFileType = wrapper.framework; name = Foundation.framework; path = System/Library/Frameworks/Foundation.framework; sourceTree = SDKROOT; };
		03440B72130E76D20097D9DA /* CoreGraphics.framework */ = {isa = PBXFileReference; lastKnownFileType = wrapper.framework; name = CoreGraphics.framework; path = System/Library/Frameworks/CoreGraphics.framework; sourceTree = SDKROOT; };
		03440B74130E76D20097D9DA /* QuartzCore.framework */ = {isa = PBXFileReference; lastKnownFileType = wrapper.framework; name = QuartzCore.framework; path = System/Library/Frameworks/QuartzCore.framework; sourceTree = SDKROOT; };
		03440B76130E76D20097D9DA /* OpenGLES.framework */ = {isa = PBXFileReference; lastKnownFileType = wrapper.framework; name = OpenGLES.framework; path = System/Library/Frameworks/OpenGLES.framework; sourceTree = SDKROOT; };
		03440B7A130E76D20097D9DA /* hellstorm-Info.plist */ = {isa = PBXFileReference; lastKnownFileType = text.plist.xml; path = "hellstorm-Info.plist"; sourceTree = "<group>"; };
		03440B7E130E76D20097D9DA /* hellstorm-Prefix.pch */ = {isa = PBXFileReference; lastKnownFileType = sourcecode.c.h; path = "hellstorm-Prefix.pch"; sourceTree = "<group>"; };
		03440B7F130E76D20097D9DA /* main.m */ = {isa = PBXFileReference; lastKnownFileType = sourcecode.c.objc; path = main.m; sourceTree = "<group>"; };
		03440B81130E76D20097D9DA /* hellstormAppDelegate.h */ = {isa = PBXFileReference; lastKnownFileType = sourcecode.c.h; path = hellstormAppDelegate.h; sourceTree = "<group>"; };
		03440B82130E76D20097D9DA /* hellstormAppDelegate.mm */ = {isa = PBXFileReference; lastKnownFileType = sourcecode.cpp.objcpp; path = hellstormAppDelegate.mm; sourceTree = "<group>"; };
		03440B8B130E76D20097D9DA /* EAGLView.h */ = {isa = PBXFileReference; lastKnownFileType = sourcecode.c.h; path = EAGLView.h; sourceTree = "<group>"; };
		03440B8C130E76D20097D9DA /* EAGLView.mm */ = {isa = PBXFileReference; lastKnownFileType = sourcecode.cpp.objcpp; path = EAGLView.mm; sourceTree = "<group>"; };
		03440B8E130E76D20097D9DA /* hellstormViewController.h */ = {isa = PBXFileReference; lastKnownFileType = sourcecode.c.h; path = hellstormViewController.h; sourceTree = "<group>"; };
		03440B8F130E76D20097D9DA /* hellstormViewController.mm */ = {isa = PBXFileReference; lastKnownFileType = sourcecode.cpp.objcpp; path = hellstormViewController.mm; sourceTree = "<group>"; };
		03440C0F130EB6810097D9DA /* libz.dylib */ = {isa = PBXFileReference; lastKnownFileType = "compiled.mach-o.dylib"; name = libz.dylib; path = usr/lib/libz.dylib; sourceTree = SDKROOT; };
		034609C7130FEC980086DFDD /* AVFoundation.framework */ = {isa = PBXFileReference; lastKnownFileType = wrapper.framework; name = AVFoundation.framework; path = System/Library/Frameworks/AVFoundation.framework; sourceTree = SDKROOT; };
		034609C9130FECA20086DFDD /* OpenAL.framework */ = {isa = PBXFileReference; lastKnownFileType = wrapper.framework; name = OpenAL.framework; path = System/Library/Frameworks/OpenAL.framework; sourceTree = SDKROOT; };
		034609CB130FECAA0086DFDD /* AudioToolbox.framework */ = {isa = PBXFileReference; lastKnownFileType = wrapper.framework; name = AudioToolbox.framework; path = System/Library/Frameworks/AudioToolbox.framework; sourceTree = SDKROOT; };
		0372A7AD131446E400D1A840 /* game_factory.cpp */ = {isa = PBXFileReference; fileEncoding = 4; lastKnownFileType = sourcecode.cpp.cpp; path = game_factory.cpp; sourceTree = "<group>"; };
		0372A7AE131446E400D1A840 /* game_factory.h */ = {isa = PBXFileReference; fileEncoding = 4; lastKnownFileType = sourcecode.c.h; path = game_factory.h; sourceTree = "<group>"; };
		0374E1C11313E1ED00BD1FDA /* en */ = {isa = PBXFileReference; lastKnownFileType = file.xib; name = en; path = en.lproj/hellstormViewController.xib; sourceTree = "<group>"; };
		0374E1C31313E1ED00BD1FDA /* en */ = {isa = PBXFileReference; lastKnownFileType = text.plist.strings; name = en; path = en.lproj/InfoPlist.strings; sourceTree = "<group>"; };
		0374E1C51313E1ED00BD1FDA /* en */ = {isa = PBXFileReference; lastKnownFileType = file.xib; name = en; path = en.lproj/MainWindow.xib; sourceTree = "<group>"; };
		0374E1CB1313E1FE00BD1FDA /* click.mp3 */ = {isa = PBXFileReference; lastKnownFileType = audio.mp3; path = click.mp3; sourceTree = "<group>"; };
		0374E1CC1313E1FE00BD1FDA /* clocks.png */ = {isa = PBXFileReference; lastKnownFileType = image.png; path = clocks.png; sourceTree = "<group>"; };
		0374E1CD1313E1FE00BD1FDA /* cool.pex */ = {isa = PBXFileReference; fileEncoding = 4; lastKnownFileType = text; path = cool.pex; sourceTree = "<group>"; };
		0374E1CE1313E1FE00BD1FDA /* hellstorm.cfg */ = {isa = PBXFileReference; fileEncoding = 4; lastKnownFileType = text; path = hellstorm.cfg; sourceTree = "<group>"; };
		0374E1CF1313E1FE00BD1FDA /* impact20.fnt */ = {isa = PBXFileReference; fileEncoding = 4; lastKnownFileType = text; path = impact20.fnt; sourceTree = "<group>"; };
		0374E1D01313E1FE00BD1FDA /* impact20_0.png */ = {isa = PBXFileReference; lastKnownFileType = image.png; path = impact20_0.png; sourceTree = "<group>"; };
		0374E1D11313E1FE00BD1FDA /* music.mp3 */ = {isa = PBXFileReference; lastKnownFileType = audio.mp3; path = music.mp3; sourceTree = "<group>"; };
		0374E1D21313E1FE00BD1FDA /* stars.pex */ = {isa = PBXFileReference; fileEncoding = 4; lastKnownFileType = text; path = stars.pex; sourceTree = "<group>"; };
		0374E1D31313E1FE00BD1FDA /* tss.pex */ = {isa = PBXFileReference; fileEncoding = 4; lastKnownFileType = text; path = tss.pex; sourceTree = "<group>"; };
		0374E1D51313E1FE00BD1FDA /* menu_scene.cpp */ = {isa = PBXFileReference; fileEncoding = 4; lastKnownFileType = sourcecode.cpp.cpp; path = menu_scene.cpp; sourceTree = "<group>"; };
		0374E1D61313E1FE00BD1FDA /* menu_scene.h */ = {isa = PBXFileReference; fileEncoding = 4; lastKnownFileType = sourcecode.c.h; path = menu_scene.h; sourceTree = "<group>"; };
		03BAA3DD1313E7E100AAA735 /* audio_system.h */ = {isa = PBXFileReference; fileEncoding = 4; lastKnownFileType = sourcecode.c.h; path = audio_system.h; sourceTree = "<group>"; };
		03BAA3DE1313E7E100AAA735 /* audio_system.mm */ = {isa = PBXFileReference; fileEncoding = 4; lastKnownFileType = sourcecode.cpp.objcpp; path = audio_system.mm; sourceTree = "<group>"; };
		03BAA3E11313E7E100AAA735 /* CDAudioManager.h */ = {isa = PBXFileReference; fileEncoding = 4; lastKnownFileType = sourcecode.c.h; path = CDAudioManager.h; sourceTree = "<group>"; };
		03BAA3E21313E7E100AAA735 /* CDAudioManager.m */ = {isa = PBXFileReference; fileEncoding = 4; lastKnownFileType = sourcecode.c.objc; path = CDAudioManager.m; sourceTree = "<group>"; };
		03BAA3E31313E7E100AAA735 /* CDConfig.h */ = {isa = PBXFileReference; fileEncoding = 4; lastKnownFileType = sourcecode.c.h; path = CDConfig.h; sourceTree = "<group>"; };
		03BAA3E41313E7E100AAA735 /* CDOpenALSupport.h */ = {isa = PBXFileReference; fileEncoding = 4; lastKnownFileType = sourcecode.c.h; path = CDOpenALSupport.h; sourceTree = "<group>"; };
		03BAA3E51313E7E100AAA735 /* CDOpenALSupport.m */ = {isa = PBXFileReference; fileEncoding = 4; lastKnownFileType = sourcecode.c.objc; path = CDOpenALSupport.m; sourceTree = "<group>"; };
		03BAA3E61313E7E100AAA735 /* CocosDenshion.h */ = {isa = PBXFileReference; fileEncoding = 4; lastKnownFileType = sourcecode.c.h; path = CocosDenshion.h; sourceTree = "<group>"; };
		03BAA3E71313E7E100AAA735 /* CocosDenshion.m */ = {isa = PBXFileReference; fileEncoding = 4; lastKnownFileType = sourcecode.c.objc; path = CocosDenshion.m; sourceTree = "<group>"; };
		03BAA3E81313E7E100AAA735 /* SimpleAudioEngine.h */ = {isa = PBXFileReference; fileEncoding = 4; lastKnownFileType = sourcecode.c.h; path = SimpleAudioEngine.h; sourceTree = "<group>"; };
		03BAA3E91313E7E100AAA735 /* SimpleAudioEngine.m */ = {isa = PBXFileReference; fileEncoding = 4; lastKnownFileType = sourcecode.c.objc; path = SimpleAudioEngine.m; sourceTree = "<group>"; };
		03BAA3EC1313E7E100AAA735 /* components.cpp */ = {isa = PBXFileReference; fileEncoding = 4; lastKnownFileType = sourcecode.cpp.cpp; path = components.cpp; sourceTree = "<group>"; };
		03BAA3ED1313E7E100AAA735 /* components.h */ = {isa = PBXFileReference; fileEncoding = 4; lastKnownFileType = sourcecode.c.h; path = components.h; sourceTree = "<group>"; };
		03BAA3EF1313E7E100AAA735 /* entity_manager.cpp */ = {isa = PBXFileReference; fileEncoding = 4; lastKnownFileType = sourcecode.cpp.cpp; path = entity_manager.cpp; sourceTree = "<group>"; };
		03BAA3F01313E7E100AAA735 /* entity_manager.h */ = {isa = PBXFileReference; fileEncoding = 4; lastKnownFileType = sourcecode.c.h; path = entity_manager.h; sourceTree = "<group>"; };
		03BAA3F21313E7E100AAA735 /* sprite_factory.cpp */ = {isa = PBXFileReference; fileEncoding = 4; lastKnownFileType = sourcecode.cpp.cpp; path = sprite_factory.cpp; sourceTree = "<group>"; };
		03BAA3F31313E7E100AAA735 /* sprite_factory.h */ = {isa = PBXFileReference; fileEncoding = 4; lastKnownFileType = sourcecode.c.h; path = sprite_factory.h; sourceTree = "<group>"; };
		03BAA3F61313E7E100AAA735 /* action_system.cpp */ = {isa = PBXFileReference; fileEncoding = 4; lastKnownFileType = sourcecode.cpp.cpp; path = action_system.cpp; sourceTree = "<group>"; };
		03BAA3F71313E7E100AAA735 /* action_system.h */ = {isa = PBXFileReference; fileEncoding = 4; lastKnownFileType = sourcecode.c.h; path = action_system.h; sourceTree = "<group>"; };
		03BAA3F81313E7E100AAA735 /* actions.cpp */ = {isa = PBXFileReference; fileEncoding = 4; lastKnownFileType = sourcecode.cpp.cpp; path = actions.cpp; sourceTree = "<group>"; };
		03BAA3F91313E7E100AAA735 /* actions.h */ = {isa = PBXFileReference; fileEncoding = 4; lastKnownFileType = sourcecode.c.h; path = actions.h; sourceTree = "<group>"; };
		03BAA3FB1313E7E100AAA735 /* animation_system.cpp */ = {isa = PBXFileReference; fileEncoding = 4; lastKnownFileType = sourcecode.cpp.cpp; path = animation_system.cpp; sourceTree = "<group>"; };
		03BAA3FC1313E7E100AAA735 /* animation_system.h */ = {isa = PBXFileReference; fileEncoding = 4; lastKnownFileType = sourcecode.c.h; path = animation_system.h; sourceTree = "<group>"; };
		03BAA3FE1313E7E100AAA735 /* corpse_retrieval_system.cpp */ = {isa = PBXFileReference; fileEncoding = 4; lastKnownFileType = sourcecode.cpp.cpp; path = corpse_retrieval_system.cpp; sourceTree = "<group>"; };
		03BAA3FF1313E7E100AAA735 /* corpse_retrieval_system.h */ = {isa = PBXFileReference; fileEncoding = 4; lastKnownFileType = sourcecode.c.h; path = corpse_retrieval_system.h; sourceTree = "<group>"; };
		03BAA4011313E7E100AAA735 /* particle_system.cpp */ = {isa = PBXFileReference; fileEncoding = 4; lastKnownFileType = sourcecode.cpp.cpp; path = particle_system.cpp; sourceTree = "<group>"; };
		03BAA4021313E7E100AAA735 /* particle_system.h */ = {isa = PBXFileReference; fileEncoding = 4; lastKnownFileType = sourcecode.c.h; path = particle_system.h; sourceTree = "<group>"; };
		03BAA4041313E7E100AAA735 /* render_system.cpp */ = {isa = PBXFileReference; fileEncoding = 4; lastKnownFileType = sourcecode.cpp.cpp; path = render_system.cpp; sourceTree = "<group>"; };
		03BAA4051313E7E100AAA735 /* render_system.h */ = {isa = PBXFileReference; fileEncoding = 4; lastKnownFileType = sourcecode.c.h; path = render_system.h; sourceTree = "<group>"; };
		03BAA4071313E7E100AAA735 /* game.cpp */ = {isa = PBXFileReference; fileEncoding = 4; lastKnownFileType = sourcecode.cpp.cpp; path = game.cpp; sourceTree = "<group>"; };
		03BAA4081313E7E100AAA735 /* game.h */ = {isa = PBXFileReference; fileEncoding = 4; lastKnownFileType = sourcecode.c.h; path = game.h; sourceTree = "<group>"; };
		03BAA4091313E7E100AAA735 /* scene.cpp */ = {isa = PBXFileReference; fileEncoding = 4; lastKnownFileType = sourcecode.cpp.cpp; path = scene.cpp; sourceTree = "<group>"; };
		03BAA40A1313E7E100AAA735 /* scene.h */ = {isa = PBXFileReference; fileEncoding = 4; lastKnownFileType = sourcecode.c.h; path = scene.h; sourceTree = "<group>"; };
		03BAA40D1313E7E100AAA735 /* bm_font.c */ = {isa = PBXFileReference; fileEncoding = 4; lastKnownFileType = sourcecode.c.c; path = bm_font.c; sourceTree = "<group>"; };
		03BAA40E1313E7E100AAA735 /* bm_font.h */ = {isa = PBXFileReference; fileEncoding = 4; lastKnownFileType = sourcecode.c.h; path = bm_font.h; sourceTree = "<group>"; };
		03BAA4101313E7E100AAA735 /* Global.h */ = {isa = PBXFileReference; fileEncoding = 4; lastKnownFileType = sourcecode.c.h; path = Global.h; sourceTree = "<group>"; };
		03BAA4111313E7E100AAA735 /* OBJCTexture2D.h */ = {isa = PBXFileReference; fileEncoding = 4; lastKnownFileType = sourcecode.c.h; path = OBJCTexture2D.h; sourceTree = "<group>"; };
		03BAA4121313E7E100AAA735 /* OBJCTexture2D.mm */ = {isa = PBXFileReference; fileEncoding = 4; lastKnownFileType = sourcecode.cpp.objcpp; path = OBJCTexture2D.mm; sourceTree = "<group>"; };
		03BAA4131313E7E100AAA735 /* ParticleEmitter.h */ = {isa = PBXFileReference; fileEncoding = 4; lastKnownFileType = sourcecode.c.h; path = ParticleEmitter.h; sourceTree = "<group>"; };
		03BAA4141313E7E100AAA735 /* ParticleEmitter.mm */ = {isa = PBXFileReference; fileEncoding = 4; lastKnownFileType = sourcecode.cpp.objcpp; path = ParticleEmitter.mm; sourceTree = "<group>"; };
		03BAA4151313E7E100AAA735 /* Structures.h */ = {isa = PBXFileReference; fileEncoding = 4; lastKnownFileType = sourcecode.c.h; path = Structures.h; sourceTree = "<group>"; };
		03BAA4171313E7E100AAA735 /* NSDataAdditions.h */ = {isa = PBXFileReference; fileEncoding = 4; lastKnownFileType = sourcecode.c.h; path = NSDataAdditions.h; sourceTree = "<group>"; };
		03BAA4181313E7E100AAA735 /* NSDataAdditions.m */ = {isa = PBXFileReference; fileEncoding = 4; lastKnownFileType = sourcecode.c.objc; path = NSDataAdditions.m; sourceTree = "<group>"; };
		03BAA4191313E7E100AAA735 /* TBXML.h */ = {isa = PBXFileReference; fileEncoding = 4; lastKnownFileType = sourcecode.c.h; path = TBXML.h; sourceTree = "<group>"; };
		03BAA41A1313E7E100AAA735 /* TBXML.m */ = {isa = PBXFileReference; fileEncoding = 4; lastKnownFileType = sourcecode.c.objc; path = TBXML.m; sourceTree = "<group>"; };
		03BAA41B1313E7E100AAA735 /* TBXMLParticleAdditions.h */ = {isa = PBXFileReference; fileEncoding = 4; lastKnownFileType = sourcecode.c.h; path = TBXMLParticleAdditions.h; sourceTree = "<group>"; };
		03BAA41C1313E7E100AAA735 /* TBXMLParticleAdditions.m */ = {isa = PBXFileReference; fileEncoding = 4; lastKnownFileType = sourcecode.c.objc; path = TBXMLParticleAdditions.m; sourceTree = "<group>"; };
		03BAA41D1313E7E100AAA735 /* WHATS_THIS */ = {isa = PBXFileReference; fileEncoding = 4; lastKnownFileType = text; path = WHATS_THIS; sourceTree = "<group>"; };
		03BAA41F1313E7E100AAA735 /* image_DXT.cpp */ = {isa = PBXFileReference; fileEncoding = 4; lastKnownFileType = sourcecode.cpp.cpp; path = image_DXT.cpp; sourceTree = "<group>"; };
		03BAA4201313E7E100AAA735 /* image_DXT.h */ = {isa = PBXFileReference; fileEncoding = 4; lastKnownFileType = sourcecode.c.h; path = image_DXT.h; sourceTree = "<group>"; };
		03BAA4211313E7E100AAA735 /* image_helper.cpp */ = {isa = PBXFileReference; fileEncoding = 4; lastKnownFileType = sourcecode.cpp.cpp; path = image_helper.cpp; sourceTree = "<group>"; };
		03BAA4221313E7E100AAA735 /* image_helper.h */ = {isa = PBXFileReference; fileEncoding = 4; lastKnownFileType = sourcecode.c.h; path = image_helper.h; sourceTree = "<group>"; };
		03BAA4231313E7E100AAA735 /* SOIL.cpp */ = {isa = PBXFileReference; fileEncoding = 4; lastKnownFileType = sourcecode.cpp.cpp; path = SOIL.cpp; sourceTree = "<group>"; };
		03BAA4241313E7E100AAA735 /* SOIL.h */ = {isa = PBXFileReference; fileEncoding = 4; lastKnownFileType = sourcecode.c.h; path = SOIL.h; sourceTree = "<group>"; };
		03BAA4251313E7E100AAA735 /* stb_image_aug.cpp */ = {isa = PBXFileReference; fileEncoding = 4; lastKnownFileType = sourcecode.cpp.cpp; path = stb_image_aug.cpp; sourceTree = "<group>"; };
		03BAA4261313E7E100AAA735 /* stb_image_aug.h */ = {isa = PBXFileReference; fileEncoding = 4; lastKnownFileType = sourcecode.c.h; path = stb_image_aug.h; sourceTree = "<group>"; };
		03BAA4271313E7E100AAA735 /* stbi_DDS_aug.h */ = {isa = PBXFileReference; fileEncoding = 4; lastKnownFileType = sourcecode.c.h; path = stbi_DDS_aug.h; sourceTree = "<group>"; };
		03BAA4281313E7E100AAA735 /* stbi_DDS_aug_c.h */ = {isa = PBXFileReference; fileEncoding = 4; lastKnownFileType = sourcecode.c.h; path = stbi_DDS_aug_c.h; sourceTree = "<group>"; };
		03BAA4291313E7E100AAA735 /* hs_ogl.h */ = {isa = PBXFileReference; fileEncoding = 4; lastKnownFileType = sourcecode.c.h; path = hs_ogl.h; sourceTree = "<group>"; };
		03BAA42B1313E7E100AAA735 /* renderable_manager.cpp */ = {isa = PBXFileReference; fileEncoding = 4; lastKnownFileType = sourcecode.cpp.cpp; path = renderable_manager.cpp; sourceTree = "<group>"; };
		03BAA42C1313E7E100AAA735 /* renderable_manager.h */ = {isa = PBXFileReference; fileEncoding = 4; lastKnownFileType = sourcecode.c.h; path = renderable_manager.h; sourceTree = "<group>"; };
		03BAA42D1313E7E100AAA735 /* texture_manager.cpp */ = {isa = PBXFileReference; fileEncoding = 4; lastKnownFileType = sourcecode.cpp.cpp; path = texture_manager.cpp; sourceTree = "<group>"; };
		03BAA42E1313E7E100AAA735 /* texture_manager.h */ = {isa = PBXFileReference; fileEncoding = 4; lastKnownFileType = sourcecode.c.h; path = texture_manager.h; sourceTree = "<group>"; };
		03BAA4301313E7E100AAA735 /* atlas_quad.cpp */ = {isa = PBXFileReference; fileEncoding = 4; lastKnownFileType = sourcecode.cpp.cpp; path = atlas_quad.cpp; sourceTree = "<group>"; };
		03BAA4311313E7E100AAA735 /* atlas_quad.h */ = {isa = PBXFileReference; fileEncoding = 4; lastKnownFileType = sourcecode.c.h; path = atlas_quad.h; sourceTree = "<group>"; };
		03BAA4321313E7E100AAA735 /* bitmap_font.cpp */ = {isa = PBXFileReference; fileEncoding = 4; lastKnownFileType = sourcecode.cpp.cpp; path = bitmap_font.cpp; sourceTree = "<group>"; };
		03BAA4331313E7E100AAA735 /* bitmap_font.h */ = {isa = PBXFileReference; fileEncoding = 4; lastKnownFileType = sourcecode.c.h; path = bitmap_font.h; sourceTree = "<group>"; };
		03BAA4341313E7E100AAA735 /* particle_emitter.h */ = {isa = PBXFileReference; fileEncoding = 4; lastKnownFileType = sourcecode.c.h; path = particle_emitter.h; sourceTree = "<group>"; };
		03BAA4351313E7E100AAA735 /* particle_emitter.mm */ = {isa = PBXFileReference; fileEncoding = 4; lastKnownFileType = sourcecode.cpp.objcpp; path = particle_emitter.mm; sourceTree = "<group>"; };
		03BAA4361313E7E100AAA735 /* quad.cpp */ = {isa = PBXFileReference; fileEncoding = 4; lastKnownFileType = sourcecode.cpp.cpp; path = quad.cpp; sourceTree = "<group>"; };
		03BAA4371313E7E100AAA735 /* quad.h */ = {isa = PBXFileReference; fileEncoding = 4; lastKnownFileType = sourcecode.c.h; path = quad.h; sourceTree = "<group>"; };
		03BAA4381313E7E100AAA735 /* renderable.cpp */ = {isa = PBXFileReference; fileEncoding = 4; lastKnownFileType = sourcecode.cpp.cpp; path = renderable.cpp; sourceTree = "<group>"; };
		03BAA4391313E7E100AAA735 /* renderable.h */ = {isa = PBXFileReference; fileEncoding = 4; lastKnownFileType = sourcecode.c.h; path = renderable.h; sourceTree = "<group>"; };
		03BAA43A1313E7E100AAA735 /* renderer.cpp */ = {isa = PBXFileReference; fileEncoding = 4; lastKnownFileType = sourcecode.cpp.cpp; path = renderer.cpp; sourceTree = "<group>"; };
		03BAA43B1313E7E100AAA735 /* renderer.h */ = {isa = PBXFileReference; fileEncoding = 4; lastKnownFileType = sourcecode.c.h; path = renderer.h; sourceTree = "<group>"; };
		03BAA43C1313E7E100AAA735 /* texture_2d.cpp */ = {isa = PBXFileReference; fileEncoding = 4; lastKnownFileType = sourcecode.cpp.cpp; path = texture_2d.cpp; sourceTree = "<group>"; };
		03BAA43D1313E7E100AAA735 /* texture_2d.h */ = {isa = PBXFileReference; fileEncoding = 4; lastKnownFileType = sourcecode.c.h; path = texture_2d.h; sourceTree = "<group>"; };
		03BAA43E1313E7E100AAA735 /* hellstorm.h */ = {isa = PBXFileReference; fileEncoding = 4; lastKnownFileType = sourcecode.c.h; path = hellstorm.h; sourceTree = "<group>"; };
		03BAA43F1313E7E100AAA735 /* hs_types.h */ = {isa = PBXFileReference; fileEncoding = 4; lastKnownFileType = sourcecode.c.h; path = hs_types.h; sourceTree = "<group>"; };
		03BAA4401313E7E100AAA735 /* hs_wrapper.cpp */ = {isa = PBXFileReference; fileEncoding = 4; lastKnownFileType = sourcecode.cpp.cpp; path = hs_wrapper.cpp; sourceTree = "<group>"; };
		03BAA4411313E7E100AAA735 /* hs_wrapper.h */ = {isa = PBXFileReference; fileEncoding = 4; lastKnownFileType = sourcecode.c.h; path = hs_wrapper.h; sourceTree = "<group>"; };
		03BAA4431313E7E100AAA735 /* input_device.cpp */ = {isa = PBXFileReference; fileEncoding = 4; lastKnownFileType = sourcecode.cpp.cpp; path = input_device.cpp; sourceTree = "<group>"; };
		03BAA4441313E7E100AAA735 /* input_device.h */ = {isa = PBXFileReference; fileEncoding = 4; lastKnownFileType = sourcecode.c.h; path = input_device.h; sourceTree = "<group>"; };
		03BAA4461313E7E100AAA735 /* ConfigFile.cpp */ = {isa = PBXFileReference; fileEncoding = 4; lastKnownFileType = sourcecode.cpp.cpp; path = ConfigFile.cpp; sourceTree = "<group>"; };
		03BAA4471313E7E100AAA735 /* ConfigFile.h */ = {isa = PBXFileReference; fileEncoding = 4; lastKnownFileType = sourcecode.c.h; path = ConfigFile.h; sourceTree = "<group>"; };
		03BAA4481313E7E100AAA735 /* file_util.h */ = {isa = PBXFileReference; fileEncoding = 4; lastKnownFileType = sourcecode.c.h; path = file_util.h; sourceTree = "<group>"; };
		03BAA4491313E7E100AAA735 /* file_util.mm */ = {isa = PBXFileReference; fileEncoding = 4; lastKnownFileType = sourcecode.cpp.objcpp; path = file_util.mm; sourceTree = "<group>"; };
		03BAA44A1313E7E100AAA735 /* hellstorm_config.cpp */ = {isa = PBXFileReference; fileEncoding = 4; lastKnownFileType = sourcecode.cpp.cpp; path = hellstorm_config.cpp; sourceTree = "<group>"; };
		03BAA44B1313E7E100AAA735 /* hellstorm_config.h */ = {isa = PBXFileReference; fileEncoding = 4; lastKnownFileType = sourcecode.c.h; path = hellstorm_config.h; sourceTree = "<group>"; };
		03BAA44C1313E7E100AAA735 /* timer.cpp */ = {isa = PBXFileReference; fileEncoding = 4; lastKnownFileType = sourcecode.cpp.cpp; path = timer.cpp; sourceTree = "<group>"; };
		03BAA44D1313E7E100AAA735 /* timer.h */ = {isa = PBXFileReference; fileEncoding = 4; lastKnownFileType = sourcecode.c.h; path = timer.h; sourceTree = "<group>"; };
		03BAA44E1313E7E100AAA735 /* vec_2d.cpp */ = {isa = PBXFileReference; fileEncoding = 4; lastKnownFileType = sourcecode.cpp.cpp; path = vec_2d.cpp; sourceTree = "<group>"; };
		03BAA44F1313E7E100AAA735 /* vec_2d.h */ = {isa = PBXFileReference; fileEncoding = 4; lastKnownFileType = sourcecode.c.h; path = vec_2d.h; sourceTree = "<group>"; };
/* End PBXFileReference section */

/* Begin PBXFrameworksBuildPhase section */
		03440B67130E76D20097D9DA /* Frameworks */ = {
			isa = PBXFrameworksBuildPhase;
			buildActionMask = 2147483647;
			files = (
				034609CC130FECAD0086DFDD /* AudioToolbox.framework in Frameworks */,
				034609CA130FECA50086DFDD /* OpenAL.framework in Frameworks */,
				034609C8130FEC9B0086DFDD /* AVFoundation.framework in Frameworks */,
				03440C10130EB6860097D9DA /* libz.dylib in Frameworks */,
				03440B6F130E76D20097D9DA /* UIKit.framework in Frameworks */,
				03440B71130E76D20097D9DA /* Foundation.framework in Frameworks */,
				03440B73130E76D20097D9DA /* CoreGraphics.framework in Frameworks */,
				03440B75130E76D20097D9DA /* QuartzCore.framework in Frameworks */,
				03440B77130E76D20097D9DA /* OpenGLES.framework in Frameworks */,
			);
			runOnlyForDeploymentPostprocessing = 0;
		};
/* End PBXFrameworksBuildPhase section */

/* Begin PBXGroup section */
		0331C0871313F08D006937CA /* systems */ = {
			isa = PBXGroup;
			children = (
				0331C0891313F0A7006937CA /* psycho_bg_system.cpp */,
				0331C08A1313F0A7006937CA /* psycho_bg_system.h */,
			);
			name = systems;
			sourceTree = "<group>";
		};
		03440B5F130E76D20097D9DA = {
			isa = PBXGroup;
			children = (
				03440B78130E76D20097D9DA /* hellstorm */,
				03440B6D130E76D20097D9DA /* Frameworks */,
				03440B6B130E76D20097D9DA /* Products */,
			);
			sourceTree = "<group>";
		};
		03440B6B130E76D20097D9DA /* Products */ = {
			isa = PBXGroup;
			children = (
				03440B6A130E76D20097D9DA /* hellstorm.app */,
			);
			name = Products;
			sourceTree = "<group>";
		};
		03440B6D130E76D20097D9DA /* Frameworks */ = {
			isa = PBXGroup;
			children = (
				034609CB130FECAA0086DFDD /* AudioToolbox.framework */,
				034609C9130FECA20086DFDD /* OpenAL.framework */,
				034609C7130FEC980086DFDD /* AVFoundation.framework */,
				03440C0F130EB6810097D9DA /* libz.dylib */,
				03440B6E130E76D20097D9DA /* UIKit.framework */,
				03440B70130E76D20097D9DA /* Foundation.framework */,
				03440B72130E76D20097D9DA /* CoreGraphics.framework */,
				03440B74130E76D20097D9DA /* QuartzCore.framework */,
				03440B76130E76D20097D9DA /* OpenGLES.framework */,
			);
			name = Frameworks;
			sourceTree = "<group>";
		};
		03440B78130E76D20097D9DA /* hellstorm */ = {
			isa = PBXGroup;
			children = (
				03BAA3DB1313E7E100AAA735 /* hellstorm */,
				0374E1C91313E1FE00BD1FDA /* game */,
				03440B81130E76D20097D9DA /* hellstormAppDelegate.h */,
				03440B82130E76D20097D9DA /* hellstormAppDelegate.mm */,
				03440B8B130E76D20097D9DA /* EAGLView.h */,
				03440B8C130E76D20097D9DA /* EAGLView.mm */,
				03440B8E130E76D20097D9DA /* hellstormViewController.h */,
				03440B8F130E76D20097D9DA /* hellstormViewController.mm */,
				0374E1BF1313E1ED00BD1FDA /* Resources */,
				03440B79130E76D20097D9DA /* Supporting Files */,
			);
			path = hellstorm;
			sourceTree = "<group>";
		};
		03440B79130E76D20097D9DA /* Supporting Files */ = {
			isa = PBXGroup;
			children = (
				03440B7A130E76D20097D9DA /* hellstorm-Info.plist */,
				03440B7E130E76D20097D9DA /* hellstorm-Prefix.pch */,
				03440B7F130E76D20097D9DA /* main.m */,
			);
			name = "Supporting Files";
			sourceTree = "<group>";
		};
		0372A7AB131446D400D1A840 /* helpers */ = {
			isa = PBXGroup;
			children = (
				0372A7AD131446E400D1A840 /* game_factory.cpp */,
				0372A7AE131446E400D1A840 /* game_factory.h */,
			);
			name = helpers;
			sourceTree = "<group>";
		};
		0374E1BF1313E1ED00BD1FDA /* Resources */ = {
			isa = PBXGroup;
			children = (
				0374E1C01313E1ED00BD1FDA /* hellstormViewController.xib */,
				0374E1C21313E1ED00BD1FDA /* InfoPlist.strings */,
				0374E1C41313E1ED00BD1FDA /* MainWindow.xib */,
			);
			path = Resources;
			sourceTree = "<group>";
		};
		0374E1C91313E1FE00BD1FDA /* game */ = {
			isa = PBXGroup;
			children = (
				0374E1CA1313E1FE00BD1FDA /* assets */,
				0374E1D41313E1FE00BD1FDA /* src */,
			);
			path = game;
			sourceTree = "<group>";
		};
		0374E1CA1313E1FE00BD1FDA /* assets */ = {
			isa = PBXGroup;
			children = (
				031AFF3213141E69000D11C2 /* upper.png */,
				031AFF3013141DE9000D11C2 /* lower.png */,
				031AFF2E13141DAF000D11C2 /* rahmen.png */,
				031AFF2C131418DE000D11C2 /* raster_4.png */,
				031AFF291314187F000D11C2 /* raster_3.png */,
				0331C09C1313FDE5006937CA /* raster_1.png */,
				0331C09D1313FDE5006937CA /* raster_2.png */,
				0331C09A1313FD89006937CA /* background_noraster.png */,
				0331C0981313FCEB006937CA /* sunburst_2.png */,
				0331C0961313FC76006937CA /* sunburst_1.png */,
				0331C0941313FC31006937CA /* background.png */,
				0374E1CB1313E1FE00BD1FDA /* click.mp3 */,
				0374E1CC1313E1FE00BD1FDA /* clocks.png */,
				0374E1CD1313E1FE00BD1FDA /* cool.pex */,
				0374E1CE1313E1FE00BD1FDA /* hellstorm.cfg */,
				0374E1CF1313E1FE00BD1FDA /* impact20.fnt */,
				0374E1D01313E1FE00BD1FDA /* impact20_0.png */,
				0374E1D11313E1FE00BD1FDA /* music.mp3 */,
				0374E1D21313E1FE00BD1FDA /* stars.pex */,
				0374E1D31313E1FE00BD1FDA /* tss.pex */,
			);
			path = assets;
			sourceTree = "<group>";
		};
		0374E1D41313E1FE00BD1FDA /* src */ = {
			isa = PBXGroup;
			children = (
				0372A7AB131446D400D1A840 /* helpers */,
				0331C0871313F08D006937CA /* systems */,
				0374E1D51313E1FE00BD1FDA /* menu_scene.cpp */,
				0374E1D61313E1FE00BD1FDA /* menu_scene.h */,
			);
			path = src;
			sourceTree = "<group>";
		};
		03BAA3DB1313E7E100AAA735 /* hellstorm */ = {
			isa = PBXGroup;
			children = (
				03BAA3DC1313E7E100AAA735 /* audio */,
				03BAA3EA1313E7E100AAA735 /* entity_system */,
				03BAA4061313E7E100AAA735 /* game_logic */,
				03BAA40B1313E7E100AAA735 /* graphics */,
				03BAA43E1313E7E100AAA735 /* hellstorm.h */,
				03BAA43F1313E7E100AAA735 /* hs_types.h */,
				03BAA4401313E7E100AAA735 /* hs_wrapper.cpp */,
				03BAA4411313E7E100AAA735 /* hs_wrapper.h */,
				03BAA4421313E7E100AAA735 /* input */,
				03BAA4451313E7E100AAA735 /* utils */,
			);
			path = hellstorm;
			sourceTree = "<group>";
		};
		03BAA3DC1313E7E100AAA735 /* audio */ = {
			isa = PBXGroup;
			children = (
				03BAA3DD1313E7E100AAA735 /* audio_system.h */,
				03BAA3DE1313E7E100AAA735 /* audio_system.mm */,
				03BAA3DF1313E7E100AAA735 /* ext */,
			);
			path = audio;
			sourceTree = "<group>";
		};
		03BAA3DF1313E7E100AAA735 /* ext */ = {
			isa = PBXGroup;
			children = (
				03BAA3E01313E7E100AAA735 /* CocosDenshion */,
			);
			path = ext;
			sourceTree = "<group>";
		};
		03BAA3E01313E7E100AAA735 /* CocosDenshion */ = {
			isa = PBXGroup;
			children = (
				03BAA3E11313E7E100AAA735 /* CDAudioManager.h */,
				03BAA3E21313E7E100AAA735 /* CDAudioManager.m */,
				03BAA3E31313E7E100AAA735 /* CDConfig.h */,
				03BAA3E41313E7E100AAA735 /* CDOpenALSupport.h */,
				03BAA3E51313E7E100AAA735 /* CDOpenALSupport.m */,
				03BAA3E61313E7E100AAA735 /* CocosDenshion.h */,
				03BAA3E71313E7E100AAA735 /* CocosDenshion.m */,
				03BAA3E81313E7E100AAA735 /* SimpleAudioEngine.h */,
				03BAA3E91313E7E100AAA735 /* SimpleAudioEngine.m */,
			);
			path = CocosDenshion;
			sourceTree = "<group>";
		};
		03BAA3EA1313E7E100AAA735 /* entity_system */ = {
			isa = PBXGroup;
			children = (
				03BAA3EB1313E7E100AAA735 /* components */,
				03BAA3EE1313E7E100AAA735 /* entity_manager */,
				03BAA3F11313E7E100AAA735 /* factories */,
				03BAA3F41313E7E100AAA735 /* systems */,
			);
			path = entity_system;
			sourceTree = "<group>";
		};
		03BAA3EB1313E7E100AAA735 /* components */ = {
			isa = PBXGroup;
			children = (
				03BAA3EC1313E7E100AAA735 /* components.cpp */,
				03BAA3ED1313E7E100AAA735 /* components.h */,
			);
			path = components;
			sourceTree = "<group>";
		};
		03BAA3EE1313E7E100AAA735 /* entity_manager */ = {
			isa = PBXGroup;
			children = (
				03BAA3EF1313E7E100AAA735 /* entity_manager.cpp */,
				03BAA3F01313E7E100AAA735 /* entity_manager.h */,
			);
			path = entity_manager;
			sourceTree = "<group>";
		};
		03BAA3F11313E7E100AAA735 /* factories */ = {
			isa = PBXGroup;
			children = (
				03BAA3F21313E7E100AAA735 /* sprite_factory.cpp */,
				03BAA3F31313E7E100AAA735 /* sprite_factory.h */,
			);
			path = factories;
			sourceTree = "<group>";
		};
		03BAA3F41313E7E100AAA735 /* systems */ = {
			isa = PBXGroup;
			children = (
				03BAA3F51313E7E100AAA735 /* action_system */,
				03BAA3FA1313E7E100AAA735 /* animation_system */,
				03BAA3FD1313E7E100AAA735 /* corpse_retrieval_system */,
				03BAA4001313E7E100AAA735 /* particle_system */,
				03BAA4031313E7E100AAA735 /* render_system */,
			);
			path = systems;
			sourceTree = "<group>";
		};
		03BAA3F51313E7E100AAA735 /* action_system */ = {
			isa = PBXGroup;
			children = (
				03BAA3F61313E7E100AAA735 /* action_system.cpp */,
				03BAA3F71313E7E100AAA735 /* action_system.h */,
				03BAA3F81313E7E100AAA735 /* actions.cpp */,
				03BAA3F91313E7E100AAA735 /* actions.h */,
			);
			path = action_system;
			sourceTree = "<group>";
		};
		03BAA3FA1313E7E100AAA735 /* animation_system */ = {
			isa = PBXGroup;
			children = (
				03BAA3FB1313E7E100AAA735 /* animation_system.cpp */,
				03BAA3FC1313E7E100AAA735 /* animation_system.h */,
			);
			path = animation_system;
			sourceTree = "<group>";
		};
		03BAA3FD1313E7E100AAA735 /* corpse_retrieval_system */ = {
			isa = PBXGroup;
			children = (
				03BAA3FE1313E7E100AAA735 /* corpse_retrieval_system.cpp */,
				03BAA3FF1313E7E100AAA735 /* corpse_retrieval_system.h */,
			);
			path = corpse_retrieval_system;
			sourceTree = "<group>";
		};
		03BAA4001313E7E100AAA735 /* particle_system */ = {
			isa = PBXGroup;
			children = (
				03BAA4011313E7E100AAA735 /* particle_system.cpp */,
				03BAA4021313E7E100AAA735 /* particle_system.h */,
			);
			path = particle_system;
			sourceTree = "<group>";
		};
		03BAA4031313E7E100AAA735 /* render_system */ = {
			isa = PBXGroup;
			children = (
				03BAA4041313E7E100AAA735 /* render_system.cpp */,
				03BAA4051313E7E100AAA735 /* render_system.h */,
			);
			path = render_system;
			sourceTree = "<group>";
		};
		03BAA4061313E7E100AAA735 /* game_logic */ = {
			isa = PBXGroup;
			children = (
				03BAA4071313E7E100AAA735 /* game.cpp */,
				03BAA4081313E7E100AAA735 /* game.h */,
				03BAA4091313E7E100AAA735 /* scene.cpp */,
				03BAA40A1313E7E100AAA735 /* scene.h */,
			);
			path = game_logic;
			sourceTree = "<group>";
		};
		03BAA40B1313E7E100AAA735 /* graphics */ = {
			isa = PBXGroup;
			children = (
				03BAA40C1313E7E100AAA735 /* ext */,
				03BAA4291313E7E100AAA735 /* hs_ogl.h */,
				03BAA42A1313E7E100AAA735 /* managers */,
				03BAA42F1313E7E100AAA735 /* renderables */,
				03BAA43A1313E7E100AAA735 /* renderer.cpp */,
				03BAA43B1313E7E100AAA735 /* renderer.h */,
				03BAA43C1313E7E100AAA735 /* texture_2d.cpp */,
				03BAA43D1313E7E100AAA735 /* texture_2d.h */,
			);
			path = graphics;
			sourceTree = "<group>";
		};
		03BAA40C1313E7E100AAA735 /* ext */ = {
			isa = PBXGroup;
			children = (
				03BAA40D1313E7E100AAA735 /* bm_font.c */,
				03BAA40E1313E7E100AAA735 /* bm_font.h */,
				03BAA40F1313E7E100AAA735 /* Particle Emitter */,
				03BAA41E1313E7E100AAA735 /* SOIL_iPhone */,
			);
			path = ext;
			sourceTree = "<group>";
		};
		03BAA40F1313E7E100AAA735 /* Particle Emitter */ = {
			isa = PBXGroup;
			children = (
				03BAA4101313E7E100AAA735 /* Global.h */,
				03BAA4111313E7E100AAA735 /* OBJCTexture2D.h */,
				03BAA4121313E7E100AAA735 /* OBJCTexture2D.mm */,
				03BAA4131313E7E100AAA735 /* ParticleEmitter.h */,
				03BAA4141313E7E100AAA735 /* ParticleEmitter.mm */,
				03BAA4151313E7E100AAA735 /* Structures.h */,
				03BAA4161313E7E100AAA735 /* TBXML */,
				03BAA41B1313E7E100AAA735 /* TBXMLParticleAdditions.h */,
				03BAA41C1313E7E100AAA735 /* TBXMLParticleAdditions.m */,
				03BAA41D1313E7E100AAA735 /* WHATS_THIS */,
			);
			path = "Particle Emitter";
			sourceTree = "<group>";
		};
		03BAA4161313E7E100AAA735 /* TBXML */ = {
			isa = PBXGroup;
			children = (
				03BAA4171313E7E100AAA735 /* NSDataAdditions.h */,
				03BAA4181313E7E100AAA735 /* NSDataAdditions.m */,
				03BAA4191313E7E100AAA735 /* TBXML.h */,
				03BAA41A1313E7E100AAA735 /* TBXML.m */,
			);
			path = TBXML;
			sourceTree = "<group>";
		};
		03BAA41E1313E7E100AAA735 /* SOIL_iPhone */ = {
			isa = PBXGroup;
			children = (
				03BAA41F1313E7E100AAA735 /* image_DXT.cpp */,
				03BAA4201313E7E100AAA735 /* image_DXT.h */,
				03BAA4211313E7E100AAA735 /* image_helper.cpp */,
				03BAA4221313E7E100AAA735 /* image_helper.h */,
				03BAA4231313E7E100AAA735 /* SOIL.cpp */,
				03BAA4241313E7E100AAA735 /* SOIL.h */,
				03BAA4251313E7E100AAA735 /* stb_image_aug.cpp */,
				03BAA4261313E7E100AAA735 /* stb_image_aug.h */,
				03BAA4271313E7E100AAA735 /* stbi_DDS_aug.h */,
				03BAA4281313E7E100AAA735 /* stbi_DDS_aug_c.h */,
			);
			path = SOIL_iPhone;
			sourceTree = "<group>";
		};
		03BAA42A1313E7E100AAA735 /* managers */ = {
			isa = PBXGroup;
			children = (
				03BAA42B1313E7E100AAA735 /* renderable_manager.cpp */,
				03BAA42C1313E7E100AAA735 /* renderable_manager.h */,
				03BAA42D1313E7E100AAA735 /* texture_manager.cpp */,
				03BAA42E1313E7E100AAA735 /* texture_manager.h */,
			);
			path = managers;
			sourceTree = "<group>";
		};
		03BAA42F1313E7E100AAA735 /* renderables */ = {
			isa = PBXGroup;
			children = (
				03BAA4301313E7E100AAA735 /* atlas_quad.cpp */,
				03BAA4311313E7E100AAA735 /* atlas_quad.h */,
				03BAA4321313E7E100AAA735 /* bitmap_font.cpp */,
				03BAA4331313E7E100AAA735 /* bitmap_font.h */,
				03BAA4341313E7E100AAA735 /* particle_emitter.h */,
				03BAA4351313E7E100AAA735 /* particle_emitter.mm */,
				03BAA4361313E7E100AAA735 /* quad.cpp */,
				03BAA4371313E7E100AAA735 /* quad.h */,
				03BAA4381313E7E100AAA735 /* renderable.cpp */,
				03BAA4391313E7E100AAA735 /* renderable.h */,
			);
			path = renderables;
			sourceTree = "<group>";
		};
		03BAA4421313E7E100AAA735 /* input */ = {
			isa = PBXGroup;
			children = (
				03BAA4431313E7E100AAA735 /* input_device.cpp */,
				03BAA4441313E7E100AAA735 /* input_device.h */,
			);
			path = input;
			sourceTree = "<group>";
		};
		03BAA4451313E7E100AAA735 /* utils */ = {
			isa = PBXGroup;
			children = (
				03BAA4461313E7E100AAA735 /* ConfigFile.cpp */,
				03BAA4471313E7E100AAA735 /* ConfigFile.h */,
				03BAA4481313E7E100AAA735 /* file_util.h */,
				03BAA4491313E7E100AAA735 /* file_util.mm */,
				03BAA44A1313E7E100AAA735 /* hellstorm_config.cpp */,
				03BAA44B1313E7E100AAA735 /* hellstorm_config.h */,
				03BAA44C1313E7E100AAA735 /* timer.cpp */,
				03BAA44D1313E7E100AAA735 /* timer.h */,
				03BAA44E1313E7E100AAA735 /* vec_2d.cpp */,
				03BAA44F1313E7E100AAA735 /* vec_2d.h */,
			);
			path = utils;
			sourceTree = "<group>";
		};
/* End PBXGroup section */

/* Begin PBXNativeTarget section */
		03440B69130E76D20097D9DA /* hellstorm */ = {
			isa = PBXNativeTarget;
			buildConfigurationList = 03440B96130E76D20097D9DA /* Build configuration list for PBXNativeTarget "hellstorm" */;
			buildPhases = (
				03440B66130E76D20097D9DA /* Sources */,
				03440B67130E76D20097D9DA /* Frameworks */,
				03440B68130E76D20097D9DA /* Resources */,
			);
			buildRules = (
			);
			dependencies = (
			);
			name = hellstorm;
			productName = hellstorm;
			productReference = 03440B6A130E76D20097D9DA /* hellstorm.app */;
			productType = "com.apple.product-type.application";
		};
/* End PBXNativeTarget section */

/* Begin PBXProject section */
		03440B61130E76D20097D9DA /* Project object */ = {
			isa = PBXProject;
			buildConfigurationList = 03440B64130E76D20097D9DA /* Build configuration list for PBXProject "hellstorm" */;
			compatibilityVersion = "Xcode 3.2";
			developmentRegion = English;
			hasScannedForEncodings = 0;
			knownRegions = (
				en,
			);
			mainGroup = 03440B5F130E76D20097D9DA;
			productRefGroup = 03440B6B130E76D20097D9DA /* Products */;
			projectDirPath = "";
			projectRoot = "";
			targets = (
				03440B69130E76D20097D9DA /* hellstorm */,
			);
		};
/* End PBXProject section */

/* Begin PBXResourcesBuildPhase section */
		03440B68130E76D20097D9DA /* Resources */ = {
			isa = PBXResourcesBuildPhase;
			buildActionMask = 2147483647;
			files = (
				0374E1C61313E1ED00BD1FDA /* hellstormViewController.xib in Resources */,
				0374E1C71313E1ED00BD1FDA /* InfoPlist.strings in Resources */,
				0374E1C81313E1ED00BD1FDA /* MainWindow.xib in Resources */,
				0374E1D71313E1FE00BD1FDA /* click.mp3 in Resources */,
				0374E1D81313E1FE00BD1FDA /* clocks.png in Resources */,
				0374E1D91313E1FE00BD1FDA /* cool.pex in Resources */,
				0374E1DA1313E1FE00BD1FDA /* hellstorm.cfg in Resources */,
				0374E1DB1313E1FE00BD1FDA /* impact20.fnt in Resources */,
				0374E1DC1313E1FE00BD1FDA /* impact20_0.png in Resources */,
				0374E1DD1313E1FE00BD1FDA /* music.mp3 in Resources */,
				0374E1DE1313E1FE00BD1FDA /* stars.pex in Resources */,
				0374E1DF1313E1FE00BD1FDA /* tss.pex in Resources */,
				03BAA4661313E7E100AAA735 /* WHATS_THIS in Resources */,
				0331C0951313FC31006937CA /* background.png in Resources */,
				0331C0971313FC76006937CA /* sunburst_1.png in Resources */,
				0331C0991313FCEB006937CA /* sunburst_2.png in Resources */,
				0331C09B1313FD89006937CA /* background_noraster.png in Resources */,
				0331C09E1313FDE5006937CA /* raster_1.png in Resources */,
				0331C09F1313FDE5006937CA /* raster_2.png in Resources */,
				031AFF2A1314187F000D11C2 /* raster_3.png in Resources */,
				031AFF2D131418DE000D11C2 /* raster_4.png in Resources */,
				031AFF2F13141DAF000D11C2 /* rahmen.png in Resources */,
				031AFF3113141DE9000D11C2 /* lower.png in Resources */,
				031AFF3313141E69000D11C2 /* upper.png in Resources */,
			);
			runOnlyForDeploymentPostprocessing = 0;
		};
/* End PBXResourcesBuildPhase section */

/* Begin PBXSourcesBuildPhase section */
		03440B66130E76D20097D9DA /* Sources */ = {
			isa = PBXSourcesBuildPhase;
			buildActionMask = 2147483647;
			files = (
				03440B80130E76D20097D9DA /* main.m in Sources */,
				03440B83130E76D20097D9DA /* hellstormAppDelegate.mm in Sources */,
				03440B8D130E76D20097D9DA /* EAGLView.mm in Sources */,
				03440B90130E76D20097D9DA /* hellstormViewController.mm in Sources */,
				0374E1E01313E1FE00BD1FDA /* menu_scene.cpp in Sources */,
				03BAA4501313E7E100AAA735 /* audio_system.mm in Sources */,
				03BAA4511313E7E100AAA735 /* CDAudioManager.m in Sources */,
				03BAA4521313E7E100AAA735 /* CDOpenALSupport.m in Sources */,
				03BAA4531313E7E100AAA735 /* CocosDenshion.m in Sources */,
				03BAA4541313E7E100AAA735 /* SimpleAudioEngine.m in Sources */,
				03BAA4551313E7E100AAA735 /* components.cpp in Sources */,
				03BAA4561313E7E100AAA735 /* entity_manager.cpp in Sources */,
				03BAA4571313E7E100AAA735 /* sprite_factory.cpp in Sources */,
				03BAA4581313E7E100AAA735 /* action_system.cpp in Sources */,
				03BAA4591313E7E100AAA735 /* actions.cpp in Sources */,
				03BAA45A1313E7E100AAA735 /* animation_system.cpp in Sources */,
				03BAA45B1313E7E100AAA735 /* corpse_retrieval_system.cpp in Sources */,
				03BAA45C1313E7E100AAA735 /* particle_system.cpp in Sources */,
				03BAA45D1313E7E100AAA735 /* render_system.cpp in Sources */,
				03BAA45E1313E7E100AAA735 /* game.cpp in Sources */,
				03BAA45F1313E7E100AAA735 /* scene.cpp in Sources */,
				03BAA4601313E7E100AAA735 /* bm_font.c in Sources */,
				03BAA4611313E7E100AAA735 /* OBJCTexture2D.mm in Sources */,
				03BAA4621313E7E100AAA735 /* ParticleEmitter.mm in Sources */,
				03BAA4631313E7E100AAA735 /* NSDataAdditions.m in Sources */,
				03BAA4641313E7E100AAA735 /* TBXML.m in Sources */,
				03BAA4651313E7E100AAA735 /* TBXMLParticleAdditions.m in Sources */,
				03BAA4671313E7E100AAA735 /* image_DXT.cpp in Sources */,
				03BAA4681313E7E100AAA735 /* image_helper.cpp in Sources */,
				03BAA4691313E7E100AAA735 /* SOIL.cpp in Sources */,
				03BAA46A1313E7E100AAA735 /* stb_image_aug.cpp in Sources */,
				03BAA46B1313E7E100AAA735 /* renderable_manager.cpp in Sources */,
				03BAA46C1313E7E100AAA735 /* texture_manager.cpp in Sources */,
				03BAA46D1313E7E100AAA735 /* atlas_quad.cpp in Sources */,
				03BAA46E1313E7E100AAA735 /* bitmap_font.cpp in Sources */,
				03BAA46F1313E7E100AAA735 /* particle_emitter.mm in Sources */,
				03BAA4701313E7E100AAA735 /* quad.cpp in Sources */,
				03BAA4711313E7E100AAA735 /* renderable.cpp in Sources */,
				03BAA4721313E7E100AAA735 /* renderer.cpp in Sources */,
				03BAA4731313E7E100AAA735 /* texture_2d.cpp in Sources */,
				03BAA4741313E7E100AAA735 /* hs_wrapper.cpp in Sources */,
				03BAA4751313E7E100AAA735 /* input_device.cpp in Sources */,
				03BAA4761313E7E100AAA735 /* ConfigFile.cpp in Sources */,
				03BAA4771313E7E100AAA735 /* file_util.mm in Sources */,
				03BAA4781313E7E100AAA735 /* hellstorm_config.cpp in Sources */,
				03BAA4791313E7E100AAA735 /* timer.cpp in Sources */,
				03BAA47A1313E7E100AAA735 /* vec_2d.cpp in Sources */,
				0331C08B1313F0A7006937CA /* psycho_bg_system.cpp in Sources */,
				0372A7AF131446E400D1A840 /* game_factory.cpp in Sources */,
			);
			runOnlyForDeploymentPostprocessing = 0;
		};
/* End PBXSourcesBuildPhase section */

/* Begin PBXVariantGroup section */
		0374E1C01313E1ED00BD1FDA /* hellstormViewController.xib */ = {
			isa = PBXVariantGroup;
			children = (
				0374E1C11313E1ED00BD1FDA /* en */,
			);
			name = hellstormViewController.xib;
			sourceTree = "<group>";
		};
		0374E1C21313E1ED00BD1FDA /* InfoPlist.strings */ = {
			isa = PBXVariantGroup;
			children = (
				0374E1C31313E1ED00BD1FDA /* en */,
			);
			name = InfoPlist.strings;
			sourceTree = "<group>";
		};
		0374E1C41313E1ED00BD1FDA /* MainWindow.xib */ = {
			isa = PBXVariantGroup;
			children = (
				0374E1C51313E1ED00BD1FDA /* en */,
			);
			name = MainWindow.xib;
			sourceTree = "<group>";
		};
/* End PBXVariantGroup section */

/* Begin XCBuildConfiguration section */
		03440B94130E76D20097D9DA /* Debug */ = {
			isa = XCBuildConfiguration;
			buildSettings = {
				ARCHS = "$(ARCHS_STANDARD_32_BIT)";
				"CODE_SIGN_IDENTITY[sdk=iphoneos*]" = "iPhone Developer";
				GCC_C_LANGUAGE_STANDARD = gnu99;
				GCC_OPTIMIZATION_LEVEL = 3;
				GCC_PREPROCESSOR_DEFINITIONS = DEBUG;
				GCC_VERSION = "";
				GCC_WARN_ABOUT_RETURN_TYPE = YES;
				GCC_WARN_UNUSED_VARIABLE = YES;
				IPHONEOS_DEPLOYMENT_TARGET = 4.2;
				LLVM_LTO = NO;
				New_Setting = "";
				SDKROOT = iphoneos;
			};
			name = Debug;
		};
		03440B95130E76D20097D9DA /* Release */ = {
			isa = XCBuildConfiguration;
			buildSettings = {
				ARCHS = "$(ARCHS_STANDARD_32_BIT)";
				"CODE_SIGN_IDENTITY[sdk=iphoneos*]" = "iPhone Developer";
				GCC_C_LANGUAGE_STANDARD = gnu99;
				GCC_OPTIMIZATION_LEVEL = 3;
				GCC_VERSION = "";
				GCC_WARN_ABOUT_RETURN_TYPE = YES;
				GCC_WARN_UNUSED_VARIABLE = YES;
				IPHONEOS_DEPLOYMENT_TARGET = 4.2;
				LLVM_LTO = NO;
				New_Setting = "";
				OTHER_CFLAGS = "-DNS_BLOCK_ASSERTIONS=1";
				SDKROOT = iphoneos;
			};
			name = Release;
		};
		03440B97130E76D20097D9DA /* Debug */ = {
			isa = XCBuildConfiguration;
			buildSettings = {
				ALWAYS_SEARCH_USER_PATHS = NO;
				COPY_PHASE_STRIP = NO;
				GCC_DYNAMIC_NO_PIC = NO;
				GCC_PRECOMPILE_PREFIX_HEADER = YES;
				GCC_PREFIX_HEADER = "hellstorm/hellstorm-Prefix.pch";
				"GCC_THUMB_SUPPORT[arch=armv6]" = "";
				INFOPLIST_FILE = "hellstorm/hellstorm-Info.plist";
				INSTALL_PATH = "$(LOCAL_APPS_DIR)";
				PRODUCT_NAME = "$(TARGET_NAME)";
				WRAPPER_EXTENSION = app;
			};
			name = Debug;
		};
		03440B98130E76D20097D9DA /* Release */ = {
			isa = XCBuildConfiguration;
			buildSettings = {
				ALWAYS_SEARCH_USER_PATHS = NO;
				COPY_PHASE_STRIP = YES;
				GCC_PRECOMPILE_PREFIX_HEADER = YES;
				GCC_PREFIX_HEADER = "hellstorm/hellstorm-Prefix.pch";
				"GCC_THUMB_SUPPORT[arch=armv6]" = "";
				INFOPLIST_FILE = "hellstorm/hellstorm-Info.plist";
				INSTALL_PATH = "$(LOCAL_APPS_DIR)";
				PRODUCT_NAME = "$(TARGET_NAME)";
				VALIDATE_PRODUCT = YES;
				WRAPPER_EXTENSION = app;
			};
			name = Release;
		};
/* End XCBuildConfiguration section */

/* Begin XCConfigurationList section */
		03440B64130E76D20097D9DA /* Build configuration list for PBXProject "hellstorm" */ = {
			isa = XCConfigurationList;
			buildConfigurations = (
				03440B94130E76D20097D9DA /* Debug */,
				03440B95130E76D20097D9DA /* Release */,
			);
			defaultConfigurationIsVisible = 0;
			defaultConfigurationName = Release;
		};
		03440B96130E76D20097D9DA /* Build configuration list for PBXNativeTarget "hellstorm" */ = {
			isa = XCConfigurationList;
			buildConfigurations = (
				03440B97130E76D20097D9DA /* Debug */,
				03440B98130E76D20097D9DA /* Release */,
			);
			defaultConfigurationIsVisible = 0;
			defaultConfigurationName = Release;
		};
/* End XCConfigurationList section */
	};
	rootObject = 03440B61130E76D20097D9DA /* Project object */;
}
