// !$*UTF8*$!
{
	archiveVersion = 1;
	classes = {
	};
	objectVersion = 46;
	objects = {

/* Begin PBXBuildFile section */
		033B2B68131133B90062A4A3 /* stars.pex in Resources */ = {isa = PBXBuildFile; fileRef = 033B2B66131133B90062A4A3 /* stars.pex */; };
		033B2B69131133B90062A4A3 /* tss.pex in Resources */ = {isa = PBXBuildFile; fileRef = 033B2B67131133B90062A4A3 /* tss.pex */; };
		033B2BA6131147520062A4A3 /* OBJCTexture2D.mm in Sources */ = {isa = PBXBuildFile; fileRef = 033B2B9A131147520062A4A3 /* OBJCTexture2D.mm */; };
		033B2BA7131147520062A4A3 /* ParticleEmitter.mm in Sources */ = {isa = PBXBuildFile; fileRef = 033B2B9C131147520062A4A3 /* ParticleEmitter.mm */; };
		033B2BA8131147520062A4A3 /* NSDataAdditions.m in Sources */ = {isa = PBXBuildFile; fileRef = 033B2BA0131147520062A4A3 /* NSDataAdditions.m */; };
		033B2BA9131147520062A4A3 /* TBXML.m in Sources */ = {isa = PBXBuildFile; fileRef = 033B2BA2131147520062A4A3 /* TBXML.m */; };
		033B2BAA131147520062A4A3 /* TBXMLParticleAdditions.m in Sources */ = {isa = PBXBuildFile; fileRef = 033B2BA4131147520062A4A3 /* TBXMLParticleAdditions.m */; };
		033B2BAB131147520062A4A3 /* WHATS_THIS in Resources */ = {isa = PBXBuildFile; fileRef = 033B2BA5131147520062A4A3 /* WHATS_THIS */; };
		033B2BB51311A6290062A4A3 /* animation_system.cpp in Sources */ = {isa = PBXBuildFile; fileRef = 033B2BB31311A6290062A4A3 /* animation_system.cpp */; };
		03440B6F130E76D20097D9DA /* UIKit.framework in Frameworks */ = {isa = PBXBuildFile; fileRef = 03440B6E130E76D20097D9DA /* UIKit.framework */; };
		03440B71130E76D20097D9DA /* Foundation.framework in Frameworks */ = {isa = PBXBuildFile; fileRef = 03440B70130E76D20097D9DA /* Foundation.framework */; };
		03440B73130E76D20097D9DA /* CoreGraphics.framework in Frameworks */ = {isa = PBXBuildFile; fileRef = 03440B72130E76D20097D9DA /* CoreGraphics.framework */; };
		03440B75130E76D20097D9DA /* QuartzCore.framework in Frameworks */ = {isa = PBXBuildFile; fileRef = 03440B74130E76D20097D9DA /* QuartzCore.framework */; };
		03440B77130E76D20097D9DA /* OpenGLES.framework in Frameworks */ = {isa = PBXBuildFile; fileRef = 03440B76130E76D20097D9DA /* OpenGLES.framework */; };
		03440B7D130E76D20097D9DA /* InfoPlist.strings in Resources */ = {isa = PBXBuildFile; fileRef = 03440B7B130E76D20097D9DA /* InfoPlist.strings */; };
		03440B80130E76D20097D9DA /* main.m in Sources */ = {isa = PBXBuildFile; fileRef = 03440B7F130E76D20097D9DA /* main.m */; };
		03440B83130E76D20097D9DA /* hellstormAppDelegate.m in Sources */ = {isa = PBXBuildFile; fileRef = 03440B82130E76D20097D9DA /* hellstormAppDelegate.m */; };
		03440B86130E76D20097D9DA /* MainWindow.xib in Resources */ = {isa = PBXBuildFile; fileRef = 03440B84130E76D20097D9DA /* MainWindow.xib */; };
		03440B88130E76D20097D9DA /* Shader.fsh in Resources */ = {isa = PBXBuildFile; fileRef = 03440B87130E76D20097D9DA /* Shader.fsh */; };
		03440B8A130E76D20097D9DA /* Shader.vsh in Resources */ = {isa = PBXBuildFile; fileRef = 03440B89130E76D20097D9DA /* Shader.vsh */; };
		03440B8D130E76D20097D9DA /* EAGLView.m in Sources */ = {isa = PBXBuildFile; fileRef = 03440B8C130E76D20097D9DA /* EAGLView.m */; };
		03440B90130E76D20097D9DA /* hellstormViewController.mm in Sources */ = {isa = PBXBuildFile; fileRef = 03440B8F130E76D20097D9DA /* hellstormViewController.mm */; };
		03440B93130E76D20097D9DA /* hellstormViewController.xib in Resources */ = {isa = PBXBuildFile; fileRef = 03440B91130E76D20097D9DA /* hellstormViewController.xib */; };
		03440B9C130E77030097D9DA /* game.cpp in Sources */ = {isa = PBXBuildFile; fileRef = 03440B9A130E77030097D9DA /* game.cpp */; };
		03440B9F130E778B0097D9DA /* scene.cpp in Sources */ = {isa = PBXBuildFile; fileRef = 03440B9D130E778B0097D9DA /* scene.cpp */; };
		03440BA2130E77B70097D9DA /* hellstorm.cpp in Sources */ = {isa = PBXBuildFile; fileRef = 03440BA0130E77B60097D9DA /* hellstorm.cpp */; };
		03440BA5130E77FA0097D9DA /* hs_wrapper.cpp in Sources */ = {isa = PBXBuildFile; fileRef = 03440BA3130E77FA0097D9DA /* hs_wrapper.cpp */; };
		03440BB8130E7E6F0097D9DA /* menu_scene.cpp in Sources */ = {isa = PBXBuildFile; fileRef = 03440BB6130E7E6F0097D9DA /* menu_scene.cpp */; };
		03440BBC130E83430097D9DA /* renderer.cpp in Sources */ = {isa = PBXBuildFile; fileRef = 03440BBA130E83430097D9DA /* renderer.cpp */; };
		03440BC1130E88C10097D9DA /* vec_2d.cpp in Sources */ = {isa = PBXBuildFile; fileRef = 03440BBF130E88C10097D9DA /* vec_2d.cpp */; };
		03440BC4130E8D1D0097D9DA /* texture_2d.cpp in Sources */ = {isa = PBXBuildFile; fileRef = 03440BC2130E8D1C0097D9DA /* texture_2d.cpp */; };
		03440BC7130E8E400097D9DA /* file_util.mm in Sources */ = {isa = PBXBuildFile; fileRef = 03440BC5130E8E3F0097D9DA /* file_util.mm */; };
		03440BD3130E91130097D9DA /* image_DXT.cpp in Sources */ = {isa = PBXBuildFile; fileRef = 03440BCA130E91130097D9DA /* image_DXT.cpp */; };
		03440BD4130E91130097D9DA /* image_helper.cpp in Sources */ = {isa = PBXBuildFile; fileRef = 03440BCC130E91130097D9DA /* image_helper.cpp */; };
		03440BD5130E91130097D9DA /* SOIL.cpp in Sources */ = {isa = PBXBuildFile; fileRef = 03440BCE130E91130097D9DA /* SOIL.cpp */; };
		03440BD6130E91130097D9DA /* stb_image_aug.cpp in Sources */ = {isa = PBXBuildFile; fileRef = 03440BD0130E91130097D9DA /* stb_image_aug.cpp */; };
		03440BD9130E95690097D9DA /* texture_manager.cpp in Sources */ = {isa = PBXBuildFile; fileRef = 03440BD7130E95570097D9DA /* texture_manager.cpp */; };
		03440BDD130E9CDD0097D9DA /* renderable.cpp in Sources */ = {isa = PBXBuildFile; fileRef = 03440BDB130E9CDD0097D9DA /* renderable.cpp */; };
		03440BE3130E9F4B0097D9DA /* quad.cpp in Sources */ = {isa = PBXBuildFile; fileRef = 03440BE1130E9F490097D9DA /* quad.cpp */; };
		03440BE6130EA3B40097D9DA /* atlas_quad.cpp in Sources */ = {isa = PBXBuildFile; fileRef = 03440BE4130EA3AD0097D9DA /* atlas_quad.cpp */; };
		03440BE9130EA7F60097D9DA /* renderable_manager.cpp in Sources */ = {isa = PBXBuildFile; fileRef = 03440BE7130EA7E40097D9DA /* renderable_manager.cpp */; };
		03440BEC130EACD20097D9DA /* bitmap_font.cpp in Sources */ = {isa = PBXBuildFile; fileRef = 03440BEA130EACB20097D9DA /* bitmap_font.cpp */; };
		03440BEF130EAE550097D9DA /* bm_font.c in Sources */ = {isa = PBXBuildFile; fileRef = 03440BED130EAE4D0097D9DA /* bm_font.c */; };
		03440BF1130EB2480097D9DA /* game_back.png in Resources */ = {isa = PBXBuildFile; fileRef = 03440BF0130EB2450097D9DA /* game_back.png */; };
		03440BF6130EB3A30097D9DA /* cool.pex in Resources */ = {isa = PBXBuildFile; fileRef = 03440BF3130EB3A20097D9DA /* cool.pex */; };
		03440BF7130EB3A30097D9DA /* impact20_0.png in Resources */ = {isa = PBXBuildFile; fileRef = 03440BF4130EB3A20097D9DA /* impact20_0.png */; };
		03440BF8130EB3A30097D9DA /* impact20.fnt in Resources */ = {isa = PBXBuildFile; fileRef = 03440BF5130EB3A20097D9DA /* impact20.fnt */; };
		03440C10130EB6860097D9DA /* libz.dylib in Frameworks */ = {isa = PBXBuildFile; fileRef = 03440C0F130EB6810097D9DA /* libz.dylib */; };
		03440C14130EB71A0097D9DA /* particle_emitter.mm in Sources */ = {isa = PBXBuildFile; fileRef = 03440C12130EB7020097D9DA /* particle_emitter.mm */; };
		03452E9113100E740056422D /* actions.cpp in Sources */ = {isa = PBXBuildFile; fileRef = 03452E8F13100E740056422D /* actions.cpp */; };
		03452E94131010260056422D /* action_system.cpp in Sources */ = {isa = PBXBuildFile; fileRef = 03452E92131010260056422D /* action_system.cpp */; };
		0346098D130EC8990086DFDD /* entity_manager.cpp in Sources */ = {isa = PBXBuildFile; fileRef = 0346098B130EC8990086DFDD /* entity_manager.cpp */; };
		03460997130ED8950086DFDD /* components.cpp in Sources */ = {isa = PBXBuildFile; fileRef = 03460995130ED8950086DFDD /* components.cpp */; };
		0346099D130EDEAA0086DFDD /* render_system.cpp in Sources */ = {isa = PBXBuildFile; fileRef = 0346099B130EDEAA0086DFDD /* render_system.cpp */; };
		0346099F130EE89D0086DFDD /* bubbles.png in Resources */ = {isa = PBXBuildFile; fileRef = 0346099E130EE89D0086DFDD /* bubbles.png */; };
		034609A3130FA90B0086DFDD /* particle_system.cpp in Sources */ = {isa = PBXBuildFile; fileRef = 034609A1130FA90B0086DFDD /* particle_system.cpp */; };
		034609A7130FAFA60086DFDD /* corpse_retrieval_system.cpp in Sources */ = {isa = PBXBuildFile; fileRef = 034609A5130FAFA60086DFDD /* corpse_retrieval_system.cpp */; };
		034609AB130FBA210086DFDD /* ConfigFile.cpp in Sources */ = {isa = PBXBuildFile; fileRef = 034609A9130FBA210086DFDD /* ConfigFile.cpp */; };
		034609AE130FBA370086DFDD /* hellstorm_config.cpp in Sources */ = {isa = PBXBuildFile; fileRef = 034609AC130FBA370086DFDD /* hellstorm_config.cpp */; };
		034609B0130FC4BC0086DFDD /* hellstorm.cfg in Resources */ = {isa = PBXBuildFile; fileRef = 034609AF130FC4BC0086DFDD /* hellstorm.cfg */; };
		034609B3130FC7620086DFDD /* timer.cpp in Sources */ = {isa = PBXBuildFile; fileRef = 034609B1130FC7600086DFDD /* timer.cpp */; };
		034609C0130FEB7D0086DFDD /* CDAudioManager.m in Sources */ = {isa = PBXBuildFile; fileRef = 034609B8130FEB7D0086DFDD /* CDAudioManager.m */; };
		034609C1130FEB7D0086DFDD /* CDOpenALSupport.m in Sources */ = {isa = PBXBuildFile; fileRef = 034609BB130FEB7D0086DFDD /* CDOpenALSupport.m */; };
		034609C2130FEB7D0086DFDD /* CocosDenshion.m in Sources */ = {isa = PBXBuildFile; fileRef = 034609BD130FEB7D0086DFDD /* CocosDenshion.m */; };
		034609C3130FEB7D0086DFDD /* SimpleAudioEngine.m in Sources */ = {isa = PBXBuildFile; fileRef = 034609BF130FEB7D0086DFDD /* SimpleAudioEngine.m */; };
		034609C6130FEB9C0086DFDD /* audio_system.mm in Sources */ = {isa = PBXBuildFile; fileRef = 034609C4130FEB9C0086DFDD /* audio_system.mm */; };
		034609C8130FEC9B0086DFDD /* AVFoundation.framework in Frameworks */ = {isa = PBXBuildFile; fileRef = 034609C7130FEC980086DFDD /* AVFoundation.framework */; };
		034609CA130FECA50086DFDD /* OpenAL.framework in Frameworks */ = {isa = PBXBuildFile; fileRef = 034609C9130FECA20086DFDD /* OpenAL.framework */; };
		034609CC130FECAD0086DFDD /* AudioToolbox.framework in Frameworks */ = {isa = PBXBuildFile; fileRef = 034609CB130FECAA0086DFDD /* AudioToolbox.framework */; };
		034609CE130FF04C0086DFDD /* music.mp3 in Resources */ = {isa = PBXBuildFile; fileRef = 034609CD130FF04C0086DFDD /* music.mp3 */; };
		034609D0130FF0D10086DFDD /* click.mp3 in Resources */ = {isa = PBXBuildFile; fileRef = 034609CF130FF0D10086DFDD /* click.mp3 */; };
		03CD6A91130FF8310049531F /* sprite_factory.cpp in Sources */ = {isa = PBXBuildFile; fileRef = 03CD6A8F130FF8310049531F /* sprite_factory.cpp */; };
/* End PBXBuildFile section */

/* Begin PBXFileReference section */
		033B2B66131133B90062A4A3 /* stars.pex */ = {isa = PBXFileReference; fileEncoding = 4; lastKnownFileType = text; path = stars.pex; sourceTree = "<group>"; };
		033B2B67131133B90062A4A3 /* tss.pex */ = {isa = PBXFileReference; fileEncoding = 4; lastKnownFileType = text; path = tss.pex; sourceTree = "<group>"; };
		033B2B98131147520062A4A3 /* Global.h */ = {isa = PBXFileReference; fileEncoding = 4; lastKnownFileType = sourcecode.c.h; path = Global.h; sourceTree = "<group>"; };
		033B2B99131147520062A4A3 /* OBJCTexture2D.h */ = {isa = PBXFileReference; fileEncoding = 4; lastKnownFileType = sourcecode.c.h; path = OBJCTexture2D.h; sourceTree = "<group>"; };
		033B2B9A131147520062A4A3 /* OBJCTexture2D.mm */ = {isa = PBXFileReference; fileEncoding = 4; lastKnownFileType = sourcecode.cpp.objcpp; path = OBJCTexture2D.mm; sourceTree = "<group>"; };
		033B2B9B131147520062A4A3 /* ParticleEmitter.h */ = {isa = PBXFileReference; fileEncoding = 4; lastKnownFileType = sourcecode.c.h; path = ParticleEmitter.h; sourceTree = "<group>"; };
		033B2B9C131147520062A4A3 /* ParticleEmitter.mm */ = {isa = PBXFileReference; fileEncoding = 4; lastKnownFileType = sourcecode.cpp.objcpp; path = ParticleEmitter.mm; sourceTree = "<group>"; };
		033B2B9D131147520062A4A3 /* Structures.h */ = {isa = PBXFileReference; fileEncoding = 4; lastKnownFileType = sourcecode.c.h; path = Structures.h; sourceTree = "<group>"; };
		033B2B9F131147520062A4A3 /* NSDataAdditions.h */ = {isa = PBXFileReference; fileEncoding = 4; lastKnownFileType = sourcecode.c.h; path = NSDataAdditions.h; sourceTree = "<group>"; };
		033B2BA0131147520062A4A3 /* NSDataAdditions.m */ = {isa = PBXFileReference; fileEncoding = 4; lastKnownFileType = sourcecode.c.objc; path = NSDataAdditions.m; sourceTree = "<group>"; };
		033B2BA1131147520062A4A3 /* TBXML.h */ = {isa = PBXFileReference; fileEncoding = 4; lastKnownFileType = sourcecode.c.h; path = TBXML.h; sourceTree = "<group>"; };
		033B2BA2131147520062A4A3 /* TBXML.m */ = {isa = PBXFileReference; fileEncoding = 4; lastKnownFileType = sourcecode.c.objc; path = TBXML.m; sourceTree = "<group>"; };
		033B2BA3131147520062A4A3 /* TBXMLParticleAdditions.h */ = {isa = PBXFileReference; fileEncoding = 4; lastKnownFileType = sourcecode.c.h; path = TBXMLParticleAdditions.h; sourceTree = "<group>"; };
		033B2BA4131147520062A4A3 /* TBXMLParticleAdditions.m */ = {isa = PBXFileReference; fileEncoding = 4; lastKnownFileType = sourcecode.c.objc; path = TBXMLParticleAdditions.m; sourceTree = "<group>"; };
		033B2BA5131147520062A4A3 /* WHATS_THIS */ = {isa = PBXFileReference; fileEncoding = 4; lastKnownFileType = text; path = WHATS_THIS; sourceTree = "<group>"; };
		033B2BB31311A6290062A4A3 /* animation_system.cpp */ = {isa = PBXFileReference; fileEncoding = 4; lastKnownFileType = sourcecode.cpp.cpp; path = animation_system.cpp; sourceTree = "<group>"; };
		033B2BB41311A6290062A4A3 /* animation_system.h */ = {isa = PBXFileReference; fileEncoding = 4; lastKnownFileType = sourcecode.c.h; path = animation_system.h; sourceTree = "<group>"; };
		03440B6A130E76D20097D9DA /* hellstorm.app */ = {isa = PBXFileReference; explicitFileType = wrapper.application; includeInIndex = 0; path = hellstorm.app; sourceTree = BUILT_PRODUCTS_DIR; };
		03440B6E130E76D20097D9DA /* UIKit.framework */ = {isa = PBXFileReference; lastKnownFileType = wrapper.framework; name = UIKit.framework; path = System/Library/Frameworks/UIKit.framework; sourceTree = SDKROOT; };
		03440B70130E76D20097D9DA /* Foundation.framework */ = {isa = PBXFileReference; lastKnownFileType = wrapper.framework; name = Foundation.framework; path = System/Library/Frameworks/Foundation.framework; sourceTree = SDKROOT; };
		03440B72130E76D20097D9DA /* CoreGraphics.framework */ = {isa = PBXFileReference; lastKnownFileType = wrapper.framework; name = CoreGraphics.framework; path = System/Library/Frameworks/CoreGraphics.framework; sourceTree = SDKROOT; };
		03440B74130E76D20097D9DA /* QuartzCore.framework */ = {isa = PBXFileReference; lastKnownFileType = wrapper.framework; name = QuartzCore.framework; path = System/Library/Frameworks/QuartzCore.framework; sourceTree = SDKROOT; };
		03440B76130E76D20097D9DA /* OpenGLES.framework */ = {isa = PBXFileReference; lastKnownFileType = wrapper.framework; name = OpenGLES.framework; path = System/Library/Frameworks/OpenGLES.framework; sourceTree = SDKROOT; };
		03440B7A130E76D20097D9DA /* hellstorm-Info.plist */ = {isa = PBXFileReference; lastKnownFileType = text.plist.xml; path = "hellstorm-Info.plist"; sourceTree = "<group>"; };
		03440B7C130E76D20097D9DA /* en */ = {isa = PBXFileReference; lastKnownFileType = text.plist.strings; name = en; path = en.lproj/InfoPlist.strings; sourceTree = "<group>"; };
		03440B7E130E76D20097D9DA /* hellstorm-Prefix.pch */ = {isa = PBXFileReference; lastKnownFileType = sourcecode.c.h; path = "hellstorm-Prefix.pch"; sourceTree = "<group>"; };
		03440B7F130E76D20097D9DA /* main.m */ = {isa = PBXFileReference; lastKnownFileType = sourcecode.c.objc; path = main.m; sourceTree = "<group>"; };
		03440B81130E76D20097D9DA /* hellstormAppDelegate.h */ = {isa = PBXFileReference; lastKnownFileType = sourcecode.c.h; path = hellstormAppDelegate.h; sourceTree = "<group>"; };
		03440B82130E76D20097D9DA /* hellstormAppDelegate.m */ = {isa = PBXFileReference; lastKnownFileType = sourcecode.c.objc; path = hellstormAppDelegate.m; sourceTree = "<group>"; };
		03440B85130E76D20097D9DA /* en */ = {isa = PBXFileReference; lastKnownFileType = file.xib; name = en; path = en.lproj/MainWindow.xib; sourceTree = "<group>"; };
		03440B87130E76D20097D9DA /* Shader.fsh */ = {isa = PBXFileReference; lastKnownFileType = sourcecode.glsl; name = Shader.fsh; path = Shaders/Shader.fsh; sourceTree = "<group>"; };
		03440B89130E76D20097D9DA /* Shader.vsh */ = {isa = PBXFileReference; lastKnownFileType = sourcecode.glsl; name = Shader.vsh; path = Shaders/Shader.vsh; sourceTree = "<group>"; };
		03440B8B130E76D20097D9DA /* EAGLView.h */ = {isa = PBXFileReference; lastKnownFileType = sourcecode.c.h; path = EAGLView.h; sourceTree = "<group>"; };
		03440B8C130E76D20097D9DA /* EAGLView.m */ = {isa = PBXFileReference; lastKnownFileType = sourcecode.c.objc; path = EAGLView.m; sourceTree = "<group>"; };
		03440B8E130E76D20097D9DA /* hellstormViewController.h */ = {isa = PBXFileReference; lastKnownFileType = sourcecode.c.h; path = hellstormViewController.h; sourceTree = "<group>"; };
		03440B8F130E76D20097D9DA /* hellstormViewController.mm */ = {isa = PBXFileReference; lastKnownFileType = sourcecode.cpp.objcpp; path = hellstormViewController.mm; sourceTree = "<group>"; };
		03440B92130E76D20097D9DA /* en */ = {isa = PBXFileReference; lastKnownFileType = file.xib; name = en; path = en.lproj/hellstormViewController.xib; sourceTree = "<group>"; };
		03440B9A130E77030097D9DA /* game.cpp */ = {isa = PBXFileReference; fileEncoding = 4; lastKnownFileType = sourcecode.cpp.cpp; path = game.cpp; sourceTree = "<group>"; };
		03440B9B130E77030097D9DA /* game.h */ = {isa = PBXFileReference; fileEncoding = 4; lastKnownFileType = sourcecode.c.h; path = game.h; sourceTree = "<group>"; };
		03440B9D130E778B0097D9DA /* scene.cpp */ = {isa = PBXFileReference; fileEncoding = 4; lastKnownFileType = sourcecode.cpp.cpp; path = scene.cpp; sourceTree = "<group>"; };
		03440B9E130E778B0097D9DA /* scene.h */ = {isa = PBXFileReference; fileEncoding = 4; lastKnownFileType = sourcecode.c.h; path = scene.h; sourceTree = "<group>"; };
		03440BA0130E77B60097D9DA /* hellstorm.cpp */ = {isa = PBXFileReference; fileEncoding = 4; lastKnownFileType = sourcecode.cpp.cpp; path = hellstorm.cpp; sourceTree = "<group>"; };
		03440BA1130E77B60097D9DA /* hellstorm.h */ = {isa = PBXFileReference; fileEncoding = 4; lastKnownFileType = sourcecode.c.h; path = hellstorm.h; sourceTree = "<group>"; };
		03440BA3130E77FA0097D9DA /* hs_wrapper.cpp */ = {isa = PBXFileReference; fileEncoding = 4; lastKnownFileType = sourcecode.cpp.cpp; path = hs_wrapper.cpp; sourceTree = "<group>"; };
		03440BA4130E77FA0097D9DA /* hs_wrapper.h */ = {isa = PBXFileReference; fileEncoding = 4; lastKnownFileType = sourcecode.c.h; path = hs_wrapper.h; sourceTree = "<group>"; };
		03440BB6130E7E6F0097D9DA /* menu_scene.cpp */ = {isa = PBXFileReference; fileEncoding = 4; lastKnownFileType = sourcecode.cpp.cpp; path = menu_scene.cpp; sourceTree = "<group>"; };
		03440BB7130E7E6F0097D9DA /* menu_scene.h */ = {isa = PBXFileReference; fileEncoding = 4; lastKnownFileType = sourcecode.c.h; path = menu_scene.h; sourceTree = "<group>"; };
		03440BBA130E83430097D9DA /* renderer.cpp */ = {isa = PBXFileReference; fileEncoding = 4; lastKnownFileType = sourcecode.cpp.cpp; path = renderer.cpp; sourceTree = "<group>"; };
		03440BBB130E83430097D9DA /* renderer.h */ = {isa = PBXFileReference; fileEncoding = 4; lastKnownFileType = sourcecode.c.h; path = renderer.h; sourceTree = "<group>"; };
		03440BBD130E84F60097D9DA /* hs_ogl.h */ = {isa = PBXFileReference; fileEncoding = 4; lastKnownFileType = sourcecode.c.h; path = hs_ogl.h; sourceTree = "<group>"; };
		03440BBF130E88C10097D9DA /* vec_2d.cpp */ = {isa = PBXFileReference; fileEncoding = 4; lastKnownFileType = sourcecode.cpp.cpp; path = vec_2d.cpp; sourceTree = "<group>"; };
		03440BC0130E88C10097D9DA /* vec_2d.h */ = {isa = PBXFileReference; fileEncoding = 4; lastKnownFileType = sourcecode.c.h; path = vec_2d.h; sourceTree = "<group>"; };
		03440BC2130E8D1C0097D9DA /* texture_2d.cpp */ = {isa = PBXFileReference; fileEncoding = 4; lastKnownFileType = sourcecode.cpp.cpp; path = texture_2d.cpp; sourceTree = "<group>"; };
		03440BC3130E8D1C0097D9DA /* texture_2d.h */ = {isa = PBXFileReference; fileEncoding = 4; lastKnownFileType = sourcecode.c.h; path = texture_2d.h; sourceTree = "<group>"; };
		03440BC5130E8E3F0097D9DA /* file_util.mm */ = {isa = PBXFileReference; fileEncoding = 4; lastKnownFileType = sourcecode.cpp.objcpp; path = file_util.mm; sourceTree = "<group>"; };
		03440BC6130E8E3F0097D9DA /* file_util.h */ = {isa = PBXFileReference; fileEncoding = 4; lastKnownFileType = sourcecode.c.h; path = file_util.h; sourceTree = "<group>"; };
		03440BC9130E91130097D9DA /* image_DXT.h */ = {isa = PBXFileReference; fileEncoding = 4; lastKnownFileType = sourcecode.c.h; path = image_DXT.h; sourceTree = "<group>"; };
		03440BCA130E91130097D9DA /* image_DXT.cpp */ = {isa = PBXFileReference; fileEncoding = 4; lastKnownFileType = sourcecode.cpp.cpp; path = image_DXT.cpp; sourceTree = "<group>"; };
		03440BCB130E91130097D9DA /* image_helper.h */ = {isa = PBXFileReference; fileEncoding = 4; lastKnownFileType = sourcecode.c.h; path = image_helper.h; sourceTree = "<group>"; };
		03440BCC130E91130097D9DA /* image_helper.cpp */ = {isa = PBXFileReference; fileEncoding = 4; lastKnownFileType = sourcecode.cpp.cpp; path = image_helper.cpp; sourceTree = "<group>"; };
		03440BCD130E91130097D9DA /* SOIL.h */ = {isa = PBXFileReference; fileEncoding = 4; lastKnownFileType = sourcecode.c.h; path = SOIL.h; sourceTree = "<group>"; };
		03440BCE130E91130097D9DA /* SOIL.cpp */ = {isa = PBXFileReference; fileEncoding = 4; lastKnownFileType = sourcecode.cpp.cpp; path = SOIL.cpp; sourceTree = "<group>"; };
		03440BCF130E91130097D9DA /* stb_image_aug.h */ = {isa = PBXFileReference; fileEncoding = 4; lastKnownFileType = sourcecode.c.h; path = stb_image_aug.h; sourceTree = "<group>"; };
		03440BD0130E91130097D9DA /* stb_image_aug.cpp */ = {isa = PBXFileReference; fileEncoding = 4; lastKnownFileType = sourcecode.cpp.cpp; path = stb_image_aug.cpp; sourceTree = "<group>"; };
		03440BD1130E91130097D9DA /* stbi_DDS_aug.h */ = {isa = PBXFileReference; fileEncoding = 4; lastKnownFileType = sourcecode.c.h; path = stbi_DDS_aug.h; sourceTree = "<group>"; };
		03440BD2130E91130097D9DA /* stbi_DDS_aug_c.h */ = {isa = PBXFileReference; fileEncoding = 4; lastKnownFileType = sourcecode.c.h; path = stbi_DDS_aug_c.h; sourceTree = "<group>"; };
		03440BD7130E95570097D9DA /* texture_manager.cpp */ = {isa = PBXFileReference; fileEncoding = 4; lastKnownFileType = sourcecode.cpp.cpp; path = texture_manager.cpp; sourceTree = "<group>"; };
		03440BD8130E955C0097D9DA /* texture_manager.h */ = {isa = PBXFileReference; fileEncoding = 4; lastKnownFileType = sourcecode.c.h; path = texture_manager.h; sourceTree = "<group>"; };
		03440BDB130E9CDD0097D9DA /* renderable.cpp */ = {isa = PBXFileReference; fileEncoding = 4; lastKnownFileType = sourcecode.cpp.cpp; path = renderable.cpp; sourceTree = "<group>"; };
		03440BDC130E9CDD0097D9DA /* renderable.h */ = {isa = PBXFileReference; fileEncoding = 4; lastKnownFileType = sourcecode.c.h; path = renderable.h; sourceTree = "<group>"; };
		03440BE1130E9F490097D9DA /* quad.cpp */ = {isa = PBXFileReference; fileEncoding = 4; lastKnownFileType = sourcecode.cpp.cpp; path = quad.cpp; sourceTree = "<group>"; };
		03440BE2130E9F4A0097D9DA /* quad.h */ = {isa = PBXFileReference; fileEncoding = 4; lastKnownFileType = sourcecode.c.h; path = quad.h; sourceTree = "<group>"; };
		03440BE4130EA3AD0097D9DA /* atlas_quad.cpp */ = {isa = PBXFileReference; fileEncoding = 4; lastKnownFileType = sourcecode.cpp.cpp; path = atlas_quad.cpp; sourceTree = "<group>"; };
		03440BE5130EA3AF0097D9DA /* atlas_quad.h */ = {isa = PBXFileReference; fileEncoding = 4; lastKnownFileType = sourcecode.c.h; path = atlas_quad.h; sourceTree = "<group>"; };
		03440BE7130EA7E40097D9DA /* renderable_manager.cpp */ = {isa = PBXFileReference; fileEncoding = 4; lastKnownFileType = sourcecode.cpp.cpp; path = renderable_manager.cpp; sourceTree = "<group>"; };
		03440BE8130EA7E80097D9DA /* renderable_manager.h */ = {isa = PBXFileReference; fileEncoding = 4; lastKnownFileType = sourcecode.c.h; path = renderable_manager.h; sourceTree = "<group>"; };
		03440BEA130EACB20097D9DA /* bitmap_font.cpp */ = {isa = PBXFileReference; fileEncoding = 4; lastKnownFileType = sourcecode.cpp.cpp; path = bitmap_font.cpp; sourceTree = "<group>"; };
		03440BEB130EACBA0097D9DA /* bitmap_font.h */ = {isa = PBXFileReference; fileEncoding = 4; lastKnownFileType = sourcecode.c.h; path = bitmap_font.h; sourceTree = "<group>"; };
		03440BED130EAE4D0097D9DA /* bm_font.c */ = {isa = PBXFileReference; fileEncoding = 4; lastKnownFileType = sourcecode.c.c; path = bm_font.c; sourceTree = "<group>"; };
		03440BEE130EAE500097D9DA /* bm_font.h */ = {isa = PBXFileReference; fileEncoding = 4; lastKnownFileType = sourcecode.c.h; path = bm_font.h; sourceTree = "<group>"; };
		03440BF0130EB2450097D9DA /* game_back.png */ = {isa = PBXFileReference; lastKnownFileType = image.png; name = game_back.png; path = ../game_back.png; sourceTree = "<group>"; };
		03440BF3130EB3A20097D9DA /* cool.pex */ = {isa = PBXFileReference; fileEncoding = 4; lastKnownFileType = text; path = cool.pex; sourceTree = "<group>"; };
		03440BF4130EB3A20097D9DA /* impact20_0.png */ = {isa = PBXFileReference; lastKnownFileType = image.png; path = impact20_0.png; sourceTree = "<group>"; };
		03440BF5130EB3A20097D9DA /* impact20.fnt */ = {isa = PBXFileReference; fileEncoding = 4; lastKnownFileType = text; path = impact20.fnt; sourceTree = "<group>"; };
		03440C0F130EB6810097D9DA /* libz.dylib */ = {isa = PBXFileReference; lastKnownFileType = "compiled.mach-o.dylib"; name = libz.dylib; path = usr/lib/libz.dylib; sourceTree = SDKROOT; };
		03440C12130EB7020097D9DA /* particle_emitter.mm */ = {isa = PBXFileReference; fileEncoding = 4; lastKnownFileType = sourcecode.cpp.objcpp; path = particle_emitter.mm; sourceTree = "<group>"; };
		03440C13130EB70F0097D9DA /* particle_emitter.h */ = {isa = PBXFileReference; fileEncoding = 4; lastKnownFileType = sourcecode.c.h; path = particle_emitter.h; sourceTree = "<group>"; };
		03452E8F13100E740056422D /* actions.cpp */ = {isa = PBXFileReference; fileEncoding = 4; lastKnownFileType = sourcecode.cpp.cpp; path = actions.cpp; sourceTree = "<group>"; };
		03452E9013100E740056422D /* actions.h */ = {isa = PBXFileReference; fileEncoding = 4; lastKnownFileType = sourcecode.c.h; path = actions.h; sourceTree = "<group>"; };
		03452E92131010260056422D /* action_system.cpp */ = {isa = PBXFileReference; fileEncoding = 4; lastKnownFileType = sourcecode.cpp.cpp; path = action_system.cpp; sourceTree = "<group>"; };
		03452E93131010260056422D /* action_system.h */ = {isa = PBXFileReference; fileEncoding = 4; lastKnownFileType = sourcecode.c.h; path = action_system.h; sourceTree = "<group>"; };
		0346098B130EC8990086DFDD /* entity_manager.cpp */ = {isa = PBXFileReference; fileEncoding = 4; lastKnownFileType = sourcecode.cpp.cpp; path = entity_manager.cpp; sourceTree = "<group>"; };
		0346098C130EC8990086DFDD /* entity_manager.h */ = {isa = PBXFileReference; fileEncoding = 4; lastKnownFileType = sourcecode.c.h; path = entity_manager.h; sourceTree = "<group>"; };
		03460995130ED8950086DFDD /* components.cpp */ = {isa = PBXFileReference; fileEncoding = 4; lastKnownFileType = sourcecode.cpp.cpp; path = components.cpp; sourceTree = "<group>"; };
		03460996130ED8950086DFDD /* components.h */ = {isa = PBXFileReference; fileEncoding = 4; lastKnownFileType = sourcecode.c.h; path = components.h; sourceTree = "<group>"; };
		03460998130EDB6A0086DFDD /* hs_types.h */ = {isa = PBXFileReference; fileEncoding = 4; lastKnownFileType = sourcecode.c.h; path = hs_types.h; sourceTree = "<group>"; };
		0346099B130EDEAA0086DFDD /* render_system.cpp */ = {isa = PBXFileReference; fileEncoding = 4; lastKnownFileType = sourcecode.cpp.cpp; path = render_system.cpp; sourceTree = "<group>"; };
		0346099C130EDEAA0086DFDD /* render_system.h */ = {isa = PBXFileReference; fileEncoding = 4; lastKnownFileType = sourcecode.c.h; path = render_system.h; sourceTree = "<group>"; };
		0346099E130EE89D0086DFDD /* bubbles.png */ = {isa = PBXFileReference; lastKnownFileType = image.png; name = bubbles.png; path = ../../../../Users/jrk/c4/Resources/bubbles.png; sourceTree = "<group>"; };
		034609A1130FA90B0086DFDD /* particle_system.cpp */ = {isa = PBXFileReference; fileEncoding = 4; lastKnownFileType = sourcecode.cpp.cpp; path = particle_system.cpp; sourceTree = "<group>"; };
		034609A2130FA90B0086DFDD /* particle_system.h */ = {isa = PBXFileReference; fileEncoding = 4; lastKnownFileType = sourcecode.c.h; path = particle_system.h; sourceTree = "<group>"; };
		034609A5130FAFA60086DFDD /* corpse_retrieval_system.cpp */ = {isa = PBXFileReference; fileEncoding = 4; lastKnownFileType = sourcecode.cpp.cpp; path = corpse_retrieval_system.cpp; sourceTree = "<group>"; };
		034609A6130FAFA60086DFDD /* corpse_retrieval_system.h */ = {isa = PBXFileReference; fileEncoding = 4; lastKnownFileType = sourcecode.c.h; path = corpse_retrieval_system.h; sourceTree = "<group>"; };
		034609A9130FBA210086DFDD /* ConfigFile.cpp */ = {isa = PBXFileReference; fileEncoding = 4; lastKnownFileType = sourcecode.cpp.cpp; path = ConfigFile.cpp; sourceTree = "<group>"; };
		034609AA130FBA210086DFDD /* ConfigFile.h */ = {isa = PBXFileReference; fileEncoding = 4; lastKnownFileType = sourcecode.c.h; path = ConfigFile.h; sourceTree = "<group>"; };
		034609AC130FBA370086DFDD /* hellstorm_config.cpp */ = {isa = PBXFileReference; fileEncoding = 4; lastKnownFileType = sourcecode.cpp.cpp; path = hellstorm_config.cpp; sourceTree = "<group>"; };
		034609AD130FBA370086DFDD /* hellstorm_config.h */ = {isa = PBXFileReference; fileEncoding = 4; lastKnownFileType = sourcecode.c.h; path = hellstorm_config.h; sourceTree = "<group>"; };
		034609AF130FC4BC0086DFDD /* hellstorm.cfg */ = {isa = PBXFileReference; fileEncoding = 4; lastKnownFileType = text; path = hellstorm.cfg; sourceTree = "<group>"; };
		034609B1130FC7600086DFDD /* timer.cpp */ = {isa = PBXFileReference; fileEncoding = 4; lastKnownFileType = sourcecode.cpp.cpp; path = timer.cpp; sourceTree = "<group>"; };
		034609B2130FC7600086DFDD /* timer.h */ = {isa = PBXFileReference; fileEncoding = 4; lastKnownFileType = sourcecode.c.h; path = timer.h; sourceTree = "<group>"; };
		034609B7130FEB7D0086DFDD /* CDAudioManager.h */ = {isa = PBXFileReference; fileEncoding = 4; lastKnownFileType = sourcecode.c.h; path = CDAudioManager.h; sourceTree = "<group>"; };
		034609B8130FEB7D0086DFDD /* CDAudioManager.m */ = {isa = PBXFileReference; fileEncoding = 4; lastKnownFileType = sourcecode.c.objc; path = CDAudioManager.m; sourceTree = "<group>"; };
		034609B9130FEB7D0086DFDD /* CDConfig.h */ = {isa = PBXFileReference; fileEncoding = 4; lastKnownFileType = sourcecode.c.h; path = CDConfig.h; sourceTree = "<group>"; };
		034609BA130FEB7D0086DFDD /* CDOpenALSupport.h */ = {isa = PBXFileReference; fileEncoding = 4; lastKnownFileType = sourcecode.c.h; path = CDOpenALSupport.h; sourceTree = "<group>"; };
		034609BB130FEB7D0086DFDD /* CDOpenALSupport.m */ = {isa = PBXFileReference; fileEncoding = 4; lastKnownFileType = sourcecode.c.objc; path = CDOpenALSupport.m; sourceTree = "<group>"; };
		034609BC130FEB7D0086DFDD /* CocosDenshion.h */ = {isa = PBXFileReference; fileEncoding = 4; lastKnownFileType = sourcecode.c.h; path = CocosDenshion.h; sourceTree = "<group>"; };
		034609BD130FEB7D0086DFDD /* CocosDenshion.m */ = {isa = PBXFileReference; fileEncoding = 4; lastKnownFileType = sourcecode.c.objc; path = CocosDenshion.m; sourceTree = "<group>"; };
		034609BE130FEB7D0086DFDD /* SimpleAudioEngine.h */ = {isa = PBXFileReference; fileEncoding = 4; lastKnownFileType = sourcecode.c.h; path = SimpleAudioEngine.h; sourceTree = "<group>"; };
		034609BF130FEB7D0086DFDD /* SimpleAudioEngine.m */ = {isa = PBXFileReference; fileEncoding = 4; lastKnownFileType = sourcecode.c.objc; path = SimpleAudioEngine.m; sourceTree = "<group>"; };
		034609C4130FEB9C0086DFDD /* audio_system.mm */ = {isa = PBXFileReference; fileEncoding = 4; lastKnownFileType = sourcecode.cpp.objcpp; path = audio_system.mm; sourceTree = "<group>"; };
		034609C5130FEB9C0086DFDD /* audio_system.h */ = {isa = PBXFileReference; fileEncoding = 4; lastKnownFileType = sourcecode.c.h; path = audio_system.h; sourceTree = "<group>"; };
		034609C7130FEC980086DFDD /* AVFoundation.framework */ = {isa = PBXFileReference; lastKnownFileType = wrapper.framework; name = AVFoundation.framework; path = System/Library/Frameworks/AVFoundation.framework; sourceTree = SDKROOT; };
		034609C9130FECA20086DFDD /* OpenAL.framework */ = {isa = PBXFileReference; lastKnownFileType = wrapper.framework; name = OpenAL.framework; path = System/Library/Frameworks/OpenAL.framework; sourceTree = SDKROOT; };
		034609CB130FECAA0086DFDD /* AudioToolbox.framework */ = {isa = PBXFileReference; lastKnownFileType = wrapper.framework; name = AudioToolbox.framework; path = System/Library/Frameworks/AudioToolbox.framework; sourceTree = SDKROOT; };
		034609CD130FF04C0086DFDD /* music.mp3 */ = {isa = PBXFileReference; lastKnownFileType = audio.mp3; path = music.mp3; sourceTree = "<group>"; };
		034609CF130FF0D10086DFDD /* click.mp3 */ = {isa = PBXFileReference; lastKnownFileType = audio.mp3; path = click.mp3; sourceTree = "<group>"; };
		03CD6A8F130FF8310049531F /* sprite_factory.cpp */ = {isa = PBXFileReference; fileEncoding = 4; lastKnownFileType = sourcecode.cpp.cpp; path = sprite_factory.cpp; sourceTree = "<group>"; };
		03CD6A90130FF8310049531F /* sprite_factory.h */ = {isa = PBXFileReference; fileEncoding = 4; lastKnownFileType = sourcecode.c.h; path = sprite_factory.h; sourceTree = "<group>"; };
/* End PBXFileReference section */

/* Begin PBXFrameworksBuildPhase section */
		03440B67130E76D20097D9DA /* Frameworks */ = {
			isa = PBXFrameworksBuildPhase;
			buildActionMask = 2147483647;
			files = (
				034609CC130FECAD0086DFDD /* AudioToolbox.framework in Frameworks */,
				034609CA130FECA50086DFDD /* OpenAL.framework in Frameworks */,
				034609C8130FEC9B0086DFDD /* AVFoundation.framework in Frameworks */,
				03440C10130EB6860097D9DA /* libz.dylib in Frameworks */,
				03440B6F130E76D20097D9DA /* UIKit.framework in Frameworks */,
				03440B71130E76D20097D9DA /* Foundation.framework in Frameworks */,
				03440B73130E76D20097D9DA /* CoreGraphics.framework in Frameworks */,
				03440B75130E76D20097D9DA /* QuartzCore.framework in Frameworks */,
				03440B77130E76D20097D9DA /* OpenGLES.framework in Frameworks */,
			);
			runOnlyForDeploymentPostprocessing = 0;
		};
/* End PBXFrameworksBuildPhase section */

/* Begin PBXGroup section */
		033B2B97131147520062A4A3 /* Particle Emitter */ = {
			isa = PBXGroup;
			children = (
				033B2B98131147520062A4A3 /* Global.h */,
				033B2B99131147520062A4A3 /* OBJCTexture2D.h */,
				033B2B9A131147520062A4A3 /* OBJCTexture2D.mm */,
				033B2B9B131147520062A4A3 /* ParticleEmitter.h */,
				033B2B9C131147520062A4A3 /* ParticleEmitter.mm */,
				033B2B9D131147520062A4A3 /* Structures.h */,
				033B2B9E131147520062A4A3 /* TBXML */,
				033B2BA3131147520062A4A3 /* TBXMLParticleAdditions.h */,
				033B2BA4131147520062A4A3 /* TBXMLParticleAdditions.m */,
				033B2BA5131147520062A4A3 /* WHATS_THIS */,
			);
			path = "Particle Emitter";
			sourceTree = "<group>";
		};
		033B2B9E131147520062A4A3 /* TBXML */ = {
			isa = PBXGroup;
			children = (
				033B2B9F131147520062A4A3 /* NSDataAdditions.h */,
				033B2BA0131147520062A4A3 /* NSDataAdditions.m */,
				033B2BA1131147520062A4A3 /* TBXML.h */,
				033B2BA2131147520062A4A3 /* TBXML.m */,
			);
			path = TBXML;
			sourceTree = "<group>";
		};
		033B2BB21311A6180062A4A3 /* animation_system */ = {
			isa = PBXGroup;
			children = (
				033B2BB31311A6290062A4A3 /* animation_system.cpp */,
				033B2BB41311A6290062A4A3 /* animation_system.h */,
			);
			name = animation_system;
			sourceTree = "<group>";
		};
		03440B5F130E76D20097D9DA = {
			isa = PBXGroup;
			children = (
				03440B78130E76D20097D9DA /* hellstorm */,
				03440B6D130E76D20097D9DA /* Frameworks */,
				03440B6B130E76D20097D9DA /* Products */,
			);
			sourceTree = "<group>";
		};
		03440B6B130E76D20097D9DA /* Products */ = {
			isa = PBXGroup;
			children = (
				03440B6A130E76D20097D9DA /* hellstorm.app */,
			);
			name = Products;
			sourceTree = "<group>";
		};
		03440B6D130E76D20097D9DA /* Frameworks */ = {
			isa = PBXGroup;
			children = (
				034609CB130FECAA0086DFDD /* AudioToolbox.framework */,
				034609C9130FECA20086DFDD /* OpenAL.framework */,
				034609C7130FEC980086DFDD /* AVFoundation.framework */,
				03440C0F130EB6810097D9DA /* libz.dylib */,
				03440B6E130E76D20097D9DA /* UIKit.framework */,
				03440B70130E76D20097D9DA /* Foundation.framework */,
				03440B72130E76D20097D9DA /* CoreGraphics.framework */,
				03440B74130E76D20097D9DA /* QuartzCore.framework */,
				03440B76130E76D20097D9DA /* OpenGLES.framework */,
			);
			name = Frameworks;
			sourceTree = "<group>";
		};
		03440B78130E76D20097D9DA /* hellstorm */ = {
			isa = PBXGroup;
			children = (
				03440BB5130E7E600097D9DA /* testgame */,
				03440B99130E76E80097D9DA /* hellstorm */,
				03440B81130E76D20097D9DA /* hellstormAppDelegate.h */,
				03440B82130E76D20097D9DA /* hellstormAppDelegate.m */,
				03440B84130E76D20097D9DA /* MainWindow.xib */,
				03440B87130E76D20097D9DA /* Shader.fsh */,
				03440B89130E76D20097D9DA /* Shader.vsh */,
				03440B8B130E76D20097D9DA /* EAGLView.h */,
				03440B8C130E76D20097D9DA /* EAGLView.m */,
				03440B8E130E76D20097D9DA /* hellstormViewController.h */,
				03440B8F130E76D20097D9DA /* hellstormViewController.mm */,
				03440B91130E76D20097D9DA /* hellstormViewController.xib */,
				03440B79130E76D20097D9DA /* Supporting Files */,
				03440BA3130E77FA0097D9DA /* hs_wrapper.cpp */,
				03440BA4130E77FA0097D9DA /* hs_wrapper.h */,
			);
			path = hellstorm;
			sourceTree = "<group>";
		};
		03440B79130E76D20097D9DA /* Supporting Files */ = {
			isa = PBXGroup;
			children = (
				03440B7A130E76D20097D9DA /* hellstorm-Info.plist */,
				03440B7B130E76D20097D9DA /* InfoPlist.strings */,
				03440B7E130E76D20097D9DA /* hellstorm-Prefix.pch */,
				03440B7F130E76D20097D9DA /* main.m */,
			);
			name = "Supporting Files";
			sourceTree = "<group>";
		};
		03440B99130E76E80097D9DA /* hellstorm */ = {
			isa = PBXGroup;
			children = (
				034609B4130FEB490086DFDD /* audio */,
				034609A8130FBA0B0086DFDD /* config */,
				03460988130EC8790086DFDD /* entity system */,
				03440BBE130E88A30097D9DA /* util */,
				03440BB9130E83250097D9DA /* graphics */,
				03440B9A130E77030097D9DA /* game.cpp */,
				03440B9B130E77030097D9DA /* game.h */,
				03440B9D130E778B0097D9DA /* scene.cpp */,
				03440B9E130E778B0097D9DA /* scene.h */,
				03440BA0130E77B60097D9DA /* hellstorm.cpp */,
				03440BA1130E77B60097D9DA /* hellstorm.h */,
				03460998130EDB6A0086DFDD /* hs_types.h */,
			);
			name = hellstorm;
			sourceTree = "<group>";
		};
		03440BB5130E7E600097D9DA /* testgame */ = {
			isa = PBXGroup;
			children = (
				03440BF2130EB2540097D9DA /* Resources */,
				03440BB6130E7E6F0097D9DA /* menu_scene.cpp */,
				03440BB7130E7E6F0097D9DA /* menu_scene.h */,
			);
			name = testgame;
			sourceTree = "<group>";
		};
		03440BB9130E83250097D9DA /* graphics */ = {
			isa = PBXGroup;
			children = (
				03440BDA130E9CCA0097D9DA /* renderables */,
				03440BBA130E83430097D9DA /* renderer.cpp */,
				03440BBB130E83430097D9DA /* renderer.h */,
				03440BBD130E84F60097D9DA /* hs_ogl.h */,
				03440BC2130E8D1C0097D9DA /* texture_2d.cpp */,
				03440BC3130E8D1C0097D9DA /* texture_2d.h */,
				03440BD7130E95570097D9DA /* texture_manager.cpp */,
				03440BD8130E955C0097D9DA /* texture_manager.h */,
			);
			name = graphics;
			sourceTree = "<group>";
		};
		03440BBE130E88A30097D9DA /* util */ = {
			isa = PBXGroup;
			children = (
				03440BBF130E88C10097D9DA /* vec_2d.cpp */,
				03440BC0130E88C10097D9DA /* vec_2d.h */,
				03440BC5130E8E3F0097D9DA /* file_util.mm */,
				03440BC6130E8E3F0097D9DA /* file_util.h */,
				034609B1130FC7600086DFDD /* timer.cpp */,
				034609B2130FC7600086DFDD /* timer.h */,
			);
			name = util;
			sourceTree = "<group>";
		};
		03440BC8130E91120097D9DA /* SOIL_iPhone */ = {
			isa = PBXGroup;
			children = (
				03440BC9130E91130097D9DA /* image_DXT.h */,
				03440BCA130E91130097D9DA /* image_DXT.cpp */,
				03440BCB130E91130097D9DA /* image_helper.h */,
				03440BCC130E91130097D9DA /* image_helper.cpp */,
				03440BCD130E91130097D9DA /* SOIL.h */,
				03440BCE130E91130097D9DA /* SOIL.cpp */,
				03440BCF130E91130097D9DA /* stb_image_aug.h */,
				03440BD0130E91130097D9DA /* stb_image_aug.cpp */,
				03440BD1130E91130097D9DA /* stbi_DDS_aug.h */,
				03440BD2130E91130097D9DA /* stbi_DDS_aug_c.h */,
			);
			path = SOIL_iPhone;
			sourceTree = "<group>";
		};
		03440BDA130E9CCA0097D9DA /* renderables */ = {
			isa = PBXGroup;
			children = (
				03440C11130EB6AE0097D9DA /* ext */,
				03440BDB130E9CDD0097D9DA /* renderable.cpp */,
				03440BDC130E9CDD0097D9DA /* renderable.h */,
				03440BE1130E9F490097D9DA /* quad.cpp */,
				03440BE2130E9F4A0097D9DA /* quad.h */,
				03440BE4130EA3AD0097D9DA /* atlas_quad.cpp */,
				03440BE5130EA3AF0097D9DA /* atlas_quad.h */,
				03440BE7130EA7E40097D9DA /* renderable_manager.cpp */,
				03440BE8130EA7E80097D9DA /* renderable_manager.h */,
				03440BEA130EACB20097D9DA /* bitmap_font.cpp */,
				03440BEB130EACBA0097D9DA /* bitmap_font.h */,
				03440C12130EB7020097D9DA /* particle_emitter.mm */,
				03440C13130EB70F0097D9DA /* particle_emitter.h */,
			);
			name = renderables;
			sourceTree = "<group>";
		};
		03440BF2130EB2540097D9DA /* Resources */ = {
			isa = PBXGroup;
			children = (
				033B2B66131133B90062A4A3 /* stars.pex */,
				033B2B67131133B90062A4A3 /* tss.pex */,
				034609CF130FF0D10086DFDD /* click.mp3 */,
				034609CD130FF04C0086DFDD /* music.mp3 */,
				034609AF130FC4BC0086DFDD /* hellstorm.cfg */,
				0346099E130EE89D0086DFDD /* bubbles.png */,
				03440BF3130EB3A20097D9DA /* cool.pex */,
				03440BF4130EB3A20097D9DA /* impact20_0.png */,
				03440BF5130EB3A20097D9DA /* impact20.fnt */,
				03440BF0130EB2450097D9DA /* game_back.png */,
			);
			name = Resources;
			sourceTree = "<group>";
		};
		03440BF9130EB5600097D9DA /* font */ = {
			isa = PBXGroup;
			children = (
				03440BED130EAE4D0097D9DA /* bm_font.c */,
				03440BEE130EAE500097D9DA /* bm_font.h */,
			);
			name = font;
			sourceTree = "<group>";
		};
		03440C11130EB6AE0097D9DA /* ext */ = {
			isa = PBXGroup;
			children = (
				033B2B97131147520062A4A3 /* Particle Emitter */,
				03440BC8130E91120097D9DA /* SOIL_iPhone */,
				03440BF9130EB5600097D9DA /* font */,
			);
			name = ext;
			sourceTree = "<group>";
		};
		03452E8D13100E620056422D /* action_system */ = {
			isa = PBXGroup;
			children = (
				03452E8F13100E740056422D /* actions.cpp */,
				03452E9013100E740056422D /* actions.h */,
				03452E92131010260056422D /* action_system.cpp */,
				03452E93131010260056422D /* action_system.h */,
			);
			name = action_system;
			sourceTree = "<group>";
		};
		03460988130EC8790086DFDD /* entity system */ = {
			isa = PBXGroup;
			children = (
				03CD6A8D130FF8240049531F /* factories */,
				03460999130EDE940086DFDD /* systems */,
				03460994130ED8810086DFDD /* components */,
				0346098A130EC8880086DFDD /* entity_manager */,
			);
			name = "entity system";
			sourceTree = "<group>";
		};
		0346098A130EC8880086DFDD /* entity_manager */ = {
			isa = PBXGroup;
			children = (
				0346098B130EC8990086DFDD /* entity_manager.cpp */,
				0346098C130EC8990086DFDD /* entity_manager.h */,
			);
			name = entity_manager;
			sourceTree = "<group>";
		};
		03460994130ED8810086DFDD /* components */ = {
			isa = PBXGroup;
			children = (
				03460996130ED8950086DFDD /* components.h */,
				03460995130ED8950086DFDD /* components.cpp */,
			);
			name = components;
			sourceTree = "<group>";
		};
		03460999130EDE940086DFDD /* systems */ = {
			isa = PBXGroup;
			children = (
				033B2BB21311A6180062A4A3 /* animation_system */,
				03452E8D13100E620056422D /* action_system */,
				034609A4130FAF6D0086DFDD /* corpse_retrieval_system */,
				034609A0130FA8FC0086DFDD /* particle_system */,
				0346099A130EDE9D0086DFDD /* render_system */,
			);
			name = systems;
			sourceTree = "<group>";
		};
		0346099A130EDE9D0086DFDD /* render_system */ = {
			isa = PBXGroup;
			children = (
				0346099B130EDEAA0086DFDD /* render_system.cpp */,
				0346099C130EDEAA0086DFDD /* render_system.h */,
			);
			name = render_system;
			sourceTree = "<group>";
		};
		034609A0130FA8FC0086DFDD /* particle_system */ = {
			isa = PBXGroup;
			children = (
				034609A1130FA90B0086DFDD /* particle_system.cpp */,
				034609A2130FA90B0086DFDD /* particle_system.h */,
			);
			name = particle_system;
			sourceTree = "<group>";
		};
		034609A4130FAF6D0086DFDD /* corpse_retrieval_system */ = {
			isa = PBXGroup;
			children = (
				034609A5130FAFA60086DFDD /* corpse_retrieval_system.cpp */,
				034609A6130FAFA60086DFDD /* corpse_retrieval_system.h */,
			);
			name = corpse_retrieval_system;
			sourceTree = "<group>";
		};
		034609A8130FBA0B0086DFDD /* config */ = {
			isa = PBXGroup;
			children = (
				034609A9130FBA210086DFDD /* ConfigFile.cpp */,
				034609AA130FBA210086DFDD /* ConfigFile.h */,
				034609AC130FBA370086DFDD /* hellstorm_config.cpp */,
				034609AD130FBA370086DFDD /* hellstorm_config.h */,
			);
			name = config;
			sourceTree = "<group>";
		};
		034609B4130FEB490086DFDD /* audio */ = {
			isa = PBXGroup;
			children = (
				034609B5130FEB5F0086DFDD /* ext */,
				034609C4130FEB9C0086DFDD /* audio_system.mm */,
				034609C5130FEB9C0086DFDD /* audio_system.h */,
			);
			name = audio;
			sourceTree = "<group>";
		};
		034609B5130FEB5F0086DFDD /* ext */ = {
			isa = PBXGroup;
			children = (
				034609B6130FEB7D0086DFDD /* CocosDenshion */,
			);
			name = ext;
			sourceTree = "<group>";
		};
		034609B6130FEB7D0086DFDD /* CocosDenshion */ = {
			isa = PBXGroup;
			children = (
				034609B7130FEB7D0086DFDD /* CDAudioManager.h */,
				034609B8130FEB7D0086DFDD /* CDAudioManager.m */,
				034609B9130FEB7D0086DFDD /* CDConfig.h */,
				034609BA130FEB7D0086DFDD /* CDOpenALSupport.h */,
				034609BB130FEB7D0086DFDD /* CDOpenALSupport.m */,
				034609BC130FEB7D0086DFDD /* CocosDenshion.h */,
				034609BD130FEB7D0086DFDD /* CocosDenshion.m */,
				034609BE130FEB7D0086DFDD /* SimpleAudioEngine.h */,
				034609BF130FEB7D0086DFDD /* SimpleAudioEngine.m */,
			);
			path = CocosDenshion;
			sourceTree = "<group>";
		};
		03CD6A8D130FF8240049531F /* factories */ = {
			isa = PBXGroup;
			children = (
				03CD6A8F130FF8310049531F /* sprite_factory.cpp */,
				03CD6A90130FF8310049531F /* sprite_factory.h */,
			);
			name = factories;
			sourceTree = "<group>";
		};
/* End PBXGroup section */

/* Begin PBXNativeTarget section */
		03440B69130E76D20097D9DA /* hellstorm */ = {
			isa = PBXNativeTarget;
			buildConfigurationList = 03440B96130E76D20097D9DA /* Build configuration list for PBXNativeTarget "hellstorm" */;
			buildPhases = (
				03440B66130E76D20097D9DA /* Sources */,
				03440B67130E76D20097D9DA /* Frameworks */,
				03440B68130E76D20097D9DA /* Resources */,
			);
			buildRules = (
			);
			dependencies = (
			);
			name = hellstorm;
			productName = hellstorm;
			productReference = 03440B6A130E76D20097D9DA /* hellstorm.app */;
			productType = "com.apple.product-type.application";
		};
/* End PBXNativeTarget section */

/* Begin PBXProject section */
		03440B61130E76D20097D9DA /* Project object */ = {
			isa = PBXProject;
			buildConfigurationList = 03440B64130E76D20097D9DA /* Build configuration list for PBXProject "hellstorm" */;
			compatibilityVersion = "Xcode 3.2";
			developmentRegion = English;
			hasScannedForEncodings = 0;
			knownRegions = (
				en,
			);
			mainGroup = 03440B5F130E76D20097D9DA;
			productRefGroup = 03440B6B130E76D20097D9DA /* Products */;
			projectDirPath = "";
			projectRoot = "";
			targets = (
				03440B69130E76D20097D9DA /* hellstorm */,
			);
		};
/* End PBXProject section */

/* Begin PBXResourcesBuildPhase section */
		03440B68130E76D20097D9DA /* Resources */ = {
			isa = PBXResourcesBuildPhase;
			buildActionMask = 2147483647;
			files = (
				03440B7D130E76D20097D9DA /* InfoPlist.strings in Resources */,
				03440B86130E76D20097D9DA /* MainWindow.xib in Resources */,
				03440B88130E76D20097D9DA /* Shader.fsh in Resources */,
				03440B8A130E76D20097D9DA /* Shader.vsh in Resources */,
				03440B93130E76D20097D9DA /* hellstormViewController.xib in Resources */,
				03440BF1130EB2480097D9DA /* game_back.png in Resources */,
				03440BF6130EB3A30097D9DA /* cool.pex in Resources */,
				03440BF7130EB3A30097D9DA /* impact20_0.png in Resources */,
				03440BF8130EB3A30097D9DA /* impact20.fnt in Resources */,
				0346099F130EE89D0086DFDD /* bubbles.png in Resources */,
				034609B0130FC4BC0086DFDD /* hellstorm.cfg in Resources */,
				034609CE130FF04C0086DFDD /* music.mp3 in Resources */,
				034609D0130FF0D10086DFDD /* click.mp3 in Resources */,
				033B2B68131133B90062A4A3 /* stars.pex in Resources */,
				033B2B69131133B90062A4A3 /* tss.pex in Resources */,
				033B2BAB131147520062A4A3 /* WHATS_THIS in Resources */,
			);
			runOnlyForDeploymentPostprocessing = 0;
		};
/* End PBXResourcesBuildPhase section */

/* Begin PBXSourcesBuildPhase section */
		03440B66130E76D20097D9DA /* Sources */ = {
			isa = PBXSourcesBuildPhase;
			buildActionMask = 2147483647;
			files = (
				03440B80130E76D20097D9DA /* main.m in Sources */,
				03440B83130E76D20097D9DA /* hellstormAppDelegate.m in Sources */,
				03440B8D130E76D20097D9DA /* EAGLView.m in Sources */,
				03440B90130E76D20097D9DA /* hellstormViewController.mm in Sources */,
				03440B9C130E77030097D9DA /* game.cpp in Sources */,
				03440B9F130E778B0097D9DA /* scene.cpp in Sources */,
				03440BA2130E77B70097D9DA /* hellstorm.cpp in Sources */,
				03440BA5130E77FA0097D9DA /* hs_wrapper.cpp in Sources */,
				03440BB8130E7E6F0097D9DA /* menu_scene.cpp in Sources */,
				03440BBC130E83430097D9DA /* renderer.cpp in Sources */,
				03440BC1130E88C10097D9DA /* vec_2d.cpp in Sources */,
				03440BC4130E8D1D0097D9DA /* texture_2d.cpp in Sources */,
				03440BC7130E8E400097D9DA /* file_util.mm in Sources */,
				03440BD3130E91130097D9DA /* image_DXT.cpp in Sources */,
				03440BD4130E91130097D9DA /* image_helper.cpp in Sources */,
				03440BD5130E91130097D9DA /* SOIL.cpp in Sources */,
				03440BD6130E91130097D9DA /* stb_image_aug.cpp in Sources */,
				03440BD9130E95690097D9DA /* texture_manager.cpp in Sources */,
				03440BDD130E9CDD0097D9DA /* renderable.cpp in Sources */,
				03440BE3130E9F4B0097D9DA /* quad.cpp in Sources */,
				03440BE6130EA3B40097D9DA /* atlas_quad.cpp in Sources */,
				03440BE9130EA7F60097D9DA /* renderable_manager.cpp in Sources */,
				03440BEC130EACD20097D9DA /* bitmap_font.cpp in Sources */,
				03440BEF130EAE550097D9DA /* bm_font.c in Sources */,
				03440C14130EB71A0097D9DA /* particle_emitter.mm in Sources */,
				0346098D130EC8990086DFDD /* entity_manager.cpp in Sources */,
				03460997130ED8950086DFDD /* components.cpp in Sources */,
				0346099D130EDEAA0086DFDD /* render_system.cpp in Sources */,
				034609A3130FA90B0086DFDD /* particle_system.cpp in Sources */,
				034609A7130FAFA60086DFDD /* corpse_retrieval_system.cpp in Sources */,
				034609AB130FBA210086DFDD /* ConfigFile.cpp in Sources */,
				034609AE130FBA370086DFDD /* hellstorm_config.cpp in Sources */,
				034609B3130FC7620086DFDD /* timer.cpp in Sources */,
				034609C0130FEB7D0086DFDD /* CDAudioManager.m in Sources */,
				034609C1130FEB7D0086DFDD /* CDOpenALSupport.m in Sources */,
				034609C2130FEB7D0086DFDD /* CocosDenshion.m in Sources */,
				034609C3130FEB7D0086DFDD /* SimpleAudioEngine.m in Sources */,
				034609C6130FEB9C0086DFDD /* audio_system.mm in Sources */,
				03CD6A91130FF8310049531F /* sprite_factory.cpp in Sources */,
				03452E9113100E740056422D /* actions.cpp in Sources */,
				03452E94131010260056422D /* action_system.cpp in Sources */,
				033B2BA6131147520062A4A3 /* OBJCTexture2D.mm in Sources */,
				033B2BA7131147520062A4A3 /* ParticleEmitter.mm in Sources */,
				033B2BA8131147520062A4A3 /* NSDataAdditions.m in Sources */,
				033B2BA9131147520062A4A3 /* TBXML.m in Sources */,
				033B2BAA131147520062A4A3 /* TBXMLParticleAdditions.m in Sources */,
				033B2BB51311A6290062A4A3 /* animation_system.cpp in Sources */,
			);
			runOnlyForDeploymentPostprocessing = 0;
		};
/* End PBXSourcesBuildPhase section */

/* Begin PBXVariantGroup section */
		03440B7B130E76D20097D9DA /* InfoPlist.strings */ = {
			isa = PBXVariantGroup;
			children = (
				03440B7C130E76D20097D9DA /* en */,
			);
			name = InfoPlist.strings;
			sourceTree = "<group>";
		};
		03440B84130E76D20097D9DA /* MainWindow.xib */ = {
			isa = PBXVariantGroup;
			children = (
				03440B85130E76D20097D9DA /* en */,
			);
			name = MainWindow.xib;
			sourceTree = "<group>";
		};
		03440B91130E76D20097D9DA /* hellstormViewController.xib */ = {
			isa = PBXVariantGroup;
			children = (
				03440B92130E76D20097D9DA /* en */,
			);
			name = hellstormViewController.xib;
			sourceTree = "<group>";
		};
/* End PBXVariantGroup section */

/* Begin XCBuildConfiguration section */
		03440B94130E76D20097D9DA /* Debug */ = {
			isa = XCBuildConfiguration;
			buildSettings = {
				ARCHS = "$(ARCHS_STANDARD_32_BIT)";
				"CODE_SIGN_IDENTITY[sdk=iphoneos*]" = "iPhone Developer";
				GCC_C_LANGUAGE_STANDARD = gnu99;
				GCC_OPTIMIZATION_LEVEL = 3;
				GCC_PREPROCESSOR_DEFINITIONS = DEBUG;
				GCC_VERSION = "";
				GCC_WARN_ABOUT_RETURN_TYPE = YES;
				GCC_WARN_UNUSED_VARIABLE = YES;
				IPHONEOS_DEPLOYMENT_TARGET = 4.2;
				LLVM_LTO = NO;
				New_Setting = "";
				SDKROOT = iphoneos;
			};
			name = Debug;
		};
		03440B95130E76D20097D9DA /* Release */ = {
			isa = XCBuildConfiguration;
			buildSettings = {
				ARCHS = "$(ARCHS_STANDARD_32_BIT)";
				"CODE_SIGN_IDENTITY[sdk=iphoneos*]" = "iPhone Developer";
				GCC_C_LANGUAGE_STANDARD = gnu99;
				GCC_OPTIMIZATION_LEVEL = 3;
				GCC_VERSION = "";
				GCC_WARN_ABOUT_RETURN_TYPE = YES;
				GCC_WARN_UNUSED_VARIABLE = YES;
				IPHONEOS_DEPLOYMENT_TARGET = 4.2;
				LLVM_LTO = NO;
				New_Setting = "";
				OTHER_CFLAGS = "-DNS_BLOCK_ASSERTIONS=1";
				SDKROOT = iphoneos;
			};
			name = Release;
		};
		03440B97130E76D20097D9DA /* Debug */ = {
			isa = XCBuildConfiguration;
			buildSettings = {
				ALWAYS_SEARCH_USER_PATHS = NO;
				COPY_PHASE_STRIP = NO;
				GCC_DYNAMIC_NO_PIC = NO;
				GCC_PRECOMPILE_PREFIX_HEADER = YES;
				GCC_PREFIX_HEADER = "hellstorm/hellstorm-Prefix.pch";
				"GCC_THUMB_SUPPORT[arch=armv6]" = "";
				INFOPLIST_FILE = "hellstorm/hellstorm-Info.plist";
				INSTALL_PATH = "$(LOCAL_APPS_DIR)";
				PRODUCT_NAME = "$(TARGET_NAME)";
				WRAPPER_EXTENSION = app;
			};
			name = Debug;
		};
		03440B98130E76D20097D9DA /* Release */ = {
			isa = XCBuildConfiguration;
			buildSettings = {
				ALWAYS_SEARCH_USER_PATHS = NO;
				COPY_PHASE_STRIP = YES;
				GCC_PRECOMPILE_PREFIX_HEADER = YES;
				GCC_PREFIX_HEADER = "hellstorm/hellstorm-Prefix.pch";
				"GCC_THUMB_SUPPORT[arch=armv6]" = "";
				INFOPLIST_FILE = "hellstorm/hellstorm-Info.plist";
				INSTALL_PATH = "$(LOCAL_APPS_DIR)";
				PRODUCT_NAME = "$(TARGET_NAME)";
				VALIDATE_PRODUCT = YES;
				WRAPPER_EXTENSION = app;
			};
			name = Release;
		};
/* End XCBuildConfiguration section */

/* Begin XCConfigurationList section */
		03440B64130E76D20097D9DA /* Build configuration list for PBXProject "hellstorm" */ = {
			isa = XCConfigurationList;
			buildConfigurations = (
				03440B94130E76D20097D9DA /* Debug */,
				03440B95130E76D20097D9DA /* Release */,
			);
			defaultConfigurationIsVisible = 0;
			defaultConfigurationName = Release;
		};
		03440B96130E76D20097D9DA /* Build configuration list for PBXNativeTarget "hellstorm" */ = {
			isa = XCConfigurationList;
			buildConfigurations = (
				03440B97130E76D20097D9DA /* Debug */,
				03440B98130E76D20097D9DA /* Release */,
			);
			defaultConfigurationIsVisible = 0;
			defaultConfigurationName = Release;
		};
/* End XCConfigurationList section */
	};
	rootObject = 03440B61130E76D20097D9DA /* Project object */;
}
