// !$*UTF8*$!
{
	archiveVersion = 1;
	classes = {
	};
	objectVersion = 46;
	objects = {

/* Begin PBXBuildFile section */
		03440B6F130E76D20097D9DA /* UIKit.framework in Frameworks */ = {isa = PBXBuildFile; fileRef = 03440B6E130E76D20097D9DA /* UIKit.framework */; };
		03440B71130E76D20097D9DA /* Foundation.framework in Frameworks */ = {isa = PBXBuildFile; fileRef = 03440B70130E76D20097D9DA /* Foundation.framework */; };
		03440B73130E76D20097D9DA /* CoreGraphics.framework in Frameworks */ = {isa = PBXBuildFile; fileRef = 03440B72130E76D20097D9DA /* CoreGraphics.framework */; };
		03440B75130E76D20097D9DA /* QuartzCore.framework in Frameworks */ = {isa = PBXBuildFile; fileRef = 03440B74130E76D20097D9DA /* QuartzCore.framework */; };
		03440B77130E76D20097D9DA /* OpenGLES.framework in Frameworks */ = {isa = PBXBuildFile; fileRef = 03440B76130E76D20097D9DA /* OpenGLES.framework */; };
		03440B80130E76D20097D9DA /* main.m in Sources */ = {isa = PBXBuildFile; fileRef = 03440B7F130E76D20097D9DA /* main.m */; };
		03440B83130E76D20097D9DA /* hellstormAppDelegate.mm in Sources */ = {isa = PBXBuildFile; fileRef = 03440B82130E76D20097D9DA /* hellstormAppDelegate.mm */; };
		03440B8D130E76D20097D9DA /* EAGLView.mm in Sources */ = {isa = PBXBuildFile; fileRef = 03440B8C130E76D20097D9DA /* EAGLView.mm */; };
		03440B90130E76D20097D9DA /* hellstormViewController.mm in Sources */ = {isa = PBXBuildFile; fileRef = 03440B8F130E76D20097D9DA /* hellstormViewController.mm */; };
		03440C10130EB6860097D9DA /* libz.dylib in Frameworks */ = {isa = PBXBuildFile; fileRef = 03440C0F130EB6810097D9DA /* libz.dylib */; };
		034609C8130FEC9B0086DFDD /* AVFoundation.framework in Frameworks */ = {isa = PBXBuildFile; fileRef = 034609C7130FEC980086DFDD /* AVFoundation.framework */; };
		034609CA130FECA50086DFDD /* OpenAL.framework in Frameworks */ = {isa = PBXBuildFile; fileRef = 034609C9130FECA20086DFDD /* OpenAL.framework */; };
		034609CC130FECAD0086DFDD /* AudioToolbox.framework in Frameworks */ = {isa = PBXBuildFile; fileRef = 034609CB130FECAA0086DFDD /* AudioToolbox.framework */; };
		0374E1C61313E1ED00BD1FDA /* hellstormViewController.xib in Resources */ = {isa = PBXBuildFile; fileRef = 0374E1C01313E1ED00BD1FDA /* hellstormViewController.xib */; };
		0374E1C71313E1ED00BD1FDA /* InfoPlist.strings in Resources */ = {isa = PBXBuildFile; fileRef = 0374E1C21313E1ED00BD1FDA /* InfoPlist.strings */; };
		0374E1C81313E1ED00BD1FDA /* MainWindow.xib in Resources */ = {isa = PBXBuildFile; fileRef = 0374E1C41313E1ED00BD1FDA /* MainWindow.xib */; };
		0374E1D71313E1FE00BD1FDA /* click.mp3 in Resources */ = {isa = PBXBuildFile; fileRef = 0374E1CB1313E1FE00BD1FDA /* click.mp3 */; };
		0374E1D81313E1FE00BD1FDA /* clocks.png in Resources */ = {isa = PBXBuildFile; fileRef = 0374E1CC1313E1FE00BD1FDA /* clocks.png */; };
		0374E1D91313E1FE00BD1FDA /* cool.pex in Resources */ = {isa = PBXBuildFile; fileRef = 0374E1CD1313E1FE00BD1FDA /* cool.pex */; };
		0374E1DA1313E1FE00BD1FDA /* hellstorm.cfg in Resources */ = {isa = PBXBuildFile; fileRef = 0374E1CE1313E1FE00BD1FDA /* hellstorm.cfg */; };
		0374E1DB1313E1FE00BD1FDA /* impact20.fnt in Resources */ = {isa = PBXBuildFile; fileRef = 0374E1CF1313E1FE00BD1FDA /* impact20.fnt */; };
		0374E1DC1313E1FE00BD1FDA /* impact20_0.png in Resources */ = {isa = PBXBuildFile; fileRef = 0374E1D01313E1FE00BD1FDA /* impact20_0.png */; };
		0374E1DD1313E1FE00BD1FDA /* music.mp3 in Resources */ = {isa = PBXBuildFile; fileRef = 0374E1D11313E1FE00BD1FDA /* music.mp3 */; };
		0374E1DE1313E1FE00BD1FDA /* stars.pex in Resources */ = {isa = PBXBuildFile; fileRef = 0374E1D21313E1FE00BD1FDA /* stars.pex */; };
		0374E1DF1313E1FE00BD1FDA /* tss.pex in Resources */ = {isa = PBXBuildFile; fileRef = 0374E1D31313E1FE00BD1FDA /* tss.pex */; };
		0374E1E01313E1FE00BD1FDA /* menu_scene.cpp in Sources */ = {isa = PBXBuildFile; fileRef = 0374E1D51313E1FE00BD1FDA /* menu_scene.cpp */; };
		0374E2451313E25200BD1FDA /* action_system.cpp in Sources */ = {isa = PBXBuildFile; fileRef = 0374E1E21313E25200BD1FDA /* action_system.cpp */; };
		0374E2461313E25200BD1FDA /* actions.cpp in Sources */ = {isa = PBXBuildFile; fileRef = 0374E1E41313E25200BD1FDA /* actions.cpp */; };
		0374E2471313E25200BD1FDA /* animation_system.cpp in Sources */ = {isa = PBXBuildFile; fileRef = 0374E1E61313E25200BD1FDA /* animation_system.cpp */; };
		0374E2481313E25200BD1FDA /* atlas_quad.cpp in Sources */ = {isa = PBXBuildFile; fileRef = 0374E1E81313E25200BD1FDA /* atlas_quad.cpp */; };
		0374E2491313E25200BD1FDA /* audio_system.mm in Sources */ = {isa = PBXBuildFile; fileRef = 0374E1EB1313E25200BD1FDA /* audio_system.mm */; };
		0374E24A1313E25200BD1FDA /* bitmap_font.cpp in Sources */ = {isa = PBXBuildFile; fileRef = 0374E1EC1313E25200BD1FDA /* bitmap_font.cpp */; };
		0374E24B1313E25200BD1FDA /* bm_font.c in Sources */ = {isa = PBXBuildFile; fileRef = 0374E1EE1313E25200BD1FDA /* bm_font.c */; };
		0374E24C1313E25200BD1FDA /* components.cpp in Sources */ = {isa = PBXBuildFile; fileRef = 0374E1F01313E25200BD1FDA /* components.cpp */; };
		0374E24D1313E25200BD1FDA /* ConfigFile.cpp in Sources */ = {isa = PBXBuildFile; fileRef = 0374E1F21313E25200BD1FDA /* ConfigFile.cpp */; };
		0374E24E1313E25200BD1FDA /* corpse_retrieval_system.cpp in Sources */ = {isa = PBXBuildFile; fileRef = 0374E1F41313E25200BD1FDA /* corpse_retrieval_system.cpp */; };
		0374E24F1313E25200BD1FDA /* entity_manager.cpp in Sources */ = {isa = PBXBuildFile; fileRef = 0374E1F61313E25200BD1FDA /* entity_manager.cpp */; };
		0374E2501313E25200BD1FDA /* CDAudioManager.m in Sources */ = {isa = PBXBuildFile; fileRef = 0374E1FB1313E25200BD1FDA /* CDAudioManager.m */; };
		0374E2511313E25200BD1FDA /* CDOpenALSupport.m in Sources */ = {isa = PBXBuildFile; fileRef = 0374E1FE1313E25200BD1FDA /* CDOpenALSupport.m */; };
		0374E2521313E25200BD1FDA /* CocosDenshion.m in Sources */ = {isa = PBXBuildFile; fileRef = 0374E2001313E25200BD1FDA /* CocosDenshion.m */; };
		0374E2531313E25200BD1FDA /* SimpleAudioEngine.m in Sources */ = {isa = PBXBuildFile; fileRef = 0374E2021313E25200BD1FDA /* SimpleAudioEngine.m */; };
		0374E2541313E25200BD1FDA /* OBJCTexture2D.mm in Sources */ = {isa = PBXBuildFile; fileRef = 0374E2061313E25200BD1FDA /* OBJCTexture2D.mm */; };
		0374E2551313E25200BD1FDA /* ParticleEmitter.mm in Sources */ = {isa = PBXBuildFile; fileRef = 0374E2081313E25200BD1FDA /* ParticleEmitter.mm */; };
		0374E2561313E25200BD1FDA /* NSDataAdditions.m in Sources */ = {isa = PBXBuildFile; fileRef = 0374E20C1313E25200BD1FDA /* NSDataAdditions.m */; };
		0374E2571313E25200BD1FDA /* TBXML.m in Sources */ = {isa = PBXBuildFile; fileRef = 0374E20E1313E25200BD1FDA /* TBXML.m */; };
		0374E2581313E25200BD1FDA /* TBXMLParticleAdditions.m in Sources */ = {isa = PBXBuildFile; fileRef = 0374E2101313E25200BD1FDA /* TBXMLParticleAdditions.m */; };
		0374E2591313E25200BD1FDA /* WHATS_THIS in Resources */ = {isa = PBXBuildFile; fileRef = 0374E2111313E25200BD1FDA /* WHATS_THIS */; };
		0374E25A1313E25200BD1FDA /* image_DXT.cpp in Sources */ = {isa = PBXBuildFile; fileRef = 0374E2131313E25200BD1FDA /* image_DXT.cpp */; };
		0374E25B1313E25200BD1FDA /* image_helper.cpp in Sources */ = {isa = PBXBuildFile; fileRef = 0374E2151313E25200BD1FDA /* image_helper.cpp */; };
		0374E25C1313E25200BD1FDA /* SOIL.cpp in Sources */ = {isa = PBXBuildFile; fileRef = 0374E2171313E25200BD1FDA /* SOIL.cpp */; };
		0374E25D1313E25200BD1FDA /* stb_image_aug.cpp in Sources */ = {isa = PBXBuildFile; fileRef = 0374E2191313E25200BD1FDA /* stb_image_aug.cpp */; };
		0374E25E1313E25200BD1FDA /* file_util.mm in Sources */ = {isa = PBXBuildFile; fileRef = 0374E21E1313E25200BD1FDA /* file_util.mm */; };
		0374E25F1313E25200BD1FDA /* game.cpp in Sources */ = {isa = PBXBuildFile; fileRef = 0374E21F1313E25200BD1FDA /* game.cpp */; };
		0374E2601313E25200BD1FDA /* hellstorm.cpp in Sources */ = {isa = PBXBuildFile; fileRef = 0374E2211313E25200BD1FDA /* hellstorm.cpp */; };
		0374E2611313E25200BD1FDA /* hellstorm_config.cpp in Sources */ = {isa = PBXBuildFile; fileRef = 0374E2231313E25200BD1FDA /* hellstorm_config.cpp */; };
		0374E2621313E25200BD1FDA /* hs_wrapper.cpp in Sources */ = {isa = PBXBuildFile; fileRef = 0374E2271313E25200BD1FDA /* hs_wrapper.cpp */; };
		0374E2631313E25200BD1FDA /* input_device.cpp in Sources */ = {isa = PBXBuildFile; fileRef = 0374E2291313E25200BD1FDA /* input_device.cpp */; };
		0374E2641313E25200BD1FDA /* particle_emitter.mm in Sources */ = {isa = PBXBuildFile; fileRef = 0374E22C1313E25200BD1FDA /* particle_emitter.mm */; };
		0374E2651313E25200BD1FDA /* particle_system.cpp in Sources */ = {isa = PBXBuildFile; fileRef = 0374E22D1313E25200BD1FDA /* particle_system.cpp */; };
		0374E2661313E25200BD1FDA /* quad.cpp in Sources */ = {isa = PBXBuildFile; fileRef = 0374E22F1313E25200BD1FDA /* quad.cpp */; };
		0374E2671313E25200BD1FDA /* render_system.cpp in Sources */ = {isa = PBXBuildFile; fileRef = 0374E2311313E25200BD1FDA /* render_system.cpp */; };
		0374E2681313E25200BD1FDA /* renderable.cpp in Sources */ = {isa = PBXBuildFile; fileRef = 0374E2331313E25200BD1FDA /* renderable.cpp */; };
		0374E2691313E25200BD1FDA /* renderable_manager.cpp in Sources */ = {isa = PBXBuildFile; fileRef = 0374E2351313E25200BD1FDA /* renderable_manager.cpp */; };
		0374E26A1313E25200BD1FDA /* renderer.cpp in Sources */ = {isa = PBXBuildFile; fileRef = 0374E2371313E25200BD1FDA /* renderer.cpp */; };
		0374E26B1313E25200BD1FDA /* scene.cpp in Sources */ = {isa = PBXBuildFile; fileRef = 0374E2391313E25200BD1FDA /* scene.cpp */; };
		0374E26C1313E25200BD1FDA /* sprite_factory.cpp in Sources */ = {isa = PBXBuildFile; fileRef = 0374E23B1313E25200BD1FDA /* sprite_factory.cpp */; };
		0374E26D1313E25200BD1FDA /* texture_2d.cpp in Sources */ = {isa = PBXBuildFile; fileRef = 0374E23D1313E25200BD1FDA /* texture_2d.cpp */; };
		0374E26E1313E25200BD1FDA /* texture_manager.cpp in Sources */ = {isa = PBXBuildFile; fileRef = 0374E23F1313E25200BD1FDA /* texture_manager.cpp */; };
		0374E26F1313E25200BD1FDA /* timer.cpp in Sources */ = {isa = PBXBuildFile; fileRef = 0374E2411313E25200BD1FDA /* timer.cpp */; };
		0374E2701313E25200BD1FDA /* vec_2d.cpp in Sources */ = {isa = PBXBuildFile; fileRef = 0374E2431313E25200BD1FDA /* vec_2d.cpp */; };
/* End PBXBuildFile section */

/* Begin PBXFileReference section */
		03440B6A130E76D20097D9DA /* hellstorm.app */ = {isa = PBXFileReference; explicitFileType = wrapper.application; includeInIndex = 0; path = hellstorm.app; sourceTree = BUILT_PRODUCTS_DIR; };
		03440B6E130E76D20097D9DA /* UIKit.framework */ = {isa = PBXFileReference; lastKnownFileType = wrapper.framework; name = UIKit.framework; path = System/Library/Frameworks/UIKit.framework; sourceTree = SDKROOT; };
		03440B70130E76D20097D9DA /* Foundation.framework */ = {isa = PBXFileReference; lastKnownFileType = wrapper.framework; name = Foundation.framework; path = System/Library/Frameworks/Foundation.framework; sourceTree = SDKROOT; };
		03440B72130E76D20097D9DA /* CoreGraphics.framework */ = {isa = PBXFileReference; lastKnownFileType = wrapper.framework; name = CoreGraphics.framework; path = System/Library/Frameworks/CoreGraphics.framework; sourceTree = SDKROOT; };
		03440B74130E76D20097D9DA /* QuartzCore.framework */ = {isa = PBXFileReference; lastKnownFileType = wrapper.framework; name = QuartzCore.framework; path = System/Library/Frameworks/QuartzCore.framework; sourceTree = SDKROOT; };
		03440B76130E76D20097D9DA /* OpenGLES.framework */ = {isa = PBXFileReference; lastKnownFileType = wrapper.framework; name = OpenGLES.framework; path = System/Library/Frameworks/OpenGLES.framework; sourceTree = SDKROOT; };
		03440B7A130E76D20097D9DA /* hellstorm-Info.plist */ = {isa = PBXFileReference; lastKnownFileType = text.plist.xml; path = "hellstorm-Info.plist"; sourceTree = "<group>"; };
		03440B7E130E76D20097D9DA /* hellstorm-Prefix.pch */ = {isa = PBXFileReference; lastKnownFileType = sourcecode.c.h; path = "hellstorm-Prefix.pch"; sourceTree = "<group>"; };
		03440B7F130E76D20097D9DA /* main.m */ = {isa = PBXFileReference; lastKnownFileType = sourcecode.c.objc; path = main.m; sourceTree = "<group>"; };
		03440B81130E76D20097D9DA /* hellstormAppDelegate.h */ = {isa = PBXFileReference; lastKnownFileType = sourcecode.c.h; path = hellstormAppDelegate.h; sourceTree = "<group>"; };
		03440B82130E76D20097D9DA /* hellstormAppDelegate.mm */ = {isa = PBXFileReference; lastKnownFileType = sourcecode.cpp.objcpp; path = hellstormAppDelegate.mm; sourceTree = "<group>"; };
		03440B8B130E76D20097D9DA /* EAGLView.h */ = {isa = PBXFileReference; lastKnownFileType = sourcecode.c.h; path = EAGLView.h; sourceTree = "<group>"; };
		03440B8C130E76D20097D9DA /* EAGLView.mm */ = {isa = PBXFileReference; lastKnownFileType = sourcecode.cpp.objcpp; path = EAGLView.mm; sourceTree = "<group>"; };
		03440B8E130E76D20097D9DA /* hellstormViewController.h */ = {isa = PBXFileReference; lastKnownFileType = sourcecode.c.h; path = hellstormViewController.h; sourceTree = "<group>"; };
		03440B8F130E76D20097D9DA /* hellstormViewController.mm */ = {isa = PBXFileReference; lastKnownFileType = sourcecode.cpp.objcpp; path = hellstormViewController.mm; sourceTree = "<group>"; };
		03440C0F130EB6810097D9DA /* libz.dylib */ = {isa = PBXFileReference; lastKnownFileType = "compiled.mach-o.dylib"; name = libz.dylib; path = usr/lib/libz.dylib; sourceTree = SDKROOT; };
		034609C7130FEC980086DFDD /* AVFoundation.framework */ = {isa = PBXFileReference; lastKnownFileType = wrapper.framework; name = AVFoundation.framework; path = System/Library/Frameworks/AVFoundation.framework; sourceTree = SDKROOT; };
		034609C9130FECA20086DFDD /* OpenAL.framework */ = {isa = PBXFileReference; lastKnownFileType = wrapper.framework; name = OpenAL.framework; path = System/Library/Frameworks/OpenAL.framework; sourceTree = SDKROOT; };
		034609CB130FECAA0086DFDD /* AudioToolbox.framework */ = {isa = PBXFileReference; lastKnownFileType = wrapper.framework; name = AudioToolbox.framework; path = System/Library/Frameworks/AudioToolbox.framework; sourceTree = SDKROOT; };
		0374E1C11313E1ED00BD1FDA /* en */ = {isa = PBXFileReference; lastKnownFileType = file.xib; name = en; path = en.lproj/hellstormViewController.xib; sourceTree = "<group>"; };
		0374E1C31313E1ED00BD1FDA /* en */ = {isa = PBXFileReference; lastKnownFileType = text.plist.strings; name = en; path = en.lproj/InfoPlist.strings; sourceTree = "<group>"; };
		0374E1C51313E1ED00BD1FDA /* en */ = {isa = PBXFileReference; lastKnownFileType = file.xib; name = en; path = en.lproj/MainWindow.xib; sourceTree = "<group>"; };
		0374E1CB1313E1FE00BD1FDA /* click.mp3 */ = {isa = PBXFileReference; lastKnownFileType = audio.mp3; path = click.mp3; sourceTree = "<group>"; };
		0374E1CC1313E1FE00BD1FDA /* clocks.png */ = {isa = PBXFileReference; lastKnownFileType = image.png; path = clocks.png; sourceTree = "<group>"; };
		0374E1CD1313E1FE00BD1FDA /* cool.pex */ = {isa = PBXFileReference; fileEncoding = 4; lastKnownFileType = text; path = cool.pex; sourceTree = "<group>"; };
		0374E1CE1313E1FE00BD1FDA /* hellstorm.cfg */ = {isa = PBXFileReference; fileEncoding = 4; lastKnownFileType = text; path = hellstorm.cfg; sourceTree = "<group>"; };
		0374E1CF1313E1FE00BD1FDA /* impact20.fnt */ = {isa = PBXFileReference; fileEncoding = 4; lastKnownFileType = text; path = impact20.fnt; sourceTree = "<group>"; };
		0374E1D01313E1FE00BD1FDA /* impact20_0.png */ = {isa = PBXFileReference; lastKnownFileType = image.png; path = impact20_0.png; sourceTree = "<group>"; };
		0374E1D11313E1FE00BD1FDA /* music.mp3 */ = {isa = PBXFileReference; lastKnownFileType = audio.mp3; path = music.mp3; sourceTree = "<group>"; };
		0374E1D21313E1FE00BD1FDA /* stars.pex */ = {isa = PBXFileReference; fileEncoding = 4; lastKnownFileType = text; path = stars.pex; sourceTree = "<group>"; };
		0374E1D31313E1FE00BD1FDA /* tss.pex */ = {isa = PBXFileReference; fileEncoding = 4; lastKnownFileType = text; path = tss.pex; sourceTree = "<group>"; };
		0374E1D51313E1FE00BD1FDA /* menu_scene.cpp */ = {isa = PBXFileReference; fileEncoding = 4; lastKnownFileType = sourcecode.cpp.cpp; path = menu_scene.cpp; sourceTree = "<group>"; };
		0374E1D61313E1FE00BD1FDA /* menu_scene.h */ = {isa = PBXFileReference; fileEncoding = 4; lastKnownFileType = sourcecode.c.h; path = menu_scene.h; sourceTree = "<group>"; };
		0374E1E21313E25200BD1FDA /* action_system.cpp */ = {isa = PBXFileReference; fileEncoding = 4; lastKnownFileType = sourcecode.cpp.cpp; path = action_system.cpp; sourceTree = "<group>"; };
		0374E1E31313E25200BD1FDA /* action_system.h */ = {isa = PBXFileReference; fileEncoding = 4; lastKnownFileType = sourcecode.c.h; path = action_system.h; sourceTree = "<group>"; };
		0374E1E41313E25200BD1FDA /* actions.cpp */ = {isa = PBXFileReference; fileEncoding = 4; lastKnownFileType = sourcecode.cpp.cpp; path = actions.cpp; sourceTree = "<group>"; };
		0374E1E51313E25200BD1FDA /* actions.h */ = {isa = PBXFileReference; fileEncoding = 4; lastKnownFileType = sourcecode.c.h; path = actions.h; sourceTree = "<group>"; };
		0374E1E61313E25200BD1FDA /* animation_system.cpp */ = {isa = PBXFileReference; fileEncoding = 4; lastKnownFileType = sourcecode.cpp.cpp; path = animation_system.cpp; sourceTree = "<group>"; };
		0374E1E71313E25200BD1FDA /* animation_system.h */ = {isa = PBXFileReference; fileEncoding = 4; lastKnownFileType = sourcecode.c.h; path = animation_system.h; sourceTree = "<group>"; };
		0374E1E81313E25200BD1FDA /* atlas_quad.cpp */ = {isa = PBXFileReference; fileEncoding = 4; lastKnownFileType = sourcecode.cpp.cpp; path = atlas_quad.cpp; sourceTree = "<group>"; };
		0374E1E91313E25200BD1FDA /* atlas_quad.h */ = {isa = PBXFileReference; fileEncoding = 4; lastKnownFileType = sourcecode.c.h; path = atlas_quad.h; sourceTree = "<group>"; };
		0374E1EA1313E25200BD1FDA /* audio_system.h */ = {isa = PBXFileReference; fileEncoding = 4; lastKnownFileType = sourcecode.c.h; path = audio_system.h; sourceTree = "<group>"; };
		0374E1EB1313E25200BD1FDA /* audio_system.mm */ = {isa = PBXFileReference; fileEncoding = 4; lastKnownFileType = sourcecode.cpp.objcpp; path = audio_system.mm; sourceTree = "<group>"; };
		0374E1EC1313E25200BD1FDA /* bitmap_font.cpp */ = {isa = PBXFileReference; fileEncoding = 4; lastKnownFileType = sourcecode.cpp.cpp; path = bitmap_font.cpp; sourceTree = "<group>"; };
		0374E1ED1313E25200BD1FDA /* bitmap_font.h */ = {isa = PBXFileReference; fileEncoding = 4; lastKnownFileType = sourcecode.c.h; path = bitmap_font.h; sourceTree = "<group>"; };
		0374E1EE1313E25200BD1FDA /* bm_font.c */ = {isa = PBXFileReference; fileEncoding = 4; lastKnownFileType = sourcecode.c.c; path = bm_font.c; sourceTree = "<group>"; };
		0374E1EF1313E25200BD1FDA /* bm_font.h */ = {isa = PBXFileReference; fileEncoding = 4; lastKnownFileType = sourcecode.c.h; path = bm_font.h; sourceTree = "<group>"; };
		0374E1F01313E25200BD1FDA /* components.cpp */ = {isa = PBXFileReference; fileEncoding = 4; lastKnownFileType = sourcecode.cpp.cpp; path = components.cpp; sourceTree = "<group>"; };
		0374E1F11313E25200BD1FDA /* components.h */ = {isa = PBXFileReference; fileEncoding = 4; lastKnownFileType = sourcecode.c.h; path = components.h; sourceTree = "<group>"; };
		0374E1F21313E25200BD1FDA /* ConfigFile.cpp */ = {isa = PBXFileReference; fileEncoding = 4; lastKnownFileType = sourcecode.cpp.cpp; path = ConfigFile.cpp; sourceTree = "<group>"; };
		0374E1F31313E25200BD1FDA /* ConfigFile.h */ = {isa = PBXFileReference; fileEncoding = 4; lastKnownFileType = sourcecode.c.h; path = ConfigFile.h; sourceTree = "<group>"; };
		0374E1F41313E25200BD1FDA /* corpse_retrieval_system.cpp */ = {isa = PBXFileReference; fileEncoding = 4; lastKnownFileType = sourcecode.cpp.cpp; path = corpse_retrieval_system.cpp; sourceTree = "<group>"; };
		0374E1F51313E25200BD1FDA /* corpse_retrieval_system.h */ = {isa = PBXFileReference; fileEncoding = 4; lastKnownFileType = sourcecode.c.h; path = corpse_retrieval_system.h; sourceTree = "<group>"; };
		0374E1F61313E25200BD1FDA /* entity_manager.cpp */ = {isa = PBXFileReference; fileEncoding = 4; lastKnownFileType = sourcecode.cpp.cpp; path = entity_manager.cpp; sourceTree = "<group>"; };
		0374E1F71313E25200BD1FDA /* entity_manager.h */ = {isa = PBXFileReference; fileEncoding = 4; lastKnownFileType = sourcecode.c.h; path = entity_manager.h; sourceTree = "<group>"; };
		0374E1FA1313E25200BD1FDA /* CDAudioManager.h */ = {isa = PBXFileReference; fileEncoding = 4; lastKnownFileType = sourcecode.c.h; path = CDAudioManager.h; sourceTree = "<group>"; };
		0374E1FB1313E25200BD1FDA /* CDAudioManager.m */ = {isa = PBXFileReference; fileEncoding = 4; lastKnownFileType = sourcecode.c.objc; path = CDAudioManager.m; sourceTree = "<group>"; };
		0374E1FC1313E25200BD1FDA /* CDConfig.h */ = {isa = PBXFileReference; fileEncoding = 4; lastKnownFileType = sourcecode.c.h; path = CDConfig.h; sourceTree = "<group>"; };
		0374E1FD1313E25200BD1FDA /* CDOpenALSupport.h */ = {isa = PBXFileReference; fileEncoding = 4; lastKnownFileType = sourcecode.c.h; path = CDOpenALSupport.h; sourceTree = "<group>"; };
		0374E1FE1313E25200BD1FDA /* CDOpenALSupport.m */ = {isa = PBXFileReference; fileEncoding = 4; lastKnownFileType = sourcecode.c.objc; path = CDOpenALSupport.m; sourceTree = "<group>"; };
		0374E1FF1313E25200BD1FDA /* CocosDenshion.h */ = {isa = PBXFileReference; fileEncoding = 4; lastKnownFileType = sourcecode.c.h; path = CocosDenshion.h; sourceTree = "<group>"; };
		0374E2001313E25200BD1FDA /* CocosDenshion.m */ = {isa = PBXFileReference; fileEncoding = 4; lastKnownFileType = sourcecode.c.objc; path = CocosDenshion.m; sourceTree = "<group>"; };
		0374E2011313E25200BD1FDA /* SimpleAudioEngine.h */ = {isa = PBXFileReference; fileEncoding = 4; lastKnownFileType = sourcecode.c.h; path = SimpleAudioEngine.h; sourceTree = "<group>"; };
		0374E2021313E25200BD1FDA /* SimpleAudioEngine.m */ = {isa = PBXFileReference; fileEncoding = 4; lastKnownFileType = sourcecode.c.objc; path = SimpleAudioEngine.m; sourceTree = "<group>"; };
		0374E2041313E25200BD1FDA /* Global.h */ = {isa = PBXFileReference; fileEncoding = 4; lastKnownFileType = sourcecode.c.h; path = Global.h; sourceTree = "<group>"; };
		0374E2051313E25200BD1FDA /* OBJCTexture2D.h */ = {isa = PBXFileReference; fileEncoding = 4; lastKnownFileType = sourcecode.c.h; path = OBJCTexture2D.h; sourceTree = "<group>"; };
		0374E2061313E25200BD1FDA /* OBJCTexture2D.mm */ = {isa = PBXFileReference; fileEncoding = 4; lastKnownFileType = sourcecode.cpp.objcpp; path = OBJCTexture2D.mm; sourceTree = "<group>"; };
		0374E2071313E25200BD1FDA /* ParticleEmitter.h */ = {isa = PBXFileReference; fileEncoding = 4; lastKnownFileType = sourcecode.c.h; path = ParticleEmitter.h; sourceTree = "<group>"; };
		0374E2081313E25200BD1FDA /* ParticleEmitter.mm */ = {isa = PBXFileReference; fileEncoding = 4; lastKnownFileType = sourcecode.cpp.objcpp; path = ParticleEmitter.mm; sourceTree = "<group>"; };
		0374E2091313E25200BD1FDA /* Structures.h */ = {isa = PBXFileReference; fileEncoding = 4; lastKnownFileType = sourcecode.c.h; path = Structures.h; sourceTree = "<group>"; };
		0374E20B1313E25200BD1FDA /* NSDataAdditions.h */ = {isa = PBXFileReference; fileEncoding = 4; lastKnownFileType = sourcecode.c.h; path = NSDataAdditions.h; sourceTree = "<group>"; };
		0374E20C1313E25200BD1FDA /* NSDataAdditions.m */ = {isa = PBXFileReference; fileEncoding = 4; lastKnownFileType = sourcecode.c.objc; path = NSDataAdditions.m; sourceTree = "<group>"; };
		0374E20D1313E25200BD1FDA /* TBXML.h */ = {isa = PBXFileReference; fileEncoding = 4; lastKnownFileType = sourcecode.c.h; path = TBXML.h; sourceTree = "<group>"; };
		0374E20E1313E25200BD1FDA /* TBXML.m */ = {isa = PBXFileReference; fileEncoding = 4; lastKnownFileType = sourcecode.c.objc; path = TBXML.m; sourceTree = "<group>"; };
		0374E20F1313E25200BD1FDA /* TBXMLParticleAdditions.h */ = {isa = PBXFileReference; fileEncoding = 4; lastKnownFileType = sourcecode.c.h; path = TBXMLParticleAdditions.h; sourceTree = "<group>"; };
		0374E2101313E25200BD1FDA /* TBXMLParticleAdditions.m */ = {isa = PBXFileReference; fileEncoding = 4; lastKnownFileType = sourcecode.c.objc; path = TBXMLParticleAdditions.m; sourceTree = "<group>"; };
		0374E2111313E25200BD1FDA /* WHATS_THIS */ = {isa = PBXFileReference; fileEncoding = 4; lastKnownFileType = text; path = WHATS_THIS; sourceTree = "<group>"; };
		0374E2131313E25200BD1FDA /* image_DXT.cpp */ = {isa = PBXFileReference; fileEncoding = 4; lastKnownFileType = sourcecode.cpp.cpp; path = image_DXT.cpp; sourceTree = "<group>"; };
		0374E2141313E25200BD1FDA /* image_DXT.h */ = {isa = PBXFileReference; fileEncoding = 4; lastKnownFileType = sourcecode.c.h; path = image_DXT.h; sourceTree = "<group>"; };
		0374E2151313E25200BD1FDA /* image_helper.cpp */ = {isa = PBXFileReference; fileEncoding = 4; lastKnownFileType = sourcecode.cpp.cpp; path = image_helper.cpp; sourceTree = "<group>"; };
		0374E2161313E25200BD1FDA /* image_helper.h */ = {isa = PBXFileReference; fileEncoding = 4; lastKnownFileType = sourcecode.c.h; path = image_helper.h; sourceTree = "<group>"; };
		0374E2171313E25200BD1FDA /* SOIL.cpp */ = {isa = PBXFileReference; fileEncoding = 4; lastKnownFileType = sourcecode.cpp.cpp; path = SOIL.cpp; sourceTree = "<group>"; };
		0374E2181313E25200BD1FDA /* SOIL.h */ = {isa = PBXFileReference; fileEncoding = 4; lastKnownFileType = sourcecode.c.h; path = SOIL.h; sourceTree = "<group>"; };
		0374E2191313E25200BD1FDA /* stb_image_aug.cpp */ = {isa = PBXFileReference; fileEncoding = 4; lastKnownFileType = sourcecode.cpp.cpp; path = stb_image_aug.cpp; sourceTree = "<group>"; };
		0374E21A1313E25200BD1FDA /* stb_image_aug.h */ = {isa = PBXFileReference; fileEncoding = 4; lastKnownFileType = sourcecode.c.h; path = stb_image_aug.h; sourceTree = "<group>"; };
		0374E21B1313E25200BD1FDA /* stbi_DDS_aug.h */ = {isa = PBXFileReference; fileEncoding = 4; lastKnownFileType = sourcecode.c.h; path = stbi_DDS_aug.h; sourceTree = "<group>"; };
		0374E21C1313E25200BD1FDA /* stbi_DDS_aug_c.h */ = {isa = PBXFileReference; fileEncoding = 4; lastKnownFileType = sourcecode.c.h; path = stbi_DDS_aug_c.h; sourceTree = "<group>"; };
		0374E21D1313E25200BD1FDA /* file_util.h */ = {isa = PBXFileReference; fileEncoding = 4; lastKnownFileType = sourcecode.c.h; path = file_util.h; sourceTree = "<group>"; };
		0374E21E1313E25200BD1FDA /* file_util.mm */ = {isa = PBXFileReference; fileEncoding = 4; lastKnownFileType = sourcecode.cpp.objcpp; path = file_util.mm; sourceTree = "<group>"; };
		0374E21F1313E25200BD1FDA /* game.cpp */ = {isa = PBXFileReference; fileEncoding = 4; lastKnownFileType = sourcecode.cpp.cpp; path = game.cpp; sourceTree = "<group>"; };
		0374E2201313E25200BD1FDA /* game.h */ = {isa = PBXFileReference; fileEncoding = 4; lastKnownFileType = sourcecode.c.h; path = game.h; sourceTree = "<group>"; };
		0374E2211313E25200BD1FDA /* hellstorm.cpp */ = {isa = PBXFileReference; fileEncoding = 4; lastKnownFileType = sourcecode.cpp.cpp; path = hellstorm.cpp; sourceTree = "<group>"; };
		0374E2221313E25200BD1FDA /* hellstorm.h */ = {isa = PBXFileReference; fileEncoding = 4; lastKnownFileType = sourcecode.c.h; path = hellstorm.h; sourceTree = "<group>"; };
		0374E2231313E25200BD1FDA /* hellstorm_config.cpp */ = {isa = PBXFileReference; fileEncoding = 4; lastKnownFileType = sourcecode.cpp.cpp; path = hellstorm_config.cpp; sourceTree = "<group>"; };
		0374E2241313E25200BD1FDA /* hellstorm_config.h */ = {isa = PBXFileReference; fileEncoding = 4; lastKnownFileType = sourcecode.c.h; path = hellstorm_config.h; sourceTree = "<group>"; };
		0374E2251313E25200BD1FDA /* hs_ogl.h */ = {isa = PBXFileReference; fileEncoding = 4; lastKnownFileType = sourcecode.c.h; path = hs_ogl.h; sourceTree = "<group>"; };
		0374E2261313E25200BD1FDA /* hs_types.h */ = {isa = PBXFileReference; fileEncoding = 4; lastKnownFileType = sourcecode.c.h; path = hs_types.h; sourceTree = "<group>"; };
		0374E2271313E25200BD1FDA /* hs_wrapper.cpp */ = {isa = PBXFileReference; fileEncoding = 4; lastKnownFileType = sourcecode.cpp.cpp; path = hs_wrapper.cpp; sourceTree = "<group>"; };
		0374E2281313E25200BD1FDA /* hs_wrapper.h */ = {isa = PBXFileReference; fileEncoding = 4; lastKnownFileType = sourcecode.c.h; path = hs_wrapper.h; sourceTree = "<group>"; };
		0374E2291313E25200BD1FDA /* input_device.cpp */ = {isa = PBXFileReference; fileEncoding = 4; lastKnownFileType = sourcecode.cpp.cpp; path = input_device.cpp; sourceTree = "<group>"; };
		0374E22A1313E25200BD1FDA /* input_device.h */ = {isa = PBXFileReference; fileEncoding = 4; lastKnownFileType = sourcecode.c.h; path = input_device.h; sourceTree = "<group>"; };
		0374E22B1313E25200BD1FDA /* particle_emitter.h */ = {isa = PBXFileReference; fileEncoding = 4; lastKnownFileType = sourcecode.c.h; path = particle_emitter.h; sourceTree = "<group>"; };
		0374E22C1313E25200BD1FDA /* particle_emitter.mm */ = {isa = PBXFileReference; fileEncoding = 4; lastKnownFileType = sourcecode.cpp.objcpp; path = particle_emitter.mm; sourceTree = "<group>"; };
		0374E22D1313E25200BD1FDA /* particle_system.cpp */ = {isa = PBXFileReference; fileEncoding = 4; lastKnownFileType = sourcecode.cpp.cpp; path = particle_system.cpp; sourceTree = "<group>"; };
		0374E22E1313E25200BD1FDA /* particle_system.h */ = {isa = PBXFileReference; fileEncoding = 4; lastKnownFileType = sourcecode.c.h; path = particle_system.h; sourceTree = "<group>"; };
		0374E22F1313E25200BD1FDA /* quad.cpp */ = {isa = PBXFileReference; fileEncoding = 4; lastKnownFileType = sourcecode.cpp.cpp; path = quad.cpp; sourceTree = "<group>"; };
		0374E2301313E25200BD1FDA /* quad.h */ = {isa = PBXFileReference; fileEncoding = 4; lastKnownFileType = sourcecode.c.h; path = quad.h; sourceTree = "<group>"; };
		0374E2311313E25200BD1FDA /* render_system.cpp */ = {isa = PBXFileReference; fileEncoding = 4; lastKnownFileType = sourcecode.cpp.cpp; path = render_system.cpp; sourceTree = "<group>"; };
		0374E2321313E25200BD1FDA /* render_system.h */ = {isa = PBXFileReference; fileEncoding = 4; lastKnownFileType = sourcecode.c.h; path = render_system.h; sourceTree = "<group>"; };
		0374E2331313E25200BD1FDA /* renderable.cpp */ = {isa = PBXFileReference; fileEncoding = 4; lastKnownFileType = sourcecode.cpp.cpp; path = renderable.cpp; sourceTree = "<group>"; };
		0374E2341313E25200BD1FDA /* renderable.h */ = {isa = PBXFileReference; fileEncoding = 4; lastKnownFileType = sourcecode.c.h; path = renderable.h; sourceTree = "<group>"; };
		0374E2351313E25200BD1FDA /* renderable_manager.cpp */ = {isa = PBXFileReference; fileEncoding = 4; lastKnownFileType = sourcecode.cpp.cpp; path = renderable_manager.cpp; sourceTree = "<group>"; };
		0374E2361313E25200BD1FDA /* renderable_manager.h */ = {isa = PBXFileReference; fileEncoding = 4; lastKnownFileType = sourcecode.c.h; path = renderable_manager.h; sourceTree = "<group>"; };
		0374E2371313E25200BD1FDA /* renderer.cpp */ = {isa = PBXFileReference; fileEncoding = 4; lastKnownFileType = sourcecode.cpp.cpp; path = renderer.cpp; sourceTree = "<group>"; };
		0374E2381313E25200BD1FDA /* renderer.h */ = {isa = PBXFileReference; fileEncoding = 4; lastKnownFileType = sourcecode.c.h; path = renderer.h; sourceTree = "<group>"; };
		0374E2391313E25200BD1FDA /* scene.cpp */ = {isa = PBXFileReference; fileEncoding = 4; lastKnownFileType = sourcecode.cpp.cpp; path = scene.cpp; sourceTree = "<group>"; };
		0374E23A1313E25200BD1FDA /* scene.h */ = {isa = PBXFileReference; fileEncoding = 4; lastKnownFileType = sourcecode.c.h; path = scene.h; sourceTree = "<group>"; };
		0374E23B1313E25200BD1FDA /* sprite_factory.cpp */ = {isa = PBXFileReference; fileEncoding = 4; lastKnownFileType = sourcecode.cpp.cpp; path = sprite_factory.cpp; sourceTree = "<group>"; };
		0374E23C1313E25200BD1FDA /* sprite_factory.h */ = {isa = PBXFileReference; fileEncoding = 4; lastKnownFileType = sourcecode.c.h; path = sprite_factory.h; sourceTree = "<group>"; };
		0374E23D1313E25200BD1FDA /* texture_2d.cpp */ = {isa = PBXFileReference; fileEncoding = 4; lastKnownFileType = sourcecode.cpp.cpp; path = texture_2d.cpp; sourceTree = "<group>"; };
		0374E23E1313E25200BD1FDA /* texture_2d.h */ = {isa = PBXFileReference; fileEncoding = 4; lastKnownFileType = sourcecode.c.h; path = texture_2d.h; sourceTree = "<group>"; };
		0374E23F1313E25200BD1FDA /* texture_manager.cpp */ = {isa = PBXFileReference; fileEncoding = 4; lastKnownFileType = sourcecode.cpp.cpp; path = texture_manager.cpp; sourceTree = "<group>"; };
		0374E2401313E25200BD1FDA /* texture_manager.h */ = {isa = PBXFileReference; fileEncoding = 4; lastKnownFileType = sourcecode.c.h; path = texture_manager.h; sourceTree = "<group>"; };
		0374E2411313E25200BD1FDA /* timer.cpp */ = {isa = PBXFileReference; fileEncoding = 4; lastKnownFileType = sourcecode.cpp.cpp; path = timer.cpp; sourceTree = "<group>"; };
		0374E2421313E25200BD1FDA /* timer.h */ = {isa = PBXFileReference; fileEncoding = 4; lastKnownFileType = sourcecode.c.h; path = timer.h; sourceTree = "<group>"; };
		0374E2431313E25200BD1FDA /* vec_2d.cpp */ = {isa = PBXFileReference; fileEncoding = 4; lastKnownFileType = sourcecode.cpp.cpp; path = vec_2d.cpp; sourceTree = "<group>"; };
		0374E2441313E25200BD1FDA /* vec_2d.h */ = {isa = PBXFileReference; fileEncoding = 4; lastKnownFileType = sourcecode.c.h; path = vec_2d.h; sourceTree = "<group>"; };
/* End PBXFileReference section */

/* Begin PBXFrameworksBuildPhase section */
		03440B67130E76D20097D9DA /* Frameworks */ = {
			isa = PBXFrameworksBuildPhase;
			buildActionMask = 2147483647;
			files = (
				034609CC130FECAD0086DFDD /* AudioToolbox.framework in Frameworks */,
				034609CA130FECA50086DFDD /* OpenAL.framework in Frameworks */,
				034609C8130FEC9B0086DFDD /* AVFoundation.framework in Frameworks */,
				03440C10130EB6860097D9DA /* libz.dylib in Frameworks */,
				03440B6F130E76D20097D9DA /* UIKit.framework in Frameworks */,
				03440B71130E76D20097D9DA /* Foundation.framework in Frameworks */,
				03440B73130E76D20097D9DA /* CoreGraphics.framework in Frameworks */,
				03440B75130E76D20097D9DA /* QuartzCore.framework in Frameworks */,
				03440B77130E76D20097D9DA /* OpenGLES.framework in Frameworks */,
			);
			runOnlyForDeploymentPostprocessing = 0;
		};
/* End PBXFrameworksBuildPhase section */

/* Begin PBXGroup section */
		03440B5F130E76D20097D9DA = {
			isa = PBXGroup;
			children = (
				03440B78130E76D20097D9DA /* hellstorm */,
				03440B6D130E76D20097D9DA /* Frameworks */,
				03440B6B130E76D20097D9DA /* Products */,
			);
			sourceTree = "<group>";
		};
		03440B6B130E76D20097D9DA /* Products */ = {
			isa = PBXGroup;
			children = (
				03440B6A130E76D20097D9DA /* hellstorm.app */,
			);
			name = Products;
			sourceTree = "<group>";
		};
		03440B6D130E76D20097D9DA /* Frameworks */ = {
			isa = PBXGroup;
			children = (
				034609CB130FECAA0086DFDD /* AudioToolbox.framework */,
				034609C9130FECA20086DFDD /* OpenAL.framework */,
				034609C7130FEC980086DFDD /* AVFoundation.framework */,
				03440C0F130EB6810097D9DA /* libz.dylib */,
				03440B6E130E76D20097D9DA /* UIKit.framework */,
				03440B70130E76D20097D9DA /* Foundation.framework */,
				03440B72130E76D20097D9DA /* CoreGraphics.framework */,
				03440B74130E76D20097D9DA /* QuartzCore.framework */,
				03440B76130E76D20097D9DA /* OpenGLES.framework */,
			);
			name = Frameworks;
			sourceTree = "<group>";
		};
		03440B78130E76D20097D9DA /* hellstorm */ = {
			isa = PBXGroup;
			children = (
				0374E1E11313E25200BD1FDA /* hellstorm */,
				0374E1C91313E1FE00BD1FDA /* game */,
				03440B81130E76D20097D9DA /* hellstormAppDelegate.h */,
				03440B82130E76D20097D9DA /* hellstormAppDelegate.mm */,
				03440B8B130E76D20097D9DA /* EAGLView.h */,
				03440B8C130E76D20097D9DA /* EAGLView.mm */,
				03440B8E130E76D20097D9DA /* hellstormViewController.h */,
				03440B8F130E76D20097D9DA /* hellstormViewController.mm */,
				0374E1BF1313E1ED00BD1FDA /* Resources */,
				03440B79130E76D20097D9DA /* Supporting Files */,
			);
			path = hellstorm;
			sourceTree = "<group>";
		};
		03440B79130E76D20097D9DA /* Supporting Files */ = {
			isa = PBXGroup;
			children = (
				03440B7A130E76D20097D9DA /* hellstorm-Info.plist */,
				03440B7E130E76D20097D9DA /* hellstorm-Prefix.pch */,
				03440B7F130E76D20097D9DA /* main.m */,
			);
			name = "Supporting Files";
			sourceTree = "<group>";
		};
		0374E1BF1313E1ED00BD1FDA /* Resources */ = {
			isa = PBXGroup;
			children = (
				0374E1C01313E1ED00BD1FDA /* hellstormViewController.xib */,
				0374E1C21313E1ED00BD1FDA /* InfoPlist.strings */,
				0374E1C41313E1ED00BD1FDA /* MainWindow.xib */,
			);
			path = Resources;
			sourceTree = "<group>";
		};
		0374E1C91313E1FE00BD1FDA /* game */ = {
			isa = PBXGroup;
			children = (
				0374E1CA1313E1FE00BD1FDA /* assets */,
				0374E1D41313E1FE00BD1FDA /* src */,
			);
			path = game;
			sourceTree = "<group>";
		};
		0374E1CA1313E1FE00BD1FDA /* assets */ = {
			isa = PBXGroup;
			children = (
				0374E1CB1313E1FE00BD1FDA /* click.mp3 */,
				0374E1CC1313E1FE00BD1FDA /* clocks.png */,
				0374E1CD1313E1FE00BD1FDA /* cool.pex */,
				0374E1CE1313E1FE00BD1FDA /* hellstorm.cfg */,
				0374E1CF1313E1FE00BD1FDA /* impact20.fnt */,
				0374E1D01313E1FE00BD1FDA /* impact20_0.png */,
				0374E1D11313E1FE00BD1FDA /* music.mp3 */,
				0374E1D21313E1FE00BD1FDA /* stars.pex */,
				0374E1D31313E1FE00BD1FDA /* tss.pex */,
			);
			path = assets;
			sourceTree = "<group>";
		};
		0374E1D41313E1FE00BD1FDA /* src */ = {
			isa = PBXGroup;
			children = (
				0374E1D51313E1FE00BD1FDA /* menu_scene.cpp */,
				0374E1D61313E1FE00BD1FDA /* menu_scene.h */,
			);
			path = src;
			sourceTree = "<group>";
		};
		0374E1E11313E25200BD1FDA /* hellstorm */ = {
			isa = PBXGroup;
			children = (
				0374E1F81313E25200BD1FDA /* ext */,
				0374E1E21313E25200BD1FDA /* action_system.cpp */,
				0374E1E31313E25200BD1FDA /* action_system.h */,
				0374E1E41313E25200BD1FDA /* actions.cpp */,
				0374E1E51313E25200BD1FDA /* actions.h */,
				0374E1E61313E25200BD1FDA /* animation_system.cpp */,
				0374E1E71313E25200BD1FDA /* animation_system.h */,
				0374E1E81313E25200BD1FDA /* atlas_quad.cpp */,
				0374E1E91313E25200BD1FDA /* atlas_quad.h */,
				0374E1EA1313E25200BD1FDA /* audio_system.h */,
				0374E1EB1313E25200BD1FDA /* audio_system.mm */,
				0374E1EC1313E25200BD1FDA /* bitmap_font.cpp */,
				0374E1ED1313E25200BD1FDA /* bitmap_font.h */,
				0374E1EE1313E25200BD1FDA /* bm_font.c */,
				0374E1EF1313E25200BD1FDA /* bm_font.h */,
				0374E1F01313E25200BD1FDA /* components.cpp */,
				0374E1F11313E25200BD1FDA /* components.h */,
				0374E1F21313E25200BD1FDA /* ConfigFile.cpp */,
				0374E1F31313E25200BD1FDA /* ConfigFile.h */,
				0374E1F41313E25200BD1FDA /* corpse_retrieval_system.cpp */,
				0374E1F51313E25200BD1FDA /* corpse_retrieval_system.h */,
				0374E1F61313E25200BD1FDA /* entity_manager.cpp */,
				0374E1F71313E25200BD1FDA /* entity_manager.h */,
				0374E21D1313E25200BD1FDA /* file_util.h */,
				0374E21E1313E25200BD1FDA /* file_util.mm */,
				0374E21F1313E25200BD1FDA /* game.cpp */,
				0374E2201313E25200BD1FDA /* game.h */,
				0374E2211313E25200BD1FDA /* hellstorm.cpp */,
				0374E2221313E25200BD1FDA /* hellstorm.h */,
				0374E2231313E25200BD1FDA /* hellstorm_config.cpp */,
				0374E2241313E25200BD1FDA /* hellstorm_config.h */,
				0374E2251313E25200BD1FDA /* hs_ogl.h */,
				0374E2261313E25200BD1FDA /* hs_types.h */,
				0374E2271313E25200BD1FDA /* hs_wrapper.cpp */,
				0374E2281313E25200BD1FDA /* hs_wrapper.h */,
				0374E2291313E25200BD1FDA /* input_device.cpp */,
				0374E22A1313E25200BD1FDA /* input_device.h */,
				0374E22B1313E25200BD1FDA /* particle_emitter.h */,
				0374E22C1313E25200BD1FDA /* particle_emitter.mm */,
				0374E22D1313E25200BD1FDA /* particle_system.cpp */,
				0374E22E1313E25200BD1FDA /* particle_system.h */,
				0374E22F1313E25200BD1FDA /* quad.cpp */,
				0374E2301313E25200BD1FDA /* quad.h */,
				0374E2311313E25200BD1FDA /* render_system.cpp */,
				0374E2321313E25200BD1FDA /* render_system.h */,
				0374E2331313E25200BD1FDA /* renderable.cpp */,
				0374E2341313E25200BD1FDA /* renderable.h */,
				0374E2351313E25200BD1FDA /* renderable_manager.cpp */,
				0374E2361313E25200BD1FDA /* renderable_manager.h */,
				0374E2371313E25200BD1FDA /* renderer.cpp */,
				0374E2381313E25200BD1FDA /* renderer.h */,
				0374E2391313E25200BD1FDA /* scene.cpp */,
				0374E23A1313E25200BD1FDA /* scene.h */,
				0374E23B1313E25200BD1FDA /* sprite_factory.cpp */,
				0374E23C1313E25200BD1FDA /* sprite_factory.h */,
				0374E23D1313E25200BD1FDA /* texture_2d.cpp */,
				0374E23E1313E25200BD1FDA /* texture_2d.h */,
				0374E23F1313E25200BD1FDA /* texture_manager.cpp */,
				0374E2401313E25200BD1FDA /* texture_manager.h */,
				0374E2411313E25200BD1FDA /* timer.cpp */,
				0374E2421313E25200BD1FDA /* timer.h */,
				0374E2431313E25200BD1FDA /* vec_2d.cpp */,
				0374E2441313E25200BD1FDA /* vec_2d.h */,
			);
			path = hellstorm;
			sourceTree = "<group>";
		};
		0374E1F81313E25200BD1FDA /* ext */ = {
			isa = PBXGroup;
			children = (
				0374E1F91313E25200BD1FDA /* CocosDenshion */,
				0374E2031313E25200BD1FDA /* Particle Emitter */,
				0374E2121313E25200BD1FDA /* SOIL_iPhone */,
			);
			path = ext;
			sourceTree = "<group>";
		};
		0374E1F91313E25200BD1FDA /* CocosDenshion */ = {
			isa = PBXGroup;
			children = (
				0374E1FA1313E25200BD1FDA /* CDAudioManager.h */,
				0374E1FB1313E25200BD1FDA /* CDAudioManager.m */,
				0374E1FC1313E25200BD1FDA /* CDConfig.h */,
				0374E1FD1313E25200BD1FDA /* CDOpenALSupport.h */,
				0374E1FE1313E25200BD1FDA /* CDOpenALSupport.m */,
				0374E1FF1313E25200BD1FDA /* CocosDenshion.h */,
				0374E2001313E25200BD1FDA /* CocosDenshion.m */,
				0374E2011313E25200BD1FDA /* SimpleAudioEngine.h */,
				0374E2021313E25200BD1FDA /* SimpleAudioEngine.m */,
			);
			path = CocosDenshion;
			sourceTree = "<group>";
		};
		0374E2031313E25200BD1FDA /* Particle Emitter */ = {
			isa = PBXGroup;
			children = (
				0374E2041313E25200BD1FDA /* Global.h */,
				0374E2051313E25200BD1FDA /* OBJCTexture2D.h */,
				0374E2061313E25200BD1FDA /* OBJCTexture2D.mm */,
				0374E2071313E25200BD1FDA /* ParticleEmitter.h */,
				0374E2081313E25200BD1FDA /* ParticleEmitter.mm */,
				0374E2091313E25200BD1FDA /* Structures.h */,
				0374E20A1313E25200BD1FDA /* TBXML */,
				0374E20F1313E25200BD1FDA /* TBXMLParticleAdditions.h */,
				0374E2101313E25200BD1FDA /* TBXMLParticleAdditions.m */,
				0374E2111313E25200BD1FDA /* WHATS_THIS */,
			);
			path = "Particle Emitter";
			sourceTree = "<group>";
		};
		0374E20A1313E25200BD1FDA /* TBXML */ = {
			isa = PBXGroup;
			children = (
				0374E20B1313E25200BD1FDA /* NSDataAdditions.h */,
				0374E20C1313E25200BD1FDA /* NSDataAdditions.m */,
				0374E20D1313E25200BD1FDA /* TBXML.h */,
				0374E20E1313E25200BD1FDA /* TBXML.m */,
			);
			path = TBXML;
			sourceTree = "<group>";
		};
		0374E2121313E25200BD1FDA /* SOIL_iPhone */ = {
			isa = PBXGroup;
			children = (
				0374E2131313E25200BD1FDA /* image_DXT.cpp */,
				0374E2141313E25200BD1FDA /* image_DXT.h */,
				0374E2151313E25200BD1FDA /* image_helper.cpp */,
				0374E2161313E25200BD1FDA /* image_helper.h */,
				0374E2171313E25200BD1FDA /* SOIL.cpp */,
				0374E2181313E25200BD1FDA /* SOIL.h */,
				0374E2191313E25200BD1FDA /* stb_image_aug.cpp */,
				0374E21A1313E25200BD1FDA /* stb_image_aug.h */,
				0374E21B1313E25200BD1FDA /* stbi_DDS_aug.h */,
				0374E21C1313E25200BD1FDA /* stbi_DDS_aug_c.h */,
			);
			path = SOIL_iPhone;
			sourceTree = "<group>";
		};
/* End PBXGroup section */

/* Begin PBXNativeTarget section */
		03440B69130E76D20097D9DA /* hellstorm */ = {
			isa = PBXNativeTarget;
			buildConfigurationList = 03440B96130E76D20097D9DA /* Build configuration list for PBXNativeTarget "hellstorm" */;
			buildPhases = (
				03440B66130E76D20097D9DA /* Sources */,
				03440B67130E76D20097D9DA /* Frameworks */,
				03440B68130E76D20097D9DA /* Resources */,
			);
			buildRules = (
			);
			dependencies = (
			);
			name = hellstorm;
			productName = hellstorm;
			productReference = 03440B6A130E76D20097D9DA /* hellstorm.app */;
			productType = "com.apple.product-type.application";
		};
/* End PBXNativeTarget section */

/* Begin PBXProject section */
		03440B61130E76D20097D9DA /* Project object */ = {
			isa = PBXProject;
			buildConfigurationList = 03440B64130E76D20097D9DA /* Build configuration list for PBXProject "hellstorm" */;
			compatibilityVersion = "Xcode 3.2";
			developmentRegion = English;
			hasScannedForEncodings = 0;
			knownRegions = (
				en,
			);
			mainGroup = 03440B5F130E76D20097D9DA;
			productRefGroup = 03440B6B130E76D20097D9DA /* Products */;
			projectDirPath = "";
			projectRoot = "";
			targets = (
				03440B69130E76D20097D9DA /* hellstorm */,
			);
		};
/* End PBXProject section */

/* Begin PBXResourcesBuildPhase section */
		03440B68130E76D20097D9DA /* Resources */ = {
			isa = PBXResourcesBuildPhase;
			buildActionMask = 2147483647;
			files = (
				0374E1C61313E1ED00BD1FDA /* hellstormViewController.xib in Resources */,
				0374E1C71313E1ED00BD1FDA /* InfoPlist.strings in Resources */,
				0374E1C81313E1ED00BD1FDA /* MainWindow.xib in Resources */,
				0374E1D71313E1FE00BD1FDA /* click.mp3 in Resources */,
				0374E1D81313E1FE00BD1FDA /* clocks.png in Resources */,
				0374E1D91313E1FE00BD1FDA /* cool.pex in Resources */,
				0374E1DA1313E1FE00BD1FDA /* hellstorm.cfg in Resources */,
				0374E1DB1313E1FE00BD1FDA /* impact20.fnt in Resources */,
				0374E1DC1313E1FE00BD1FDA /* impact20_0.png in Resources */,
				0374E1DD1313E1FE00BD1FDA /* music.mp3 in Resources */,
				0374E1DE1313E1FE00BD1FDA /* stars.pex in Resources */,
				0374E1DF1313E1FE00BD1FDA /* tss.pex in Resources */,
				0374E2591313E25200BD1FDA /* WHATS_THIS in Resources */,
			);
			runOnlyForDeploymentPostprocessing = 0;
		};
/* End PBXResourcesBuildPhase section */

/* Begin PBXSourcesBuildPhase section */
		03440B66130E76D20097D9DA /* Sources */ = {
			isa = PBXSourcesBuildPhase;
			buildActionMask = 2147483647;
			files = (
				03440B80130E76D20097D9DA /* main.m in Sources */,
				03440B83130E76D20097D9DA /* hellstormAppDelegate.mm in Sources */,
				03440B8D130E76D20097D9DA /* EAGLView.mm in Sources */,
				03440B90130E76D20097D9DA /* hellstormViewController.mm in Sources */,
				0374E1E01313E1FE00BD1FDA /* menu_scene.cpp in Sources */,
				0374E2451313E25200BD1FDA /* action_system.cpp in Sources */,
				0374E2461313E25200BD1FDA /* actions.cpp in Sources */,
				0374E2471313E25200BD1FDA /* animation_system.cpp in Sources */,
				0374E2481313E25200BD1FDA /* atlas_quad.cpp in Sources */,
				0374E2491313E25200BD1FDA /* audio_system.mm in Sources */,
				0374E24A1313E25200BD1FDA /* bitmap_font.cpp in Sources */,
				0374E24B1313E25200BD1FDA /* bm_font.c in Sources */,
				0374E24C1313E25200BD1FDA /* components.cpp in Sources */,
				0374E24D1313E25200BD1FDA /* ConfigFile.cpp in Sources */,
				0374E24E1313E25200BD1FDA /* corpse_retrieval_system.cpp in Sources */,
				0374E24F1313E25200BD1FDA /* entity_manager.cpp in Sources */,
				0374E2501313E25200BD1FDA /* CDAudioManager.m in Sources */,
				0374E2511313E25200BD1FDA /* CDOpenALSupport.m in Sources */,
				0374E2521313E25200BD1FDA /* CocosDenshion.m in Sources */,
				0374E2531313E25200BD1FDA /* SimpleAudioEngine.m in Sources */,
				0374E2541313E25200BD1FDA /* OBJCTexture2D.mm in Sources */,
				0374E2551313E25200BD1FDA /* ParticleEmitter.mm in Sources */,
				0374E2561313E25200BD1FDA /* NSDataAdditions.m in Sources */,
				0374E2571313E25200BD1FDA /* TBXML.m in Sources */,
				0374E2581313E25200BD1FDA /* TBXMLParticleAdditions.m in Sources */,
				0374E25A1313E25200BD1FDA /* image_DXT.cpp in Sources */,
				0374E25B1313E25200BD1FDA /* image_helper.cpp in Sources */,
				0374E25C1313E25200BD1FDA /* SOIL.cpp in Sources */,
				0374E25D1313E25200BD1FDA /* stb_image_aug.cpp in Sources */,
				0374E25E1313E25200BD1FDA /* file_util.mm in Sources */,
				0374E25F1313E25200BD1FDA /* game.cpp in Sources */,
				0374E2601313E25200BD1FDA /* hellstorm.cpp in Sources */,
				0374E2611313E25200BD1FDA /* hellstorm_config.cpp in Sources */,
				0374E2621313E25200BD1FDA /* hs_wrapper.cpp in Sources */,
				0374E2631313E25200BD1FDA /* input_device.cpp in Sources */,
				0374E2641313E25200BD1FDA /* particle_emitter.mm in Sources */,
				0374E2651313E25200BD1FDA /* particle_system.cpp in Sources */,
				0374E2661313E25200BD1FDA /* quad.cpp in Sources */,
				0374E2671313E25200BD1FDA /* render_system.cpp in Sources */,
				0374E2681313E25200BD1FDA /* renderable.cpp in Sources */,
				0374E2691313E25200BD1FDA /* renderable_manager.cpp in Sources */,
				0374E26A1313E25200BD1FDA /* renderer.cpp in Sources */,
				0374E26B1313E25200BD1FDA /* scene.cpp in Sources */,
				0374E26C1313E25200BD1FDA /* sprite_factory.cpp in Sources */,
				0374E26D1313E25200BD1FDA /* texture_2d.cpp in Sources */,
				0374E26E1313E25200BD1FDA /* texture_manager.cpp in Sources */,
				0374E26F1313E25200BD1FDA /* timer.cpp in Sources */,
				0374E2701313E25200BD1FDA /* vec_2d.cpp in Sources */,
			);
			runOnlyForDeploymentPostprocessing = 0;
		};
/* End PBXSourcesBuildPhase section */

/* Begin PBXVariantGroup section */
		0374E1C01313E1ED00BD1FDA /* hellstormViewController.xib */ = {
			isa = PBXVariantGroup;
			children = (
				0374E1C11313E1ED00BD1FDA /* en */,
			);
			name = hellstormViewController.xib;
			sourceTree = "<group>";
		};
		0374E1C21313E1ED00BD1FDA /* InfoPlist.strings */ = {
			isa = PBXVariantGroup;
			children = (
				0374E1C31313E1ED00BD1FDA /* en */,
			);
			name = InfoPlist.strings;
			sourceTree = "<group>";
		};
		0374E1C41313E1ED00BD1FDA /* MainWindow.xib */ = {
			isa = PBXVariantGroup;
			children = (
				0374E1C51313E1ED00BD1FDA /* en */,
			);
			name = MainWindow.xib;
			sourceTree = "<group>";
		};
/* End PBXVariantGroup section */

/* Begin XCBuildConfiguration section */
		03440B94130E76D20097D9DA /* Debug */ = {
			isa = XCBuildConfiguration;
			buildSettings = {
				ARCHS = "$(ARCHS_STANDARD_32_BIT)";
				"CODE_SIGN_IDENTITY[sdk=iphoneos*]" = "iPhone Developer";
				GCC_C_LANGUAGE_STANDARD = gnu99;
				GCC_OPTIMIZATION_LEVEL = 3;
				GCC_PREPROCESSOR_DEFINITIONS = DEBUG;
				GCC_VERSION = "";
				GCC_WARN_ABOUT_RETURN_TYPE = YES;
				GCC_WARN_UNUSED_VARIABLE = YES;
				IPHONEOS_DEPLOYMENT_TARGET = 4.2;
				LLVM_LTO = NO;
				New_Setting = "";
				SDKROOT = iphoneos;
			};
			name = Debug;
		};
		03440B95130E76D20097D9DA /* Release */ = {
			isa = XCBuildConfiguration;
			buildSettings = {
				ARCHS = "$(ARCHS_STANDARD_32_BIT)";
				"CODE_SIGN_IDENTITY[sdk=iphoneos*]" = "iPhone Developer";
				GCC_C_LANGUAGE_STANDARD = gnu99;
				GCC_OPTIMIZATION_LEVEL = 3;
				GCC_VERSION = "";
				GCC_WARN_ABOUT_RETURN_TYPE = YES;
				GCC_WARN_UNUSED_VARIABLE = YES;
				IPHONEOS_DEPLOYMENT_TARGET = 4.2;
				LLVM_LTO = NO;
				New_Setting = "";
				OTHER_CFLAGS = "-DNS_BLOCK_ASSERTIONS=1";
				SDKROOT = iphoneos;
			};
			name = Release;
		};
		03440B97130E76D20097D9DA /* Debug */ = {
			isa = XCBuildConfiguration;
			buildSettings = {
				ALWAYS_SEARCH_USER_PATHS = NO;
				COPY_PHASE_STRIP = NO;
				GCC_DYNAMIC_NO_PIC = NO;
				GCC_PRECOMPILE_PREFIX_HEADER = YES;
				GCC_PREFIX_HEADER = "hellstorm/hellstorm-Prefix.pch";
				"GCC_THUMB_SUPPORT[arch=armv6]" = "";
				INFOPLIST_FILE = "hellstorm/hellstorm-Info.plist";
				INSTALL_PATH = "$(LOCAL_APPS_DIR)";
				PRODUCT_NAME = "$(TARGET_NAME)";
				WRAPPER_EXTENSION = app;
			};
			name = Debug;
		};
		03440B98130E76D20097D9DA /* Release */ = {
			isa = XCBuildConfiguration;
			buildSettings = {
				ALWAYS_SEARCH_USER_PATHS = NO;
				COPY_PHASE_STRIP = YES;
				GCC_PRECOMPILE_PREFIX_HEADER = YES;
				GCC_PREFIX_HEADER = "hellstorm/hellstorm-Prefix.pch";
				"GCC_THUMB_SUPPORT[arch=armv6]" = "";
				INFOPLIST_FILE = "hellstorm/hellstorm-Info.plist";
				INSTALL_PATH = "$(LOCAL_APPS_DIR)";
				PRODUCT_NAME = "$(TARGET_NAME)";
				VALIDATE_PRODUCT = YES;
				WRAPPER_EXTENSION = app;
			};
			name = Release;
		};
/* End XCBuildConfiguration section */

/* Begin XCConfigurationList section */
		03440B64130E76D20097D9DA /* Build configuration list for PBXProject "hellstorm" */ = {
			isa = XCConfigurationList;
			buildConfigurations = (
				03440B94130E76D20097D9DA /* Debug */,
				03440B95130E76D20097D9DA /* Release */,
			);
			defaultConfigurationIsVisible = 0;
			defaultConfigurationName = Release;
		};
		03440B96130E76D20097D9DA /* Build configuration list for PBXNativeTarget "hellstorm" */ = {
			isa = XCConfigurationList;
			buildConfigurations = (
				03440B97130E76D20097D9DA /* Debug */,
				03440B98130E76D20097D9DA /* Release */,
			);
			defaultConfigurationIsVisible = 0;
			defaultConfigurationName = Release;
		};
/* End XCConfigurationList section */
	};
	rootObject = 03440B61130E76D20097D9DA /* Project object */;
}
